{"format_version":"1.2","terraform_version":"1.14.0","variables":{"AWS_Region":{"value":"eu-central-1"},"AWS_Zone-a":{"value":"eu-central-1a"},"AWS_Zone-b":{"value":"eu-central-1b"},"AWS_Zone-c":{"value":"eu-central-1c"},"Private_Subnet_CIDR":{"value":["10.0.4.0/24","10.0.5.0/24","10.0.6.0/24"]},"Public_Subnet_CIDR":{"value":["10.0.0.0/24","10.0.1.0/24","10.0.2.0/24"]},"S3_Bucket_Name":{"value":"s3-terraform-2026-java-artifacts1598"},"VPC_CIDR":{"value":"10.0.0.0/16"},"VPC_Name":{"value":"Eprofile-VPC"},"bastion_host_username":{"value":"ubuntu"},"db_name":{"value":"accounts"},"db_password":{"value":"admin123"},"db_user_name":{"value":"admin"},"priv_key_path":{"value":"bean-stack-key"},"pub_key_path":{"value":"bean-stack-key.pub"},"rmq_password":{"value":"Gr33n@pple123456"},"rmq_user":{"value":"rabbit"}},"planned_values":{"outputs":{"bastion_ip":{"sensitive":false},"beanstalk_env_url":{"sensitive":false},"elasticache_endpoint":{"sensitive":false},"mq_endpoint":{"sensitive":false},"rds_endpoint":{"sensitive":false}},"root_module":{"resources":[{"address":"aws_codebuild_project.vprofile_build","mode":"managed","type":"aws_codebuild_project","name":"vprofile_build","provider_name":"registry.terraform.io/hashicorp/aws","schema_version":0,"values":{"artifacts":[{"artifact_identifier":null,"bucket_owner_access":null,"encryption_disabled":false,"location":null,"name":null,"namespace_type":null,"override_artifact_name":false,"packaging":null,"path":null,"type":"CODEPIPELINE"}],"badge_enabled":false,"build_batch_config":[],"build_timeout":60,"cache":[],"concurrent_build_limit":null,"description":"Builds the Java vProfile application","environment":[{"certificate":null,"compute_type":"BUILD_GENERAL1_SMALL","docker_server":[],"environment_variable":[],"fleet":[],"image":"aws/codebuild/standard:7.0","image_pull_credentials_type":"CODEBUILD","privileged_mode":false,"registry_credential":[],"type":"LINUX_CONTAINER"}],"file_system_locations":[],"logs_config":[],"name":"vprofile-build-job","project_visibility":"PRIVATE","queued_timeout":480,"region":"eu-central-1","resource_access_role":null,"secondary_artifacts":[],"secondary_source_version":[],"secondary_sources":[],"source":[{"auth":[],"build_status_config":[],"buildspec":"03-aws-cloud-native/buildspec.yml","git_clone_depth":null,"git_submodules_config":[],"insecure_ssl":null,"location":null,"report_build_status":null,"type":"CODEPIPELINE"}],"source_version":null,"tags":null,"vpc_config":[]},"sensitive_values":{"artifacts":[{}],"build_batch_config":[],"cache":[],"environment":[{"docker_server":[],"environment_variable":[],"fleet":[],"registry_credential":[]}],"file_system_locations":[],"logs_config":[],"secondary_artifacts":[],"secondary_source_version":[],"secondary_sources":[],"source":[{"auth":[],"build_status_config":[],"git_submodules_config":[]}],"tags_all":{},"vpc_config":[]},"identity_schema_version":0,"identity":{"arn":null}},{"address":"aws_codepipeline.vprofile_pipeline","mode":"managed","type":"aws_codepipeline","name":"vprofile_pipeline","provider_name":"registry.terraform.io/hashicorp/aws","schema_version":0,"values":{"artifact_store":[{"encryption_key":[],"region":"","type":"S3"}],"execution_mode":"SUPERSEDED","name":"vprofile-pipeline","pipeline_type":"V2","region":"eu-central-1","stage":[{"action":[{"category":"Source","input_artifacts":null,"name":"Source","namespace":null,"output_artifacts":["source_output"],"owner":"AWS","provider":"CodeStarSourceConnection","role_arn":null,"timeout_in_minutes":null,"version":"1"}],"before_entry":[],"name":"Source","on_failure":[],"on_success":[]},{"action":[{"category":"Build","configuration":{"ProjectName":"vprofile-build-job"},"input_artifacts":["source_output"],"name":"Build","namespace":null,"output_artifacts":["build_output"],"owner":"AWS","provider":"CodeBuild","role_arn":null,"timeout_in_minutes":null,"version":"1"}],"before_entry":[],"name":"Build","on_failure":[],"on_success":[]},{"action":[{"category":"Deploy","configuration":{"ApplicationName":"eprofilebeanapp","EnvironmentName":"elbeanstalkenv"},"input_artifacts":["build_output"],"name":"Deploy","namespace":null,"output_artifacts":null,"owner":"AWS","provider":"ElasticBeanstalk","role_arn":null,"timeout_in_minutes":null,"version":"1"}],"before_entry":[],"name":"Deploy","on_failure":[],"on_success":[]}],"tags":null,"trigger":[{"git_configuration":[{"pull_request":[],"push":[{"branches":[{"excludes":null,"includes":["main"]}],"file_paths":[{"excludes":null,"includes":["03-aws-cloud-native/src/.*"]}],"tags":[]}],"source_action_name":"Source"}],"provider_type":"CodeStarSourceConnection"}],"variable":[]},"sensitive_values":{"artifact_store":[{"encryption_key":[]}],"stage":[{"action":[{"configuration":{},"output_artifacts":[false]}],"before_entry":[],"on_failure":[],"on_success":[]},{"action":[{"configuration":{},"input_artifacts":[false],"output_artifacts":[false]}],"before_entry":[],"on_failure":[],"on_success":[]},{"action":[{"configuration":{},"input_artifacts":[false]}],"before_entry":[],"on_failure":[],"on_success":[]}],"tags_all":{},"trigger":[{"git_configuration":[{"pull_request":[],"push":[{"branches":[{"includes":[false]}],"file_paths":[{"includes":[false]}],"tags":[]}]}]}],"trigger_all":[],"variable":[]}},{"address":"aws_codestarconnections_connection.github_connection","mode":"managed","type":"aws_codestarconnections_connection","name":"github_connection","provider_name":"registry.terraform.io/hashicorp/aws","schema_version":0,"values":{"host_arn":null,"name":"vprofile-github-conn","provider_type":"GitHub","region":"eu-central-1","tags":null},"sensitive_values":{"tags_all":{}},"identity_schema_version":0,"identity":{"arn":null}},{"address":"aws_db_instance.RDS","mode":"managed","type":"aws_db_instance","name":"RDS","provider_name":"registry.terraform.io/hashicorp/aws","schema_version":2,"values":{"allocated_storage":20,"allow_major_version_upgrade":null,"apply_immediately":false,"auto_minor_version_upgrade":true,"blue_green_update":[],"copy_tags_to_snapshot":false,"custom_iam_instance_profile":null,"customer_owned_ip_enabled":null,"db_name":"accounts","db_subnet_group_name":"rds-subnet-group","dedicated_log_volume":false,"delete_automated_backups":true,"deletion_protection":null,"domain":null,"domain_auth_secret_arn":null,"domain_dns_ips":null,"domain_iam_role_name":null,"domain_ou":null,"enabled_cloudwatch_logs_exports":null,"engine":"mysql","engine_version":"8.0","final_snapshot_identifier":null,"iam_database_authentication_enabled":null,"instance_class":"db.t3.micro","manage_master_user_password":null,"max_allocated_storage":null,"monitoring_interval":0,"multi_az":false,"parameter_group_name":"default.mysql8.0","password":"admin123","password_wo":null,"password_wo_version":null,"performance_insights_enabled":false,"publicly_accessible":false,"region":"eu-central-1","replicate_source_db":null,"restore_to_point_in_time":[],"s3_import":[],"skip_final_snapshot":true,"storage_encrypted":null,"tags":null,"timeouts":null,"upgrade_storage_config":null,"username":"admin"},"sensitive_values":{"blue_green_update":[],"listener_endpoint":[],"master_user_secret":[],"password":true,"password_wo":true,"replicas":[],"restore_to_point_in_time":[],"s3_import":[],"tags_all":{},"vpc_security_group_ids":[]}},{"address":"aws_db_subnet_group.RDS_subnet_group","mode":"managed","type":"aws_db_subnet_group","name":"RDS_subnet_group","provider_name":"registry.terraform.io/hashicorp/aws","schema_version":0,"values":{"description":"Managed by Terraform","name":"rds-subnet-group","region":"eu-central-1","tags":{"Name":"DB subnet group"},"tags_all":{"Name":"DB subnet group"}},"sensitive_values":{"subnet_ids":[],"supported_network_types":[],"tags":{},"tags_all":{}}},{"address":"aws_elastic_beanstalk_application.Eprofile_bean_app","mode":"managed","type":"aws_elastic_beanstalk_application","name":"Eprofile_bean_app","provider_name":"registry.terraform.io/hashicorp/aws","schema_version":0,"values":{"appversion_lifecycle":[],"description":"Eprofilebean application for the Eprofile project","name":"eprofilebeanapp","region":"eu-central-1","tags":null},"sensitive_values":{"appversion_lifecycle":[],"tags_all":{}}},{"address":"aws_elastic_beanstalk_environment.elbeanstalk_env","mode":"managed","type":"aws_elastic_beanstalk_environment","name":"elbeanstalk_env","provider_name":"registry.terraform.io/hashicorp/aws","schema_version":1,"values":{"application":"eprofilebeanapp","cname_prefix":"eprofileapp254698","description":null,"name":"elbeanstalkenv","poll_interval":null,"region":"eu-central-1","setting":[{"name":"AssociatePublicIpAddress","namespace":"aws:ec2:vpc","resource":"","value":"true"},{"name":"EC2KeyName","namespace":"aws:autoscaling:launchconfiguration","resource":"","value":"EC2_Key_Pair"},{"name":"ELBSubnets","namespace":"aws:ec2:vpc","resource":""},{"name":"IamInstanceProfile","namespace":"aws:autoscaling:launchconfiguration","resource":"","value":"eprofile-beanstalk-ec2-profile-auto"},{"name":"InstanceType","namespace":"aws:autoscaling:launchconfiguration","resource":"","value":"t3.micro"},{"name":"MEMCACHED_HOSTNAME","namespace":"aws:elasticbeanstalk:application:environment","resource":""},{"name":"MaxSize","namespace":"aws:autoscaling:asg","resource":"","value":"2"},{"name":"MinSize","namespace":"aws:autoscaling:asg","resource":"","value":"1"},{"name":"RABBITMQ_HOSTNAME","namespace":"aws:elasticbeanstalk:application:environment","resource":""},{"name":"RABBITMQ_PASSWORD","namespace":"aws:elasticbeanstalk:application:environment","resource":"","value":"Gr33n@pple123456"},{"name":"RABBITMQ_USERNAME","namespace":"aws:elasticbeanstalk:application:environment","resource":"","value":"rabbit"},{"name":"RDS_DB_NAME","namespace":"aws:elasticbeanstalk:application:environment","resource":"","value":"accounts"},{"name":"RDS_HOSTNAME","namespace":"aws:elasticbeanstalk:application:environment","resource":""},{"name":"RDS_PASSWORD","namespace":"aws:elasticbeanstalk:application:environment","resource":"","value":"admin123"},{"name":"RDS_USERNAME","namespace":"aws:elasticbeanstalk:application:environment","resource":"","value":"admin"},{"name":"RootVolumeType","namespace":"aws:autoscaling:launchconfiguration","resource":"","value":"gp3"},{"name":"SecurityGroups","namespace":"aws:autoscaling:launchconfiguration","resource":""},{"name":"SecurityGroups","namespace":"aws:elbv2:loadbalancer","resource":""},{"name":"ServiceRole","namespace":"aws:elasticbeanstalk:environment","resource":"","value":"eprofile-beanstalk-service-role-auto"},{"name":"Subnets","namespace":"aws:ec2:vpc","resource":""}],"solution_stack_name":"64bit Amazon Linux 2023 v5.9.3 running Tomcat 10 Corretto 21","tags":null,"template_name":null,"tier":"WebServer","wait_for_ready_timeout":"20m"},"sensitive_values":{"all_settings":[],"autoscaling_groups":[],"instances":[],"launch_configurations":[],"load_balancers":[],"queues":[],"setting":[{},{},{},{},{},{},{},{},{},{},{},{},{},{},{},{},{},{},{},{}],"tags_all":{},"triggers":[]}},{"address":"aws_elasticache_cluster.ElastiCache","mode":"managed","type":"aws_elasticache_cluster","name":"ElastiCache","provider_name":"registry.terraform.io/hashicorp/aws","schema_version":0,"values":{"auto_minor_version_upgrade":"true","cluster_id":"elasticache","engine":"memcached","final_snapshot_identifier":null,"log_delivery_configuration":[],"node_type":"cache.t3.micro","notification_topic_arn":null,"num_cache_nodes":1,"outpost_mode":null,"parameter_group_name":"default.memcached1.6","port":11211,"preferred_availability_zones":null,"region":"eu-central-1","snapshot_arns":null,"snapshot_name":null,"snapshot_retention_limit":null,"subnet_group_name":"elasticache-subnet-group","tags":null,"timeouts":null},"sensitive_values":{"cache_nodes":[],"log_delivery_configuration":[],"security_group_ids":[],"tags_all":{}}},{"address":"aws_elasticache_subnet_group.ElastiCache_subnet_group","mode":"managed","type":"aws_elasticache_subnet_group","name":"ElastiCache_subnet_group","provider_name":"registry.terraform.io/hashicorp/aws","schema_version":0,"values":{"description":"Managed by Terraform","name":"elasticache-subnet-group","region":"eu-central-1","tags":{"Name":"ElastiCache-subnet-group"},"tags_all":{"Name":"ElastiCache-subnet-group"}},"sensitive_values":{"subnet_ids":[],"tags":{},"tags_all":{}}},{"address":"aws_iam_instance_profile.beanstalk_ec2_profile","mode":"managed","type":"aws_iam_instance_profile","name":"beanstalk_ec2_profile","provider_name":"registry.terraform.io/hashicorp/aws","schema_version":0,"values":{"name":"eprofile-beanstalk-ec2-profile-auto","path":"/","role":"eprofile-beanstalk-ec2-role-auto","tags":null},"sensitive_values":{"tags_all":{}}},{"address":"aws_iam_role.beanstalk_ec2","mode":"managed","type":"aws_iam_role","name":"beanstalk_ec2","provider_name":"registry.terraform.io/hashicorp/aws","schema_version":0,"values":{"assume_role_policy":"{\"Statement\":[{\"Action\":\"sts:AssumeRole\",\"Effect\":\"Allow\",\"Principal\":{\"Service\":\"ec2.amazonaws.com\"}}],\"Version\":\"2012-10-17\"}","description":null,"force_detach_policies":false,"max_session_duration":3600,"name":"eprofile-beanstalk-ec2-role-auto","path":"/","permissions_boundary":null,"tags":null},"sensitive_values":{"inline_policy":[],"managed_policy_arns":[],"tags_all":{}},"identity_schema_version":0,"identity":{"account_id":null,"name":null}},{"address":"aws_iam_role.beanstalk_service","mode":"managed","type":"aws_iam_role","name":"beanstalk_service","provider_name":"registry.terraform.io/hashicorp/aws","schema_version":0,"values":{"assume_role_policy":"{\"Statement\":[{\"Action\":\"sts:AssumeRole\",\"Condition\":{\"StringLike\":{\"sts:ExternalId\":\"elasticbeanstalk\"}},\"Effect\":\"Allow\",\"Principal\":{\"Service\":\"elasticbeanstalk.amazonaws.com\"}}],\"Version\":\"2012-10-17\"}","description":null,"force_detach_policies":false,"max_session_duration":3600,"name":"eprofile-beanstalk-service-role-auto","path":"/","permissions_boundary":null,"tags":null},"sensitive_values":{"inline_policy":[],"managed_policy_arns":[],"tags_all":{}},"identity_schema_version":0,"identity":{"account_id":null,"name":null}},{"address":"aws_iam_role.codebuild_role","mode":"managed","type":"aws_iam_role","name":"codebuild_role","provider_name":"registry.terraform.io/hashicorp/aws","schema_version":0,"values":{"assume_role_policy":"{\"Statement\":[{\"Action\":\"sts:AssumeRole\",\"Effect\":\"Allow\",\"Principal\":{\"Service\":\"codebuild.amazonaws.com\"}}],\"Version\":\"2012-10-17\"}","description":null,"force_detach_policies":false,"max_session_duration":3600,"name":"vprofile-codebuild-role","path":"/","permissions_boundary":null,"tags":null},"sensitive_values":{"inline_policy":[],"managed_policy_arns":[],"tags_all":{}},"identity_schema_version":0,"identity":{"account_id":null,"name":null}},{"address":"aws_iam_role.codepipeline_role","mode":"managed","type":"aws_iam_role","name":"codepipeline_role","provider_name":"registry.terraform.io/hashicorp/aws","schema_version":0,"values":{"assume_role_policy":"{\"Statement\":[{\"Action\":\"sts:AssumeRole\",\"Effect\":\"Allow\",\"Principal\":{\"Service\":\"codepipeline.amazonaws.com\"}}],\"Version\":\"2012-10-17\"}","description":null,"force_detach_policies":false,"max_session_duration":3600,"name":"vprofile-codepipeline-role","path":"/","permissions_boundary":null,"tags":null},"sensitive_values":{"inline_policy":[],"managed_policy_arns":[],"tags_all":{}},"identity_schema_version":0,"identity":{"account_id":null,"name":null}},{"address":"aws_iam_role_policy.codebuild_policy","mode":"managed","type":"aws_iam_role_policy","name":"codebuild_policy","provider_name":"registry.terraform.io/hashicorp/aws","schema_version":0,"values":{"name":"vprofile-codebuild-policy","policy":"{\"Version\":\"2012-10-17\",\"Statement\":[{\"Action\":[\"*\"],\"Effect\":\"Allow\",\"Resource\":\"*\"}]}"},"sensitive_values":{},"identity_schema_version":0,"identity":{"account_id":null,"name":null,"role":null}},{"address":"aws_iam_role_policy.codepipeline_policy","mode":"managed","type":"aws_iam_role_policy","name":"codepipeline_policy","provider_name":"registry.terraform.io/hashicorp/aws","schema_version":0,"values":{"name":"vprofile-codepipeline-policy","policy":"{\"Version\":\"2012-10-17\",\"Statement\":[{\"Action\":[\"s3:*\"],\"Effect\":\"Allow\",\"Resource\":\"*\"},{\"Action\":[\"elasticbeanstalk:*\"],\"Effect\":\"Allow\",\"Resource\":\"*\"},{\"Action\":[\"codebuild:*\",\"codestar-connections:*\"],\"Effect\":\"Allow\",\"Resource\":\"*\"},{\"Action\":[\"ec2:*\",\"elasticloadbalancing:*\",\"autoscaling:*\",\"cloudwatch:*\",\"sns:*\",\"cloudformation:*\",\"rds:*\"],\"Effect\":\"Allow\",\"Resource\":\"*\"},{\"Action\":[\"iam:PassRole\"],\"Effect\":\"Allow\",\"Resource\":\"*\"}]}"},"sensitive_values":{},"identity_schema_version":0,"identity":{"account_id":null,"name":null,"role":null}},{"address":"aws_iam_role_policy_attachment.ec2_admin","mode":"managed","type":"aws_iam_role_policy_attachment","name":"ec2_admin","provider_name":"registry.terraform.io/hashicorp/aws","schema_version":0,"values":{"policy_arn":"arn:aws:iam::aws:policy/AdministratorAccess-AWSElasticBeanstalk","role":"eprofile-beanstalk-ec2-role-auto"},"sensitive_values":{},"identity_schema_version":0,"identity":{"account_id":null,"policy_arn":null,"role":null}},{"address":"aws_iam_role_policy_attachment.ec2_custom_platform","mode":"managed","type":"aws_iam_role_policy_attachment","name":"ec2_custom_platform","provider_name":"registry.terraform.io/hashicorp/aws","schema_version":0,"values":{"policy_arn":"arn:aws:iam::aws:policy/AWSElasticBeanstalkCustomPlatformforEC2Role","role":"eprofile-beanstalk-ec2-role-auto"},"sensitive_values":{},"identity_schema_version":0,"identity":{"account_id":null,"policy_arn":null,"role":null}},{"address":"aws_iam_role_policy_attachment.ec2_sns","mode":"managed","type":"aws_iam_role_policy_attachment","name":"ec2_sns","provider_name":"registry.terraform.io/hashicorp/aws","schema_version":0,"values":{"policy_arn":"arn:aws:iam::aws:policy/service-role/AWSElasticBeanstalkRoleSNS","role":"eprofile-beanstalk-ec2-role-auto"},"sensitive_values":{},"identity_schema_version":0,"identity":{"account_id":null,"policy_arn":null,"role":null}},{"address":"aws_iam_role_policy_attachment.ec2_web_tier","mode":"managed","type":"aws_iam_role_policy_attachment","name":"ec2_web_tier","provider_name":"registry.terraform.io/hashicorp/aws","schema_version":0,"values":{"policy_arn":"arn:aws:iam::aws:policy/AWSElasticBeanstalkWebTier","role":"eprofile-beanstalk-ec2-role-auto"},"sensitive_values":{},"identity_schema_version":0,"identity":{"account_id":null,"policy_arn":null,"role":null}},{"address":"aws_iam_role_policy_attachment.service_enhanced_health","mode":"managed","type":"aws_iam_role_policy_attachment","name":"service_enhanced_health","provider_name":"registry.terraform.io/hashicorp/aws","schema_version":0,"values":{"policy_arn":"arn:aws:iam::aws:policy/service-role/AWSElasticBeanstalkEnhancedHealth","role":"eprofile-beanstalk-service-role-auto"},"sensitive_values":{},"identity_schema_version":0,"identity":{"account_id":null,"policy_arn":null,"role":null}},{"address":"aws_iam_role_policy_attachment.service_managed_updates","mode":"managed","type":"aws_iam_role_policy_attachment","name":"service_managed_updates","provider_name":"registry.terraform.io/hashicorp/aws","schema_version":0,"values":{"policy_arn":"arn:aws:iam::aws:policy/AWSElasticBeanstalkManagedUpdatesCustomerRolePolicy","role":"eprofile-beanstalk-service-role-auto"},"sensitive_values":{},"identity_schema_version":0,"identity":{"account_id":null,"policy_arn":null,"role":null}},{"address":"aws_instance.bastion[0]","mode":"managed","type":"aws_instance","name":"bastion","index":0,"provider_name":"registry.terraform.io/hashicorp/aws","schema_version":2,"values":{"ami":"ami-074dd8e8dac7651a5","credit_specification":[],"force_destroy":false,"get_password_data":false,"hibernation":null,"instance_type":"t3.micro","key_name":"EC2_Key_Pair","launch_template":[],"region":"eu-central-1","source_dest_check":true,"tags":{"Name":"bastion"},"tags_all":{"Name":"bastion"},"timeouts":null,"user_data_replace_on_change":false,"volume_tags":null},"sensitive_values":{"capacity_reservation_specification":[],"cpu_options":[],"credit_specification":[],"ebs_block_device":[],"enclave_options":[],"ephemeral_block_device":[],"instance_market_options":[],"ipv6_addresses":[],"launch_template":[],"maintenance_options":[],"metadata_options":[],"network_interface":[],"primary_network_interface":[],"private_dns_name_options":[],"root_block_device":[],"secondary_private_ips":[],"security_groups":[],"tags":{},"tags_all":{},"vpc_security_group_ids":[]},"identity_schema_version":0,"identity":{"account_id":null,"id":null,"region":null}},{"address":"aws_key_pair.EC2_Key_Pair","mode":"managed","type":"aws_key_pair","name":"EC2_Key_Pair","provider_name":"registry.terraform.io/hashicorp/aws","schema_version":1,"values":{"key_name":"EC2_Key_Pair","public_key":"ssh-ed25519 AAAAC3NzaC1lZDI1NTE5AAAAIPm2WLrb7XtIV1QcsuPWt2HfP454TE8JzHP4s6WgsXu5 amr@JOJO","region":"eu-central-1","tags":null},"sensitive_values":{"tags_all":{}}},{"address":"aws_mq_broker.RabbitMQ","mode":"managed","type":"aws_mq_broker","name":"RabbitMQ","provider_name":"registry.terraform.io/hashicorp/aws","schema_version":0,"values":{"apply_immediately":false,"auto_minor_version_upgrade":true,"broker_name":"example","data_replication_primary_broker_arn":null,"deployment_mode":"SINGLE_INSTANCE","encryption_options":[],"engine_type":"RabbitMQ","engine_version":"3.13","host_instance_type":"mq.t3.micro","ldap_server_metadata":[],"logs":[],"publicly_accessible":false,"region":"eu-central-1","tags":null,"timeouts":null,"user":[{"console_access":false,"groups":[],"password":"Gr33n@pple123456","replication_user":false,"username":"rabbit"}]},"sensitive_values":{"configuration":[],"encryption_options":[],"instances":[],"ldap_server_metadata":[],"logs":[],"maintenance_window_start_time":[],"security_groups":[],"subnet_ids":[],"tags_all":{},"user":true}},{"address":"aws_s3_bucket.codepipeline_bucket","mode":"managed","type":"aws_s3_bucket","name":"codepipeline_bucket","provider_name":"registry.terraform.io/hashicorp/aws","schema_version":0,"values":{"force_destroy":true,"region":"eu-central-1","tags":null,"timeouts":null},"sensitive_values":{"cors_rule":[],"grant":[],"lifecycle_rule":[],"logging":[],"object_lock_configuration":[],"replication_configuration":[],"server_side_encryption_configuration":[],"tags_all":{},"versioning":[],"website":[]},"identity_schema_version":0,"identity":{"account_id":null,"bucket":null,"region":null}},{"address":"aws_security_group.Bastion-SG","mode":"managed","type":"aws_security_group","name":"Bastion-SG","provider_name":"registry.terraform.io/hashicorp/aws","schema_version":1,"values":{"description":"Allow SSH inbound traffic and all outbound traffic","name":"Bastion-SG","region":"eu-central-1","revoke_rules_on_delete":false,"tags":{"Name":"Bastion-SG"},"tags_all":{"Name":"Bastion-SG"},"timeouts":null},"sensitive_values":{"egress":[],"ingress":[],"tags":{},"tags_all":{}},"identity_schema_version":0,"identity":{"account_id":null,"id":null,"region":null}},{"address":"aws_security_group.Data-SG","mode":"managed","type":"aws_security_group","name":"Data-SG","provider_name":"registry.terraform.io/hashicorp/aws","schema_version":1,"values":{"description":"Allow 3306, 11211, 5672 inbound traffic from tomcat and all outbound traffic","name":"Data-SG","region":"eu-central-1","revoke_rules_on_delete":false,"tags":{"Name":"Data-SG"},"tags_all":{"Name":"Data-SG"},"timeouts":null},"sensitive_values":{"egress":[],"ingress":[],"tags":{},"tags_all":{}},"identity_schema_version":0,"identity":{"account_id":null,"id":null,"region":null}},{"address":"aws_security_group.Load-Balancer-SG","mode":"managed","type":"aws_security_group","name":"Load-Balancer-SG","provider_name":"registry.terraform.io/hashicorp/aws","schema_version":1,"values":{"description":"Allow HTTP inbound traffic and all outbound traffic","name":"Load-Balancer-SG","region":"eu-central-1","revoke_rules_on_delete":false,"tags":{"Name":"Load-Balancer-SG"},"tags_all":{"Name":"Load-Balancer-SG"},"timeouts":null},"sensitive_values":{"egress":[],"ingress":[],"tags":{},"tags_all":{}},"identity_schema_version":0,"identity":{"account_id":null,"id":null,"region":null}},{"address":"aws_security_group.Tomcat-SG","mode":"managed","type":"aws_security_group","name":"Tomcat-SG","provider_name":"registry.terraform.io/hashicorp/aws","schema_version":1,"values":{"description":"Allow 80 inbound traffic from Frontend and all outbound traffic","name":"Tomcat-SG","region":"eu-central-1","revoke_rules_on_delete":false,"tags":{"Name":"Tomcat-SG"},"tags_all":{"Name":"Tomcat-SG"},"timeouts":null},"sensitive_values":{"egress":[],"ingress":[],"tags":{},"tags_all":{}},"identity_schema_version":0,"identity":{"account_id":null,"id":null,"region":null}},{"address":"aws_vpc_security_group_egress_rule.allow_all_traffic_ipv4_Bastion","mode":"managed","type":"aws_vpc_security_group_egress_rule","name":"allow_all_traffic_ipv4_Bastion","provider_name":"registry.terraform.io/hashicorp/aws","schema_version":0,"values":{"cidr_ipv4":"0.0.0.0/0","cidr_ipv6":null,"description":null,"from_port":null,"ip_protocol":"-1","prefix_list_id":null,"referenced_security_group_id":null,"region":"eu-central-1","tags":null,"tags_all":{},"to_port":null},"sensitive_values":{"tags_all":{}}},{"address":"aws_vpc_security_group_egress_rule.allow_all_traffic_ipv4_Data","mode":"managed","type":"aws_vpc_security_group_egress_rule","name":"allow_all_traffic_ipv4_Data","provider_name":"registry.terraform.io/hashicorp/aws","schema_version":0,"values":{"cidr_ipv4":"0.0.0.0/0","cidr_ipv6":null,"description":null,"from_port":null,"ip_protocol":"-1","prefix_list_id":null,"referenced_security_group_id":null,"region":"eu-central-1","tags":null,"tags_all":{},"to_port":null},"sensitive_values":{"tags_all":{}}},{"address":"aws_vpc_security_group_egress_rule.allow_all_traffic_ipv4_frontend","mode":"managed","type":"aws_vpc_security_group_egress_rule","name":"allow_all_traffic_ipv4_frontend","provider_name":"registry.terraform.io/hashicorp/aws","schema_version":0,"values":{"cidr_ipv4":"0.0.0.0/0","cidr_ipv6":null,"description":null,"from_port":null,"ip_protocol":"-1","prefix_list_id":null,"referenced_security_group_id":null,"region":"eu-central-1","tags":null,"tags_all":{},"to_port":null},"sensitive_values":{"tags_all":{}}},{"address":"aws_vpc_security_group_egress_rule.allow_all_traffic_ipv4_tomcat","mode":"managed","type":"aws_vpc_security_group_egress_rule","name":"allow_all_traffic_ipv4_tomcat","provider_name":"registry.terraform.io/hashicorp/aws","schema_version":0,"values":{"cidr_ipv4":"0.0.0.0/0","cidr_ipv6":null,"description":null,"from_port":null,"ip_protocol":"-1","prefix_list_id":null,"referenced_security_group_id":null,"region":"eu-central-1","tags":null,"tags_all":{},"to_port":null},"sensitive_values":{"tags_all":{}}},{"address":"aws_vpc_security_group_ingress_rule.allow_11211_from_tomcat-SG","mode":"managed","type":"aws_vpc_security_group_ingress_rule","name":"allow_11211_from_tomcat-SG","provider_name":"registry.terraform.io/hashicorp/aws","schema_version":0,"values":{"cidr_ipv4":null,"cidr_ipv6":null,"description":null,"from_port":11211,"ip_protocol":"tcp","prefix_list_id":null,"region":"eu-central-1","tags":null,"tags_all":{},"to_port":11211},"sensitive_values":{"tags_all":{}}},{"address":"aws_vpc_security_group_ingress_rule.allow_3306_from_Bastion","mode":"managed","type":"aws_vpc_security_group_ingress_rule","name":"allow_3306_from_Bastion","provider_name":"registry.terraform.io/hashicorp/aws","schema_version":0,"values":{"cidr_ipv4":null,"cidr_ipv6":null,"description":null,"from_port":3306,"ip_protocol":"tcp","prefix_list_id":null,"region":"eu-central-1","tags":null,"tags_all":{},"to_port":3306},"sensitive_values":{"tags_all":{}}},{"address":"aws_vpc_security_group_ingress_rule.allow_3306_from_tomcat-SG","mode":"managed","type":"aws_vpc_security_group_ingress_rule","name":"allow_3306_from_tomcat-SG","provider_name":"registry.terraform.io/hashicorp/aws","schema_version":0,"values":{"cidr_ipv4":null,"cidr_ipv6":null,"description":null,"from_port":3306,"ip_protocol":"tcp","prefix_list_id":null,"region":"eu-central-1","tags":null,"tags_all":{},"to_port":3306},"sensitive_values":{"tags_all":{}}},{"address":"aws_vpc_security_group_ingress_rule.allow_5672_from_tomcat-SG","mode":"managed","type":"aws_vpc_security_group_ingress_rule","name":"allow_5672_from_tomcat-SG","provider_name":"registry.terraform.io/hashicorp/aws","schema_version":0,"values":{"cidr_ipv4":null,"cidr_ipv6":null,"description":null,"from_port":5671,"ip_protocol":"tcp","prefix_list_id":null,"region":"eu-central-1","tags":null,"tags_all":{},"to_port":5671},"sensitive_values":{"tags_all":{}}},{"address":"aws_vpc_security_group_ingress_rule.allow_80_from_frontend","mode":"managed","type":"aws_vpc_security_group_ingress_rule","name":"allow_80_from_frontend","provider_name":"registry.terraform.io/hashicorp/aws","schema_version":0,"values":{"cidr_ipv4":null,"cidr_ipv6":null,"description":null,"from_port":80,"ip_protocol":"tcp","prefix_list_id":null,"region":"eu-central-1","tags":null,"tags_all":{},"to_port":80},"sensitive_values":{"tags_all":{}}},{"address":"aws_vpc_security_group_ingress_rule.allow_http","mode":"managed","type":"aws_vpc_security_group_ingress_rule","name":"allow_http","provider_name":"registry.terraform.io/hashicorp/aws","schema_version":0,"values":{"cidr_ipv4":"0.0.0.0/0","cidr_ipv6":null,"description":null,"from_port":80,"ip_protocol":"tcp","prefix_list_id":null,"referenced_security_group_id":null,"region":"eu-central-1","tags":null,"tags_all":{},"to_port":80},"sensitive_values":{"tags_all":{}}},{"address":"aws_vpc_security_group_ingress_rule.allow_ipv4_internal","mode":"managed","type":"aws_vpc_security_group_ingress_rule","name":"allow_ipv4_internal","provider_name":"registry.terraform.io/hashicorp/aws","schema_version":0,"values":{"cidr_ipv4":null,"cidr_ipv6":null,"description":null,"from_port":0,"ip_protocol":"tcp","prefix_list_id":null,"region":"eu-central-1","tags":null,"tags_all":{},"to_port":65535},"sensitive_values":{"tags_all":{}}},{"address":"aws_vpc_security_group_ingress_rule.allow_ssh_ipv4_Bastion","mode":"managed","type":"aws_vpc_security_group_ingress_rule","name":"allow_ssh_ipv4_Bastion","provider_name":"registry.terraform.io/hashicorp/aws","schema_version":0,"values":{"cidr_ipv4":"0.0.0.0/0","cidr_ipv6":null,"description":null,"from_port":22,"ip_protocol":"tcp","prefix_list_id":null,"referenced_security_group_id":null,"region":"eu-central-1","tags":null,"tags_all":{},"to_port":22},"sensitive_values":{"tags_all":{}}},{"address":"aws_vpc_security_group_ingress_rule.allow_ssh_ipv4_tomcat","mode":"managed","type":"aws_vpc_security_group_ingress_rule","name":"allow_ssh_ipv4_tomcat","provider_name":"registry.terraform.io/hashicorp/aws","schema_version":0,"values":{"cidr_ipv4":"0.0.0.0/0","cidr_ipv6":null,"description":null,"from_port":22,"ip_protocol":"tcp","prefix_list_id":null,"referenced_security_group_id":null,"region":"eu-central-1","tags":null,"tags_all":{},"to_port":22},"sensitive_values":{"tags_all":{}}},{"address":"random_id.bucket_suffix","mode":"managed","type":"random_id","name":"bucket_suffix","provider_name":"registry.terraform.io/hashicorp/random","schema_version":0,"values":{"byte_length":4,"keepers":null,"prefix":null},"sensitive_values":{}}],"child_modules":[{"resources":[{"address":"module.vpc.aws_default_network_acl.this[0]","mode":"managed","type":"aws_default_network_acl","name":"this","index":0,"provider_name":"registry.terraform.io/hashicorp/aws","schema_version":0,"values":{"egress":[{"action":"allow","cidr_block":"","from_port":0,"icmp_code":null,"icmp_type":null,"ipv6_cidr_block":"::/0","protocol":"-1","rule_no":101,"to_port":0},{"action":"allow","cidr_block":"0.0.0.0/0","from_port":0,"icmp_code":null,"icmp_type":null,"ipv6_cidr_block":"","protocol":"-1","rule_no":100,"to_port":0}],"ingress":[{"action":"allow","cidr_block":"","from_port":0,"icmp_code":null,"icmp_type":null,"ipv6_cidr_block":"::/0","protocol":"-1","rule_no":101,"to_port":0},{"action":"allow","cidr_block":"0.0.0.0/0","from_port":0,"icmp_code":null,"icmp_type":null,"ipv6_cidr_block":"","protocol":"-1","rule_no":100,"to_port":0}],"region":"eu-central-1","subnet_ids":null,"tags":{"Environment":"dev","Name":"Eprofile-VPC-default","Terraform":"true"},"tags_all":{"Environment":"dev","Name":"Eprofile-VPC-default","Terraform":"true"}},"sensitive_values":{"egress":[{},{}],"ingress":[{},{}],"tags":{},"tags_all":{}}},{"address":"module.vpc.aws_default_route_table.default[0]","mode":"managed","type":"aws_default_route_table","name":"default","index":0,"provider_name":"registry.terraform.io/hashicorp/aws","schema_version":0,"values":{"propagating_vgws":null,"region":"eu-central-1","tags":{"Environment":"dev","Name":"Eprofile-VPC-default","Terraform":"true"},"tags_all":{"Environment":"dev","Name":"Eprofile-VPC-default","Terraform":"true"},"timeouts":{"create":"5m","update":"5m"}},"sensitive_values":{"route":[],"tags":{},"tags_all":{},"timeouts":{}}},{"address":"module.vpc.aws_default_security_group.this[0]","mode":"managed","type":"aws_default_security_group","name":"this","index":0,"provider_name":"registry.terraform.io/hashicorp/aws","schema_version":1,"values":{"region":"eu-central-1","revoke_rules_on_delete":false,"tags":{"Environment":"dev","Name":"Eprofile-VPC-default","Terraform":"true"},"tags_all":{"Environment":"dev","Name":"Eprofile-VPC-default","Terraform":"true"}},"sensitive_values":{"egress":[],"ingress":[],"tags":{},"tags_all":{}}},{"address":"module.vpc.aws_eip.nat[0]","mode":"managed","type":"aws_eip","name":"nat","index":0,"provider_name":"registry.terraform.io/hashicorp/aws","schema_version":0,"values":{"address":null,"associate_with_private_ip":null,"customer_owned_ipv4_pool":null,"domain":"vpc","region":"eu-central-1","tags":{"Environment":"dev","Name":"Eprofile-VPC-eu-central-1a","Terraform":"true"},"tags_all":{"Environment":"dev","Name":"Eprofile-VPC-eu-central-1a","Terraform":"true"},"timeouts":null},"sensitive_values":{"tags":{},"tags_all":{}}},{"address":"module.vpc.aws_internet_gateway.this[0]","mode":"managed","type":"aws_internet_gateway","name":"this","index":0,"provider_name":"registry.terraform.io/hashicorp/aws","schema_version":0,"values":{"region":"eu-central-1","tags":{"Environment":"dev","Name":"Eprofile-VPC","Terraform":"true"},"tags_all":{"Environment":"dev","Name":"Eprofile-VPC","Terraform":"true"},"timeouts":null},"sensitive_values":{"tags":{},"tags_all":{}}},{"address":"module.vpc.aws_nat_gateway.this[0]","mode":"managed","type":"aws_nat_gateway","name":"this","index":0,"provider_name":"registry.terraform.io/hashicorp/aws","schema_version":0,"values":{"availability_zone_address":[],"connectivity_type":"public","region":"eu-central-1","tags":{"Environment":"dev","Name":"Eprofile-VPC-eu-central-1a","Terraform":"true"},"tags_all":{"Environment":"dev","Name":"Eprofile-VPC-eu-central-1a","Terraform":"true"},"timeouts":null},"sensitive_values":{"availability_zone_address":[],"regional_nat_gateway_address":[],"secondary_allocation_ids":[],"secondary_private_ip_addresses":[],"tags":{},"tags_all":{}}},{"address":"module.vpc.aws_route.private_nat_gateway[0]","mode":"managed","type":"aws_route","name":"private_nat_gateway","index":0,"provider_name":"registry.terraform.io/hashicorp/aws","schema_version":0,"values":{"carrier_gateway_id":null,"core_network_arn":null,"destination_cidr_block":"0.0.0.0/0","destination_ipv6_cidr_block":null,"destination_prefix_list_id":null,"egress_only_gateway_id":null,"gateway_id":null,"local_gateway_id":null,"region":"eu-central-1","timeouts":{"create":"5m","delete":null,"update":null},"transit_gateway_id":null,"vpc_endpoint_id":null,"vpc_peering_connection_id":null},"sensitive_values":{"timeouts":{}},"identity_schema_version":0,"identity":{"account_id":null,"destination_cidr_block":null,"destination_ipv6_cidr_block":null,"destination_prefix_list_id":null,"region":null,"route_table_id":null}},{"address":"module.vpc.aws_route.public_internet_gateway[0]","mode":"managed","type":"aws_route","name":"public_internet_gateway","index":0,"provider_name":"registry.terraform.io/hashicorp/aws","schema_version":0,"values":{"carrier_gateway_id":null,"core_network_arn":null,"destination_cidr_block":"0.0.0.0/0","destination_ipv6_cidr_block":null,"destination_prefix_list_id":null,"egress_only_gateway_id":null,"local_gateway_id":null,"nat_gateway_id":null,"region":"eu-central-1","timeouts":{"create":"5m","delete":null,"update":null},"transit_gateway_id":null,"vpc_endpoint_id":null,"vpc_peering_connection_id":null},"sensitive_values":{"timeouts":{}},"identity_schema_version":0,"identity":{"account_id":null,"destination_cidr_block":null,"destination_ipv6_cidr_block":null,"destination_prefix_list_id":null,"region":null,"route_table_id":null}},{"address":"module.vpc.aws_route_table.private[0]","mode":"managed","type":"aws_route_table","name":"private","index":0,"provider_name":"registry.terraform.io/hashicorp/aws","schema_version":0,"values":{"region":"eu-central-1","tags":{"Environment":"dev","Name":"Eprofile-VPC-private","Terraform":"true"},"tags_all":{"Environment":"dev","Name":"Eprofile-VPC-private","Terraform":"true"},"timeouts":null},"sensitive_values":{"propagating_vgws":[],"route":[],"tags":{},"tags_all":{}},"identity_schema_version":0,"identity":{"account_id":null,"id":null,"region":null}},{"address":"module.vpc.aws_route_table.public[0]","mode":"managed","type":"aws_route_table","name":"public","index":0,"provider_name":"registry.terraform.io/hashicorp/aws","schema_version":0,"values":{"region":"eu-central-1","tags":{"Environment":"dev","Name":"Eprofile-VPC-public","Terraform":"true"},"tags_all":{"Environment":"dev","Name":"Eprofile-VPC-public","Terraform":"true"},"timeouts":null},"sensitive_values":{"propagating_vgws":[],"route":[],"tags":{},"tags_all":{}},"identity_schema_version":0,"identity":{"account_id":null,"id":null,"region":null}},{"address":"module.vpc.aws_route_table_association.private[0]","mode":"managed","type":"aws_route_table_association","name":"private","index":0,"provider_name":"registry.terraform.io/hashicorp/aws","schema_version":0,"values":{"gateway_id":null,"region":"eu-central-1","timeouts":null},"sensitive_values":{}},{"address":"module.vpc.aws_route_table_association.private[1]","mode":"managed","type":"aws_route_table_association","name":"private","index":1,"provider_name":"registry.terraform.io/hashicorp/aws","schema_version":0,"values":{"gateway_id":null,"region":"eu-central-1","timeouts":null},"sensitive_values":{}},{"address":"module.vpc.aws_route_table_association.private[2]","mode":"managed","type":"aws_route_table_association","name":"private","index":2,"provider_name":"registry.terraform.io/hashicorp/aws","schema_version":0,"values":{"gateway_id":null,"region":"eu-central-1","timeouts":null},"sensitive_values":{}},{"address":"module.vpc.aws_route_table_association.public[0]","mode":"managed","type":"aws_route_table_association","name":"public","index":0,"provider_name":"registry.terraform.io/hashicorp/aws","schema_version":0,"values":{"gateway_id":null,"region":"eu-central-1","timeouts":null},"sensitive_values":{}},{"address":"module.vpc.aws_route_table_association.public[1]","mode":"managed","type":"aws_route_table_association","name":"public","index":1,"provider_name":"registry.terraform.io/hashicorp/aws","schema_version":0,"values":{"gateway_id":null,"region":"eu-central-1","timeouts":null},"sensitive_values":{}},{"address":"module.vpc.aws_route_table_association.public[2]","mode":"managed","type":"aws_route_table_association","name":"public","index":2,"provider_name":"registry.terraform.io/hashicorp/aws","schema_version":0,"values":{"gateway_id":null,"region":"eu-central-1","timeouts":null},"sensitive_values":{}},{"address":"module.vpc.aws_subnet.private[0]","mode":"managed","type":"aws_subnet","name":"private","index":0,"provider_name":"registry.terraform.io/hashicorp/aws","schema_version":1,"values":{"assign_ipv6_address_on_creation":false,"availability_zone":"eu-central-1a","cidr_block":"10.0.4.0/24","customer_owned_ipv4_pool":null,"enable_dns64":false,"enable_lni_at_device_index":null,"enable_resource_name_dns_a_record_on_launch":false,"enable_resource_name_dns_aaaa_record_on_launch":false,"ipv4_ipam_pool_id":null,"ipv4_netmask_length":null,"ipv6_ipam_pool_id":null,"ipv6_native":false,"ipv6_netmask_length":null,"map_customer_owned_ip_on_launch":null,"map_public_ip_on_launch":false,"outpost_arn":null,"region":"eu-central-1","tags":{"Environment":"dev","Name":"Eprofile-VPC-private-eu-central-1a","Terraform":"true"},"tags_all":{"Environment":"dev","Name":"Eprofile-VPC-private-eu-central-1a","Terraform":"true"},"timeouts":null},"sensitive_values":{"tags":{},"tags_all":{}},"identity_schema_version":0,"identity":{"account_id":null,"id":null,"region":null}},{"address":"module.vpc.aws_subnet.private[1]","mode":"managed","type":"aws_subnet","name":"private","index":1,"provider_name":"registry.terraform.io/hashicorp/aws","schema_version":1,"values":{"assign_ipv6_address_on_creation":false,"availability_zone":"eu-central-1b","cidr_block":"10.0.5.0/24","customer_owned_ipv4_pool":null,"enable_dns64":false,"enable_lni_at_device_index":null,"enable_resource_name_dns_a_record_on_launch":false,"enable_resource_name_dns_aaaa_record_on_launch":false,"ipv4_ipam_pool_id":null,"ipv4_netmask_length":null,"ipv6_ipam_pool_id":null,"ipv6_native":false,"ipv6_netmask_length":null,"map_customer_owned_ip_on_launch":null,"map_public_ip_on_launch":false,"outpost_arn":null,"region":"eu-central-1","tags":{"Environment":"dev","Name":"Eprofile-VPC-private-eu-central-1b","Terraform":"true"},"tags_all":{"Environment":"dev","Name":"Eprofile-VPC-private-eu-central-1b","Terraform":"true"},"timeouts":null},"sensitive_values":{"tags":{},"tags_all":{}},"identity_schema_version":0,"identity":{"account_id":null,"id":null,"region":null}},{"address":"module.vpc.aws_subnet.private[2]","mode":"managed","type":"aws_subnet","name":"private","index":2,"provider_name":"registry.terraform.io/hashicorp/aws","schema_version":1,"values":{"assign_ipv6_address_on_creation":false,"availability_zone":"eu-central-1c","cidr_block":"10.0.6.0/24","customer_owned_ipv4_pool":null,"enable_dns64":false,"enable_lni_at_device_index":null,"enable_resource_name_dns_a_record_on_launch":false,"enable_resource_name_dns_aaaa_record_on_launch":false,"ipv4_ipam_pool_id":null,"ipv4_netmask_length":null,"ipv6_ipam_pool_id":null,"ipv6_native":false,"ipv6_netmask_length":null,"map_customer_owned_ip_on_launch":null,"map_public_ip_on_launch":false,"outpost_arn":null,"region":"eu-central-1","tags":{"Environment":"dev","Name":"Eprofile-VPC-private-eu-central-1c","Terraform":"true"},"tags_all":{"Environment":"dev","Name":"Eprofile-VPC-private-eu-central-1c","Terraform":"true"},"timeouts":null},"sensitive_values":{"tags":{},"tags_all":{}},"identity_schema_version":0,"identity":{"account_id":null,"id":null,"region":null}},{"address":"module.vpc.aws_subnet.public[0]","mode":"managed","type":"aws_subnet","name":"public","index":0,"provider_name":"registry.terraform.io/hashicorp/aws","schema_version":1,"values":{"assign_ipv6_address_on_creation":false,"availability_zone":"eu-central-1a","cidr_block":"10.0.0.0/24","customer_owned_ipv4_pool":null,"enable_dns64":false,"enable_lni_at_device_index":null,"enable_resource_name_dns_a_record_on_launch":false,"enable_resource_name_dns_aaaa_record_on_launch":false,"ipv4_ipam_pool_id":null,"ipv4_netmask_length":null,"ipv6_ipam_pool_id":null,"ipv6_native":false,"ipv6_netmask_length":null,"map_customer_owned_ip_on_launch":null,"map_public_ip_on_launch":true,"outpost_arn":null,"region":"eu-central-1","tags":{"Environment":"dev","Name":"Eprofile-VPC-public-eu-central-1a","Terraform":"true"},"tags_all":{"Environment":"dev","Name":"Eprofile-VPC-public-eu-central-1a","Terraform":"true"},"timeouts":null},"sensitive_values":{"tags":{},"tags_all":{}},"identity_schema_version":0,"identity":{"account_id":null,"id":null,"region":null}},{"address":"module.vpc.aws_subnet.public[1]","mode":"managed","type":"aws_subnet","name":"public","index":1,"provider_name":"registry.terraform.io/hashicorp/aws","schema_version":1,"values":{"assign_ipv6_address_on_creation":false,"availability_zone":"eu-central-1b","cidr_block":"10.0.1.0/24","customer_owned_ipv4_pool":null,"enable_dns64":false,"enable_lni_at_device_index":null,"enable_resource_name_dns_a_record_on_launch":false,"enable_resource_name_dns_aaaa_record_on_launch":false,"ipv4_ipam_pool_id":null,"ipv4_netmask_length":null,"ipv6_ipam_pool_id":null,"ipv6_native":false,"ipv6_netmask_length":null,"map_customer_owned_ip_on_launch":null,"map_public_ip_on_launch":true,"outpost_arn":null,"region":"eu-central-1","tags":{"Environment":"dev","Name":"Eprofile-VPC-public-eu-central-1b","Terraform":"true"},"tags_all":{"Environment":"dev","Name":"Eprofile-VPC-public-eu-central-1b","Terraform":"true"},"timeouts":null},"sensitive_values":{"tags":{},"tags_all":{}},"identity_schema_version":0,"identity":{"account_id":null,"id":null,"region":null}},{"address":"module.vpc.aws_subnet.public[2]","mode":"managed","type":"aws_subnet","name":"public","index":2,"provider_name":"registry.terraform.io/hashicorp/aws","schema_version":1,"values":{"assign_ipv6_address_on_creation":false,"availability_zone":"eu-central-1c","cidr_block":"10.0.2.0/24","customer_owned_ipv4_pool":null,"enable_dns64":false,"enable_lni_at_device_index":null,"enable_resource_name_dns_a_record_on_launch":false,"enable_resource_name_dns_aaaa_record_on_launch":false,"ipv4_ipam_pool_id":null,"ipv4_netmask_length":null,"ipv6_ipam_pool_id":null,"ipv6_native":false,"ipv6_netmask_length":null,"map_customer_owned_ip_on_launch":null,"map_public_ip_on_launch":true,"outpost_arn":null,"region":"eu-central-1","tags":{"Environment":"dev","Name":"Eprofile-VPC-public-eu-central-1c","Terraform":"true"},"tags_all":{"Environment":"dev","Name":"Eprofile-VPC-public-eu-central-1c","Terraform":"true"},"timeouts":null},"sensitive_values":{"tags":{},"tags_all":{}},"identity_schema_version":0,"identity":{"account_id":null,"id":null,"region":null}},{"address":"module.vpc.aws_vpc.this[0]","mode":"managed","type":"aws_vpc","name":"this","index":0,"provider_name":"registry.terraform.io/hashicorp/aws","schema_version":1,"values":{"assign_generated_ipv6_cidr_block":null,"cidr_block":"10.0.0.0/16","enable_dns_hostnames":true,"enable_dns_support":true,"instance_tenancy":"default","ipv4_ipam_pool_id":null,"ipv4_netmask_length":null,"ipv6_ipam_pool_id":null,"ipv6_netmask_length":null,"region":"eu-central-1","tags":{"Environment":"dev","Name":"Eprofile-VPC","Terraform":"true"},"tags_all":{"Environment":"dev","Name":"Eprofile-VPC","Terraform":"true"}},"sensitive_values":{"tags":{},"tags_all":{}},"identity_schema_version":0,"identity":{"account_id":null,"id":null,"region":null}}],"address":"module.vpc"}]}},"resource_changes":[{"address":"aws_codebuild_project.vprofile_build","mode":"managed","type":"aws_codebuild_project","name":"vprofile_build","provider_name":"registry.terraform.io/hashicorp/aws","change":{"actions":["create"],"before":null,"after":{"artifacts":[{"artifact_identifier":null,"bucket_owner_access":null,"encryption_disabled":false,"location":null,"name":null,"namespace_type":null,"override_artifact_name":false,"packaging":null,"path":null,"type":"CODEPIPELINE"}],"badge_enabled":false,"build_batch_config":[],"build_timeout":60,"cache":[],"concurrent_build_limit":null,"description":"Builds the Java vProfile application","environment":[{"certificate":null,"compute_type":"BUILD_GENERAL1_SMALL","docker_server":[],"environment_variable":[],"fleet":[],"image":"aws/codebuild/standard:7.0","image_pull_credentials_type":"CODEBUILD","privileged_mode":false,"registry_credential":[],"type":"LINUX_CONTAINER"}],"file_system_locations":[],"logs_config":[],"name":"vprofile-build-job","project_visibility":"PRIVATE","queued_timeout":480,"region":"eu-central-1","resource_access_role":null,"secondary_artifacts":[],"secondary_source_version":[],"secondary_sources":[],"source":[{"auth":[],"build_status_config":[],"buildspec":"03-aws-cloud-native/buildspec.yml","git_clone_depth":null,"git_submodules_config":[],"insecure_ssl":null,"location":null,"report_build_status":null,"type":"CODEPIPELINE"}],"source_version":null,"tags":null,"vpc_config":[]},"after_unknown":{"arn":true,"artifacts":[{}],"auto_retry_limit":true,"badge_url":true,"build_batch_config":[],"cache":[],"encryption_key":true,"environment":[{"docker_server":[],"environment_variable":[],"fleet":[],"registry_credential":[]}],"file_system_locations":[],"id":true,"logs_config":[],"public_project_alias":true,"secondary_artifacts":[],"secondary_source_version":[],"secondary_sources":[],"service_role":true,"source":[{"auth":[],"build_status_config":[],"git_submodules_config":[]}],"tags_all":true,"vpc_config":[]},"before_sensitive":false,"after_sensitive":{"artifacts":[{}],"build_batch_config":[],"cache":[],"environment":[{"docker_server":[],"environment_variable":[],"fleet":[],"registry_credential":[]}],"file_system_locations":[],"logs_config":[],"secondary_artifacts":[],"secondary_source_version":[],"secondary_sources":[],"source":[{"auth":[],"build_status_config":[],"git_submodules_config":[]}],"tags_all":{},"vpc_config":[]},"after_identity":{"arn":null}}},{"address":"aws_codepipeline.vprofile_pipeline","mode":"managed","type":"aws_codepipeline","name":"vprofile_pipeline","provider_name":"registry.terraform.io/hashicorp/aws","change":{"actions":["create"],"before":null,"after":{"artifact_store":[{"encryption_key":[],"region":"","type":"S3"}],"execution_mode":"SUPERSEDED","name":"vprofile-pipeline","pipeline_type":"V2","region":"eu-central-1","stage":[{"action":[{"category":"Source","input_artifacts":null,"name":"Source","namespace":null,"output_artifacts":["source_output"],"owner":"AWS","provider":"CodeStarSourceConnection","role_arn":null,"timeout_in_minutes":null,"version":"1"}],"before_entry":[],"name":"Source","on_failure":[],"on_success":[]},{"action":[{"category":"Build","configuration":{"ProjectName":"vprofile-build-job"},"input_artifacts":["source_output"],"name":"Build","namespace":null,"output_artifacts":["build_output"],"owner":"AWS","provider":"CodeBuild","role_arn":null,"timeout_in_minutes":null,"version":"1"}],"before_entry":[],"name":"Build","on_failure":[],"on_success":[]},{"action":[{"category":"Deploy","configuration":{"ApplicationName":"eprofilebeanapp","EnvironmentName":"elbeanstalkenv"},"input_artifacts":["build_output"],"name":"Deploy","namespace":null,"output_artifacts":null,"owner":"AWS","provider":"ElasticBeanstalk","role_arn":null,"timeout_in_minutes":null,"version":"1"}],"before_entry":[],"name":"Deploy","on_failure":[],"on_success":[]}],"tags":null,"trigger":[{"git_configuration":[{"pull_request":[],"push":[{"branches":[{"excludes":null,"includes":["main"]}],"file_paths":[{"excludes":null,"includes":["03-aws-cloud-native/src/.*"]}],"tags":[]}],"source_action_name":"Source"}],"provider_type":"CodeStarSourceConnection"}],"variable":[]},"after_unknown":{"arn":true,"artifact_store":[{"encryption_key":[],"location":true}],"id":true,"role_arn":true,"stage":[{"action":[{"configuration":true,"output_artifacts":[false],"region":true,"run_order":true}],"before_entry":[],"on_failure":[],"on_success":[]},{"action":[{"configuration":{},"input_artifacts":[false],"output_artifacts":[false],"region":true,"run_order":true}],"before_entry":[],"on_failure":[],"on_success":[]},{"action":[{"configuration":{},"input_artifacts":[false],"region":true,"run_order":true}],"before_entry":[],"on_failure":[],"on_success":[]}],"tags_all":true,"trigger":[{"git_configuration":[{"pull_request":[],"push":[{"branches":[{"includes":[false]}],"file_paths":[{"includes":[false]}],"tags":[]}]}]}],"trigger_all":true,"variable":[]},"before_sensitive":false,"after_sensitive":{"artifact_store":[{"encryption_key":[]}],"stage":[{"action":[{"configuration":{},"output_artifacts":[false]}],"before_entry":[],"on_failure":[],"on_success":[]},{"action":[{"configuration":{},"input_artifacts":[false],"output_artifacts":[false]}],"before_entry":[],"on_failure":[],"on_success":[]},{"action":[{"configuration":{},"input_artifacts":[false]}],"before_entry":[],"on_failure":[],"on_success":[]}],"tags_all":{},"trigger":[{"git_configuration":[{"pull_request":[],"push":[{"branches":[{"includes":[false]}],"file_paths":[{"includes":[false]}],"tags":[]}]}]}],"trigger_all":[],"variable":[]}}},{"address":"aws_codestarconnections_connection.github_connection","mode":"managed","type":"aws_codestarconnections_connection","name":"github_connection","provider_name":"registry.terraform.io/hashicorp/aws","change":{"actions":["create"],"before":null,"after":{"host_arn":null,"name":"vprofile-github-conn","provider_type":"GitHub","region":"eu-central-1","tags":null},"after_unknown":{"arn":true,"connection_status":true,"id":true,"tags_all":true},"before_sensitive":false,"after_sensitive":{"tags_all":{}},"after_identity":{"arn":null}}},{"address":"aws_db_instance.RDS","mode":"managed","type":"aws_db_instance","name":"RDS","provider_name":"registry.terraform.io/hashicorp/aws","change":{"actions":["create"],"before":null,"after":{"allocated_storage":20,"allow_major_version_upgrade":null,"apply_immediately":false,"auto_minor_version_upgrade":true,"blue_green_update":[],"copy_tags_to_snapshot":false,"custom_iam_instance_profile":null,"customer_owned_ip_enabled":null,"db_name":"accounts","db_subnet_group_name":"rds-subnet-group","dedicated_log_volume":false,"delete_automated_backups":true,"deletion_protection":null,"domain":null,"domain_auth_secret_arn":null,"domain_dns_ips":null,"domain_iam_role_name":null,"domain_ou":null,"enabled_cloudwatch_logs_exports":null,"engine":"mysql","engine_version":"8.0","final_snapshot_identifier":null,"iam_database_authentication_enabled":null,"instance_class":"db.t3.micro","manage_master_user_password":null,"max_allocated_storage":null,"monitoring_interval":0,"multi_az":false,"parameter_group_name":"default.mysql8.0","password":"admin123","password_wo":null,"password_wo_version":null,"performance_insights_enabled":false,"publicly_accessible":false,"region":"eu-central-1","replicate_source_db":null,"restore_to_point_in_time":[],"s3_import":[],"skip_final_snapshot":true,"storage_encrypted":null,"tags":null,"timeouts":null,"upgrade_storage_config":null,"username":"admin"},"after_unknown":{"address":true,"arn":true,"availability_zone":true,"backup_retention_period":true,"backup_target":true,"backup_window":true,"blue_green_update":[],"ca_cert_identifier":true,"character_set_name":true,"database_insights_mode":true,"domain_fqdn":true,"endpoint":true,"engine_lifecycle_support":true,"engine_version_actual":true,"hosted_zone_id":true,"id":true,"identifier":true,"identifier_prefix":true,"iops":true,"kms_key_id":true,"latest_restorable_time":true,"license_model":true,"listener_endpoint":true,"maintenance_window":true,"master_user_secret":true,"master_user_secret_kms_key_id":true,"monitoring_role_arn":true,"nchar_character_set_name":true,"network_type":true,"option_group_name":true,"performance_insights_kms_key_id":true,"performance_insights_retention_period":true,"port":true,"replica_mode":true,"replicas":true,"resource_id":true,"restore_to_point_in_time":[],"s3_import":[],"snapshot_identifier":true,"status":true,"storage_throughput":true,"storage_type":true,"tags_all":true,"timezone":true,"upgrade_rollout_order":true,"vpc_security_group_ids":true},"before_sensitive":false,"after_sensitive":{"blue_green_update":[],"listener_endpoint":[],"master_user_secret":[],"password":true,"password_wo":true,"replicas":[],"restore_to_point_in_time":[],"s3_import":[],"tags_all":{},"vpc_security_group_ids":[]}}},{"address":"aws_db_subnet_group.RDS_subnet_group","mode":"managed","type":"aws_db_subnet_group","name":"RDS_subnet_group","provider_name":"registry.terraform.io/hashicorp/aws","change":{"actions":["create"],"before":null,"after":{"description":"Managed by Terraform","name":"rds-subnet-group","region":"eu-central-1","tags":{"Name":"DB subnet group"},"tags_all":{"Name":"DB subnet group"}},"after_unknown":{"arn":true,"id":true,"name_prefix":true,"subnet_ids":true,"supported_network_types":true,"tags":{},"tags_all":{},"vpc_id":true},"before_sensitive":false,"after_sensitive":{"subnet_ids":[],"supported_network_types":[],"tags":{},"tags_all":{}}}},{"address":"aws_elastic_beanstalk_application.Eprofile_bean_app","mode":"managed","type":"aws_elastic_beanstalk_application","name":"Eprofile_bean_app","provider_name":"registry.terraform.io/hashicorp/aws","change":{"actions":["create"],"before":null,"after":{"appversion_lifecycle":[],"description":"Eprofilebean application for the Eprofile project","name":"eprofilebeanapp","region":"eu-central-1","tags":null},"after_unknown":{"appversion_lifecycle":[],"arn":true,"id":true,"tags_all":true},"before_sensitive":false,"after_sensitive":{"appversion_lifecycle":[],"tags_all":{}}}},{"address":"aws_elastic_beanstalk_environment.elbeanstalk_env","mode":"managed","type":"aws_elastic_beanstalk_environment","name":"elbeanstalk_env","provider_name":"registry.terraform.io/hashicorp/aws","change":{"actions":["create"],"before":null,"after":{"application":"eprofilebeanapp","cname_prefix":"eprofileapp254698","description":null,"name":"elbeanstalkenv","poll_interval":null,"region":"eu-central-1","setting":[{"name":"AssociatePublicIpAddress","namespace":"aws:ec2:vpc","resource":"","value":"true"},{"name":"EC2KeyName","namespace":"aws:autoscaling:launchconfiguration","resource":"","value":"EC2_Key_Pair"},{"name":"ELBSubnets","namespace":"aws:ec2:vpc","resource":""},{"name":"IamInstanceProfile","namespace":"aws:autoscaling:launchconfiguration","resource":"","value":"eprofile-beanstalk-ec2-profile-auto"},{"name":"InstanceType","namespace":"aws:autoscaling:launchconfiguration","resource":"","value":"t3.micro"},{"name":"MEMCACHED_HOSTNAME","namespace":"aws:elasticbeanstalk:application:environment","resource":""},{"name":"MaxSize","namespace":"aws:autoscaling:asg","resource":"","value":"2"},{"name":"MinSize","namespace":"aws:autoscaling:asg","resource":"","value":"1"},{"name":"RABBITMQ_HOSTNAME","namespace":"aws:elasticbeanstalk:application:environment","resource":""},{"name":"RABBITMQ_PASSWORD","namespace":"aws:elasticbeanstalk:application:environment","resource":"","value":"Gr33n@pple123456"},{"name":"RABBITMQ_USERNAME","namespace":"aws:elasticbeanstalk:application:environment","resource":"","value":"rabbit"},{"name":"RDS_DB_NAME","namespace":"aws:elasticbeanstalk:application:environment","resource":"","value":"accounts"},{"name":"RDS_HOSTNAME","namespace":"aws:elasticbeanstalk:application:environment","resource":""},{"name":"RDS_PASSWORD","namespace":"aws:elasticbeanstalk:application:environment","resource":"","value":"admin123"},{"name":"RDS_USERNAME","namespace":"aws:elasticbeanstalk:application:environment","resource":"","value":"admin"},{"name":"RootVolumeType","namespace":"aws:autoscaling:launchconfiguration","resource":"","value":"gp3"},{"name":"SecurityGroups","namespace":"aws:autoscaling:launchconfiguration","resource":""},{"name":"SecurityGroups","namespace":"aws:elbv2:loadbalancer","resource":""},{"name":"ServiceRole","namespace":"aws:elasticbeanstalk:environment","resource":"","value":"eprofile-beanstalk-service-role-auto"},{"name":"Subnets","namespace":"aws:ec2:vpc","resource":""}],"solution_stack_name":"64bit Amazon Linux 2023 v5.9.3 running Tomcat 10 Corretto 21","tags":null,"template_name":null,"tier":"WebServer","wait_for_ready_timeout":"20m"},"after_unknown":{"all_settings":true,"arn":true,"autoscaling_groups":true,"cname":true,"endpoint_url":true,"id":true,"instances":true,"launch_configurations":true,"load_balancers":true,"platform_arn":true,"queues":true,"setting":[{},{},{"value":true},{},{},{"value":true},{},{},{"value":true},{},{},{},{"value":true},{},{},{},{"value":true},{"value":true},{},{"value":true}],"tags_all":true,"triggers":true,"version_label":true},"before_sensitive":false,"after_sensitive":{"all_settings":[],"autoscaling_groups":[],"instances":[],"launch_configurations":[],"load_balancers":[],"queues":[],"setting":[{},{},{},{},{},{},{},{},{},{},{},{},{},{},{},{},{},{},{},{}],"tags_all":{},"triggers":[]}}},{"address":"aws_elasticache_cluster.ElastiCache","mode":"managed","type":"aws_elasticache_cluster","name":"ElastiCache","provider_name":"registry.terraform.io/hashicorp/aws","change":{"actions":["create"],"before":null,"after":{"auto_minor_version_upgrade":"true","cluster_id":"elasticache","engine":"memcached","final_snapshot_identifier":null,"log_delivery_configuration":[],"node_type":"cache.t3.micro","notification_topic_arn":null,"num_cache_nodes":1,"outpost_mode":null,"parameter_group_name":"default.memcached1.6","port":11211,"preferred_availability_zones":null,"region":"eu-central-1","snapshot_arns":null,"snapshot_name":null,"snapshot_retention_limit":null,"subnet_group_name":"elasticache-subnet-group","tags":null,"timeouts":null},"after_unknown":{"apply_immediately":true,"arn":true,"availability_zone":true,"az_mode":true,"cache_nodes":true,"cluster_address":true,"configuration_endpoint":true,"engine_version":true,"engine_version_actual":true,"id":true,"ip_discovery":true,"log_delivery_configuration":[],"maintenance_window":true,"network_type":true,"preferred_outpost_arn":true,"replication_group_id":true,"security_group_ids":true,"snapshot_window":true,"tags_all":true,"transit_encryption_enabled":true},"before_sensitive":false,"after_sensitive":{"cache_nodes":[],"log_delivery_configuration":[],"security_group_ids":[],"tags_all":{}}}},{"address":"aws_elasticache_subnet_group.ElastiCache_subnet_group","mode":"managed","type":"aws_elasticache_subnet_group","name":"ElastiCache_subnet_group","provider_name":"registry.terraform.io/hashicorp/aws","change":{"actions":["create"],"before":null,"after":{"description":"Managed by Terraform","name":"elasticache-subnet-group","region":"eu-central-1","tags":{"Name":"ElastiCache-subnet-group"},"tags_all":{"Name":"ElastiCache-subnet-group"}},"after_unknown":{"arn":true,"id":true,"subnet_ids":true,"tags":{},"tags_all":{},"vpc_id":true},"before_sensitive":false,"after_sensitive":{"subnet_ids":[],"tags":{},"tags_all":{}}}},{"address":"aws_iam_instance_profile.beanstalk_ec2_profile","mode":"managed","type":"aws_iam_instance_profile","name":"beanstalk_ec2_profile","provider_name":"registry.terraform.io/hashicorp/aws","change":{"actions":["create"],"before":null,"after":{"name":"eprofile-beanstalk-ec2-profile-auto","path":"/","role":"eprofile-beanstalk-ec2-role-auto","tags":null},"after_unknown":{"arn":true,"create_date":true,"id":true,"name_prefix":true,"tags_all":true,"unique_id":true},"before_sensitive":false,"after_sensitive":{"tags_all":{}}}},{"address":"aws_iam_role.beanstalk_ec2","mode":"managed","type":"aws_iam_role","name":"beanstalk_ec2","provider_name":"registry.terraform.io/hashicorp/aws","change":{"actions":["create"],"before":null,"after":{"assume_role_policy":"{\"Statement\":[{\"Action\":\"sts:AssumeRole\",\"Effect\":\"Allow\",\"Principal\":{\"Service\":\"ec2.amazonaws.com\"}}],\"Version\":\"2012-10-17\"}","description":null,"force_detach_policies":false,"max_session_duration":3600,"name":"eprofile-beanstalk-ec2-role-auto","path":"/","permissions_boundary":null,"tags":null},"after_unknown":{"arn":true,"create_date":true,"id":true,"inline_policy":true,"managed_policy_arns":true,"name_prefix":true,"tags_all":true,"unique_id":true},"before_sensitive":false,"after_sensitive":{"inline_policy":[],"managed_policy_arns":[],"tags_all":{}},"after_identity":{"account_id":null,"name":null}}},{"address":"aws_iam_role.beanstalk_service","mode":"managed","type":"aws_iam_role","name":"beanstalk_service","provider_name":"registry.terraform.io/hashicorp/aws","change":{"actions":["create"],"before":null,"after":{"assume_role_policy":"{\"Statement\":[{\"Action\":\"sts:AssumeRole\",\"Condition\":{\"StringLike\":{\"sts:ExternalId\":\"elasticbeanstalk\"}},\"Effect\":\"Allow\",\"Principal\":{\"Service\":\"elasticbeanstalk.amazonaws.com\"}}],\"Version\":\"2012-10-17\"}","description":null,"force_detach_policies":false,"max_session_duration":3600,"name":"eprofile-beanstalk-service-role-auto","path":"/","permissions_boundary":null,"tags":null},"after_unknown":{"arn":true,"create_date":true,"id":true,"inline_policy":true,"managed_policy_arns":true,"name_prefix":true,"tags_all":true,"unique_id":true},"before_sensitive":false,"after_sensitive":{"inline_policy":[],"managed_policy_arns":[],"tags_all":{}},"after_identity":{"account_id":null,"name":null}}},{"address":"aws_iam_role.codebuild_role","mode":"managed","type":"aws_iam_role","name":"codebuild_role","provider_name":"registry.terraform.io/hashicorp/aws","change":{"actions":["create"],"before":null,"after":{"assume_role_policy":"{\"Statement\":[{\"Action\":\"sts:AssumeRole\",\"Effect\":\"Allow\",\"Principal\":{\"Service\":\"codebuild.amazonaws.com\"}}],\"Version\":\"2012-10-17\"}","description":null,"force_detach_policies":false,"max_session_duration":3600,"name":"vprofile-codebuild-role","path":"/","permissions_boundary":null,"tags":null},"after_unknown":{"arn":true,"create_date":true,"id":true,"inline_policy":true,"managed_policy_arns":true,"name_prefix":true,"tags_all":true,"unique_id":true},"before_sensitive":false,"after_sensitive":{"inline_policy":[],"managed_policy_arns":[],"tags_all":{}},"after_identity":{"account_id":null,"name":null}}},{"address":"aws_iam_role.codepipeline_role","mode":"managed","type":"aws_iam_role","name":"codepipeline_role","provider_name":"registry.terraform.io/hashicorp/aws","change":{"actions":["create"],"before":null,"after":{"assume_role_policy":"{\"Statement\":[{\"Action\":\"sts:AssumeRole\",\"Effect\":\"Allow\",\"Principal\":{\"Service\":\"codepipeline.amazonaws.com\"}}],\"Version\":\"2012-10-17\"}","description":null,"force_detach_policies":false,"max_session_duration":3600,"name":"vprofile-codepipeline-role","path":"/","permissions_boundary":null,"tags":null},"after_unknown":{"arn":true,"create_date":true,"id":true,"inline_policy":true,"managed_policy_arns":true,"name_prefix":true,"tags_all":true,"unique_id":true},"before_sensitive":false,"after_sensitive":{"inline_policy":[],"managed_policy_arns":[],"tags_all":{}},"after_identity":{"account_id":null,"name":null}}},{"address":"aws_iam_role_policy.codebuild_policy","mode":"managed","type":"aws_iam_role_policy","name":"codebuild_policy","provider_name":"registry.terraform.io/hashicorp/aws","change":{"actions":["create"],"before":null,"after":{"name":"vprofile-codebuild-policy","policy":"{\"Version\":\"2012-10-17\",\"Statement\":[{\"Action\":[\"*\"],\"Effect\":\"Allow\",\"Resource\":\"*\"}]}"},"after_unknown":{"id":true,"name_prefix":true,"role":true},"before_sensitive":false,"after_sensitive":{},"after_identity":{"account_id":null,"name":null,"role":null}}},{"address":"aws_iam_role_policy.codepipeline_policy","mode":"managed","type":"aws_iam_role_policy","name":"codepipeline_policy","provider_name":"registry.terraform.io/hashicorp/aws","change":{"actions":["create"],"before":null,"after":{"name":"vprofile-codepipeline-policy","policy":"{\"Version\":\"2012-10-17\",\"Statement\":[{\"Action\":[\"s3:*\"],\"Effect\":\"Allow\",\"Resource\":\"*\"},{\"Action\":[\"elasticbeanstalk:*\"],\"Effect\":\"Allow\",\"Resource\":\"*\"},{\"Action\":[\"codebuild:*\",\"codestar-connections:*\"],\"Effect\":\"Allow\",\"Resource\":\"*\"},{\"Action\":[\"ec2:*\",\"elasticloadbalancing:*\",\"autoscaling:*\",\"cloudwatch:*\",\"sns:*\",\"cloudformation:*\",\"rds:*\"],\"Effect\":\"Allow\",\"Resource\":\"*\"},{\"Action\":[\"iam:PassRole\"],\"Effect\":\"Allow\",\"Resource\":\"*\"}]}"},"after_unknown":{"id":true,"name_prefix":true,"role":true},"before_sensitive":false,"after_sensitive":{},"after_identity":{"account_id":null,"name":null,"role":null}}},{"address":"aws_iam_role_policy_attachment.ec2_admin","mode":"managed","type":"aws_iam_role_policy_attachment","name":"ec2_admin","provider_name":"registry.terraform.io/hashicorp/aws","change":{"actions":["create"],"before":null,"after":{"policy_arn":"arn:aws:iam::aws:policy/AdministratorAccess-AWSElasticBeanstalk","role":"eprofile-beanstalk-ec2-role-auto"},"after_unknown":{"id":true},"before_sensitive":false,"after_sensitive":{},"after_identity":{"account_id":null,"policy_arn":null,"role":null}}},{"address":"aws_iam_role_policy_attachment.ec2_custom_platform","mode":"managed","type":"aws_iam_role_policy_attachment","name":"ec2_custom_platform","provider_name":"registry.terraform.io/hashicorp/aws","change":{"actions":["create"],"before":null,"after":{"policy_arn":"arn:aws:iam::aws:policy/AWSElasticBeanstalkCustomPlatformforEC2Role","role":"eprofile-beanstalk-ec2-role-auto"},"after_unknown":{"id":true},"before_sensitive":false,"after_sensitive":{},"after_identity":{"account_id":null,"policy_arn":null,"role":null}}},{"address":"aws_iam_role_policy_attachment.ec2_sns","mode":"managed","type":"aws_iam_role_policy_attachment","name":"ec2_sns","provider_name":"registry.terraform.io/hashicorp/aws","change":{"actions":["create"],"before":null,"after":{"policy_arn":"arn:aws:iam::aws:policy/service-role/AWSElasticBeanstalkRoleSNS","role":"eprofile-beanstalk-ec2-role-auto"},"after_unknown":{"id":true},"before_sensitive":false,"after_sensitive":{},"after_identity":{"account_id":null,"policy_arn":null,"role":null}}},{"address":"aws_iam_role_policy_attachment.ec2_web_tier","mode":"managed","type":"aws_iam_role_policy_attachment","name":"ec2_web_tier","provider_name":"registry.terraform.io/hashicorp/aws","change":{"actions":["create"],"before":null,"after":{"policy_arn":"arn:aws:iam::aws:policy/AWSElasticBeanstalkWebTier","role":"eprofile-beanstalk-ec2-role-auto"},"after_unknown":{"id":true},"before_sensitive":false,"after_sensitive":{},"after_identity":{"account_id":null,"policy_arn":null,"role":null}}},{"address":"aws_iam_role_policy_attachment.service_enhanced_health","mode":"managed","type":"aws_iam_role_policy_attachment","name":"service_enhanced_health","provider_name":"registry.terraform.io/hashicorp/aws","change":{"actions":["create"],"before":null,"after":{"policy_arn":"arn:aws:iam::aws:policy/service-role/AWSElasticBeanstalkEnhancedHealth","role":"eprofile-beanstalk-service-role-auto"},"after_unknown":{"id":true},"before_sensitive":false,"after_sensitive":{},"after_identity":{"account_id":null,"policy_arn":null,"role":null}}},{"address":"aws_iam_role_policy_attachment.service_managed_updates","mode":"managed","type":"aws_iam_role_policy_attachment","name":"service_managed_updates","provider_name":"registry.terraform.io/hashicorp/aws","change":{"actions":["create"],"before":null,"after":{"policy_arn":"arn:aws:iam::aws:policy/AWSElasticBeanstalkManagedUpdatesCustomerRolePolicy","role":"eprofile-beanstalk-service-role-auto"},"after_unknown":{"id":true},"before_sensitive":false,"after_sensitive":{},"after_identity":{"account_id":null,"policy_arn":null,"role":null}}},{"address":"aws_instance.bastion[0]","mode":"managed","type":"aws_instance","name":"bastion","index":0,"provider_name":"registry.terraform.io/hashicorp/aws","change":{"actions":["create"],"before":null,"after":{"ami":"ami-074dd8e8dac7651a5","credit_specification":[],"force_destroy":false,"get_password_data":false,"hibernation":null,"instance_type":"t3.micro","key_name":"EC2_Key_Pair","launch_template":[],"region":"eu-central-1","source_dest_check":true,"tags":{"Name":"bastion"},"tags_all":{"Name":"bastion"},"timeouts":null,"user_data_replace_on_change":false,"volume_tags":null},"after_unknown":{"arn":true,"associate_public_ip_address":true,"availability_zone":true,"capacity_reservation_specification":true,"cpu_options":true,"credit_specification":[],"disable_api_stop":true,"disable_api_termination":true,"ebs_block_device":true,"ebs_optimized":true,"enable_primary_ipv6":true,"enclave_options":true,"ephemeral_block_device":true,"host_id":true,"host_resource_group_arn":true,"iam_instance_profile":true,"id":true,"instance_initiated_shutdown_behavior":true,"instance_lifecycle":true,"instance_market_options":true,"instance_state":true,"ipv6_address_count":true,"ipv6_addresses":true,"launch_template":[],"maintenance_options":true,"metadata_options":true,"monitoring":true,"network_interface":true,"outpost_arn":true,"password_data":true,"placement_group":true,"placement_group_id":true,"placement_partition_number":true,"primary_network_interface":true,"primary_network_interface_id":true,"private_dns":true,"private_dns_name_options":true,"private_ip":true,"public_dns":true,"public_ip":true,"root_block_device":true,"secondary_private_ips":true,"security_groups":true,"spot_instance_request_id":true,"subnet_id":true,"tags":{},"tags_all":{},"tenancy":true,"user_data":true,"user_data_base64":true,"vpc_security_group_ids":true},"before_sensitive":false,"after_sensitive":{"capacity_reservation_specification":[],"cpu_options":[],"credit_specification":[],"ebs_block_device":[],"enclave_options":[],"ephemeral_block_device":[],"instance_market_options":[],"ipv6_addresses":[],"launch_template":[],"maintenance_options":[],"metadata_options":[],"network_interface":[],"primary_network_interface":[],"private_dns_name_options":[],"root_block_device":[],"secondary_private_ips":[],"security_groups":[],"tags":{},"tags_all":{},"vpc_security_group_ids":[]},"after_identity":{"account_id":null,"id":null,"region":null}}},{"address":"aws_key_pair.EC2_Key_Pair","mode":"managed","type":"aws_key_pair","name":"EC2_Key_Pair","provider_name":"registry.terraform.io/hashicorp/aws","change":{"actions":["create"],"before":null,"after":{"key_name":"EC2_Key_Pair","public_key":"ssh-ed25519 AAAAC3NzaC1lZDI1NTE5AAAAIPm2WLrb7XtIV1QcsuPWt2HfP454TE8JzHP4s6WgsXu5 amr@JOJO","region":"eu-central-1","tags":null},"after_unknown":{"arn":true,"fingerprint":true,"id":true,"key_name_prefix":true,"key_pair_id":true,"key_type":true,"tags_all":true},"before_sensitive":false,"after_sensitive":{"tags_all":{}}}},{"address":"aws_mq_broker.RabbitMQ","mode":"managed","type":"aws_mq_broker","name":"RabbitMQ","provider_name":"registry.terraform.io/hashicorp/aws","change":{"actions":["create"],"before":null,"after":{"apply_immediately":false,"auto_minor_version_upgrade":true,"broker_name":"example","data_replication_primary_broker_arn":null,"deployment_mode":"SINGLE_INSTANCE","encryption_options":[],"engine_type":"RabbitMQ","engine_version":"3.13","host_instance_type":"mq.t3.micro","ldap_server_metadata":[],"logs":[],"publicly_accessible":false,"region":"eu-central-1","tags":null,"timeouts":null,"user":[{"console_access":false,"groups":[],"password":"Gr33n@pple123456","replication_user":false,"username":"rabbit"}]},"after_unknown":{"arn":true,"authentication_strategy":true,"configuration":true,"data_replication_mode":true,"encryption_options":[],"id":true,"instances":true,"ldap_server_metadata":[],"logs":[],"maintenance_window_start_time":true,"pending_data_replication_mode":true,"security_groups":true,"storage_type":true,"subnet_ids":true,"tags_all":true,"user":[{"groups":[]}]},"before_sensitive":false,"after_sensitive":{"configuration":[],"encryption_options":[],"instances":[],"ldap_server_metadata":[],"logs":[],"maintenance_window_start_time":[],"security_groups":[],"subnet_ids":[],"tags_all":{},"user":true}}},{"address":"aws_s3_bucket.codepipeline_bucket","mode":"managed","type":"aws_s3_bucket","name":"codepipeline_bucket","provider_name":"registry.terraform.io/hashicorp/aws","change":{"actions":["create"],"before":null,"after":{"force_destroy":true,"region":"eu-central-1","tags":null,"timeouts":null},"after_unknown":{"acceleration_status":true,"acl":true,"arn":true,"bucket":true,"bucket_domain_name":true,"bucket_prefix":true,"bucket_region":true,"bucket_regional_domain_name":true,"cors_rule":true,"grant":true,"hosted_zone_id":true,"id":true,"lifecycle_rule":true,"logging":true,"object_lock_configuration":true,"object_lock_enabled":true,"policy":true,"replication_configuration":true,"request_payer":true,"server_side_encryption_configuration":true,"tags_all":true,"versioning":true,"website":true,"website_domain":true,"website_endpoint":true},"before_sensitive":false,"after_sensitive":{"cors_rule":[],"grant":[],"lifecycle_rule":[],"logging":[],"object_lock_configuration":[],"replication_configuration":[],"server_side_encryption_configuration":[],"tags_all":{},"versioning":[],"website":[]},"after_identity":{"account_id":null,"bucket":null,"region":null}}},{"address":"aws_security_group.Bastion-SG","mode":"managed","type":"aws_security_group","name":"Bastion-SG","provider_name":"registry.terraform.io/hashicorp/aws","change":{"actions":["create"],"before":null,"after":{"description":"Allow SSH inbound traffic and all outbound traffic","name":"Bastion-SG","region":"eu-central-1","revoke_rules_on_delete":false,"tags":{"Name":"Bastion-SG"},"tags_all":{"Name":"Bastion-SG"},"timeouts":null},"after_unknown":{"arn":true,"egress":true,"id":true,"ingress":true,"name_prefix":true,"owner_id":true,"tags":{},"tags_all":{},"vpc_id":true},"before_sensitive":false,"after_sensitive":{"egress":[],"ingress":[],"tags":{},"tags_all":{}},"after_identity":{"account_id":null,"id":null,"region":null}}},{"address":"aws_security_group.Data-SG","mode":"managed","type":"aws_security_group","name":"Data-SG","provider_name":"registry.terraform.io/hashicorp/aws","change":{"actions":["create"],"before":null,"after":{"description":"Allow 3306, 11211, 5672 inbound traffic from tomcat and all outbound traffic","name":"Data-SG","region":"eu-central-1","revoke_rules_on_delete":false,"tags":{"Name":"Data-SG"},"tags_all":{"Name":"Data-SG"},"timeouts":null},"after_unknown":{"arn":true,"egress":true,"id":true,"ingress":true,"name_prefix":true,"owner_id":true,"tags":{},"tags_all":{},"vpc_id":true},"before_sensitive":false,"after_sensitive":{"egress":[],"ingress":[],"tags":{},"tags_all":{}},"after_identity":{"account_id":null,"id":null,"region":null}}},{"address":"aws_security_group.Load-Balancer-SG","mode":"managed","type":"aws_security_group","name":"Load-Balancer-SG","provider_name":"registry.terraform.io/hashicorp/aws","change":{"actions":["create"],"before":null,"after":{"description":"Allow HTTP inbound traffic and all outbound traffic","name":"Load-Balancer-SG","region":"eu-central-1","revoke_rules_on_delete":false,"tags":{"Name":"Load-Balancer-SG"},"tags_all":{"Name":"Load-Balancer-SG"},"timeouts":null},"after_unknown":{"arn":true,"egress":true,"id":true,"ingress":true,"name_prefix":true,"owner_id":true,"tags":{},"tags_all":{},"vpc_id":true},"before_sensitive":false,"after_sensitive":{"egress":[],"ingress":[],"tags":{},"tags_all":{}},"after_identity":{"account_id":null,"id":null,"region":null}}},{"address":"aws_security_group.Tomcat-SG","mode":"managed","type":"aws_security_group","name":"Tomcat-SG","provider_name":"registry.terraform.io/hashicorp/aws","change":{"actions":["create"],"before":null,"after":{"description":"Allow 80 inbound traffic from Frontend and all outbound traffic","name":"Tomcat-SG","region":"eu-central-1","revoke_rules_on_delete":false,"tags":{"Name":"Tomcat-SG"},"tags_all":{"Name":"Tomcat-SG"},"timeouts":null},"after_unknown":{"arn":true,"egress":true,"id":true,"ingress":true,"name_prefix":true,"owner_id":true,"tags":{},"tags_all":{},"vpc_id":true},"before_sensitive":false,"after_sensitive":{"egress":[],"ingress":[],"tags":{},"tags_all":{}},"after_identity":{"account_id":null,"id":null,"region":null}}},{"address":"aws_vpc_security_group_egress_rule.allow_all_traffic_ipv4_Bastion","mode":"managed","type":"aws_vpc_security_group_egress_rule","name":"allow_all_traffic_ipv4_Bastion","provider_name":"registry.terraform.io/hashicorp/aws","change":{"actions":["create"],"before":null,"after":{"cidr_ipv4":"0.0.0.0/0","cidr_ipv6":null,"description":null,"from_port":null,"ip_protocol":"-1","prefix_list_id":null,"referenced_security_group_id":null,"region":"eu-central-1","tags":null,"tags_all":{},"to_port":null},"after_unknown":{"arn":true,"id":true,"security_group_id":true,"security_group_rule_id":true,"tags_all":{}},"before_sensitive":false,"after_sensitive":{"tags_all":{}}}},{"address":"aws_vpc_security_group_egress_rule.allow_all_traffic_ipv4_Data","mode":"managed","type":"aws_vpc_security_group_egress_rule","name":"allow_all_traffic_ipv4_Data","provider_name":"registry.terraform.io/hashicorp/aws","change":{"actions":["create"],"before":null,"after":{"cidr_ipv4":"0.0.0.0/0","cidr_ipv6":null,"description":null,"from_port":null,"ip_protocol":"-1","prefix_list_id":null,"referenced_security_group_id":null,"region":"eu-central-1","tags":null,"tags_all":{},"to_port":null},"after_unknown":{"arn":true,"id":true,"security_group_id":true,"security_group_rule_id":true,"tags_all":{}},"before_sensitive":false,"after_sensitive":{"tags_all":{}}}},{"address":"aws_vpc_security_group_egress_rule.allow_all_traffic_ipv4_frontend","mode":"managed","type":"aws_vpc_security_group_egress_rule","name":"allow_all_traffic_ipv4_frontend","provider_name":"registry.terraform.io/hashicorp/aws","change":{"actions":["create"],"before":null,"after":{"cidr_ipv4":"0.0.0.0/0","cidr_ipv6":null,"description":null,"from_port":null,"ip_protocol":"-1","prefix_list_id":null,"referenced_security_group_id":null,"region":"eu-central-1","tags":null,"tags_all":{},"to_port":null},"after_unknown":{"arn":true,"id":true,"security_group_id":true,"security_group_rule_id":true,"tags_all":{}},"before_sensitive":false,"after_sensitive":{"tags_all":{}}}},{"address":"aws_vpc_security_group_egress_rule.allow_all_traffic_ipv4_tomcat","mode":"managed","type":"aws_vpc_security_group_egress_rule","name":"allow_all_traffic_ipv4_tomcat","provider_name":"registry.terraform.io/hashicorp/aws","change":{"actions":["create"],"before":null,"after":{"cidr_ipv4":"0.0.0.0/0","cidr_ipv6":null,"description":null,"from_port":null,"ip_protocol":"-1","prefix_list_id":null,"referenced_security_group_id":null,"region":"eu-central-1","tags":null,"tags_all":{},"to_port":null},"after_unknown":{"arn":true,"id":true,"security_group_id":true,"security_group_rule_id":true,"tags_all":{}},"before_sensitive":false,"after_sensitive":{"tags_all":{}}}},{"address":"aws_vpc_security_group_ingress_rule.allow_11211_from_tomcat-SG","mode":"managed","type":"aws_vpc_security_group_ingress_rule","name":"allow_11211_from_tomcat-SG","provider_name":"registry.terraform.io/hashicorp/aws","change":{"actions":["create"],"before":null,"after":{"cidr_ipv4":null,"cidr_ipv6":null,"description":null,"from_port":11211,"ip_protocol":"tcp","prefix_list_id":null,"region":"eu-central-1","tags":null,"tags_all":{},"to_port":11211},"after_unknown":{"arn":true,"id":true,"referenced_security_group_id":true,"security_group_id":true,"security_group_rule_id":true,"tags_all":{}},"before_sensitive":false,"after_sensitive":{"tags_all":{}}}},{"address":"aws_vpc_security_group_ingress_rule.allow_3306_from_Bastion","mode":"managed","type":"aws_vpc_security_group_ingress_rule","name":"allow_3306_from_Bastion","provider_name":"registry.terraform.io/hashicorp/aws","change":{"actions":["create"],"before":null,"after":{"cidr_ipv4":null,"cidr_ipv6":null,"description":null,"from_port":3306,"ip_protocol":"tcp","prefix_list_id":null,"region":"eu-central-1","tags":null,"tags_all":{},"to_port":3306},"after_unknown":{"arn":true,"id":true,"referenced_security_group_id":true,"security_group_id":true,"security_group_rule_id":true,"tags_all":{}},"before_sensitive":false,"after_sensitive":{"tags_all":{}}}},{"address":"aws_vpc_security_group_ingress_rule.allow_3306_from_tomcat-SG","mode":"managed","type":"aws_vpc_security_group_ingress_rule","name":"allow_3306_from_tomcat-SG","provider_name":"registry.terraform.io/hashicorp/aws","change":{"actions":["create"],"before":null,"after":{"cidr_ipv4":null,"cidr_ipv6":null,"description":null,"from_port":3306,"ip_protocol":"tcp","prefix_list_id":null,"region":"eu-central-1","tags":null,"tags_all":{},"to_port":3306},"after_unknown":{"arn":true,"id":true,"referenced_security_group_id":true,"security_group_id":true,"security_group_rule_id":true,"tags_all":{}},"before_sensitive":false,"after_sensitive":{"tags_all":{}}}},{"address":"aws_vpc_security_group_ingress_rule.allow_5672_from_tomcat-SG","mode":"managed","type":"aws_vpc_security_group_ingress_rule","name":"allow_5672_from_tomcat-SG","provider_name":"registry.terraform.io/hashicorp/aws","change":{"actions":["create"],"before":null,"after":{"cidr_ipv4":null,"cidr_ipv6":null,"description":null,"from_port":5671,"ip_protocol":"tcp","prefix_list_id":null,"region":"eu-central-1","tags":null,"tags_all":{},"to_port":5671},"after_unknown":{"arn":true,"id":true,"referenced_security_group_id":true,"security_group_id":true,"security_group_rule_id":true,"tags_all":{}},"before_sensitive":false,"after_sensitive":{"tags_all":{}}}},{"address":"aws_vpc_security_group_ingress_rule.allow_80_from_frontend","mode":"managed","type":"aws_vpc_security_group_ingress_rule","name":"allow_80_from_frontend","provider_name":"registry.terraform.io/hashicorp/aws","change":{"actions":["create"],"before":null,"after":{"cidr_ipv4":null,"cidr_ipv6":null,"description":null,"from_port":80,"ip_protocol":"tcp","prefix_list_id":null,"region":"eu-central-1","tags":null,"tags_all":{},"to_port":80},"after_unknown":{"arn":true,"id":true,"referenced_security_group_id":true,"security_group_id":true,"security_group_rule_id":true,"tags_all":{}},"before_sensitive":false,"after_sensitive":{"tags_all":{}}}},{"address":"aws_vpc_security_group_ingress_rule.allow_http","mode":"managed","type":"aws_vpc_security_group_ingress_rule","name":"allow_http","provider_name":"registry.terraform.io/hashicorp/aws","change":{"actions":["create"],"before":null,"after":{"cidr_ipv4":"0.0.0.0/0","cidr_ipv6":null,"description":null,"from_port":80,"ip_protocol":"tcp","prefix_list_id":null,"referenced_security_group_id":null,"region":"eu-central-1","tags":null,"tags_all":{},"to_port":80},"after_unknown":{"arn":true,"id":true,"security_group_id":true,"security_group_rule_id":true,"tags_all":{}},"before_sensitive":false,"after_sensitive":{"tags_all":{}}}},{"address":"aws_vpc_security_group_ingress_rule.allow_ipv4_internal","mode":"managed","type":"aws_vpc_security_group_ingress_rule","name":"allow_ipv4_internal","provider_name":"registry.terraform.io/hashicorp/aws","change":{"actions":["create"],"before":null,"after":{"cidr_ipv4":null,"cidr_ipv6":null,"description":null,"from_port":0,"ip_protocol":"tcp","prefix_list_id":null,"region":"eu-central-1","tags":null,"tags_all":{},"to_port":65535},"after_unknown":{"arn":true,"id":true,"referenced_security_group_id":true,"security_group_id":true,"security_group_rule_id":true,"tags_all":{}},"before_sensitive":false,"after_sensitive":{"tags_all":{}}}},{"address":"aws_vpc_security_group_ingress_rule.allow_ssh_ipv4_Bastion","mode":"managed","type":"aws_vpc_security_group_ingress_rule","name":"allow_ssh_ipv4_Bastion","provider_name":"registry.terraform.io/hashicorp/aws","change":{"actions":["create"],"before":null,"after":{"cidr_ipv4":"0.0.0.0/0","cidr_ipv6":null,"description":null,"from_port":22,"ip_protocol":"tcp","prefix_list_id":null,"referenced_security_group_id":null,"region":"eu-central-1","tags":null,"tags_all":{},"to_port":22},"after_unknown":{"arn":true,"id":true,"security_group_id":true,"security_group_rule_id":true,"tags_all":{}},"before_sensitive":false,"after_sensitive":{"tags_all":{}}}},{"address":"aws_vpc_security_group_ingress_rule.allow_ssh_ipv4_tomcat","mode":"managed","type":"aws_vpc_security_group_ingress_rule","name":"allow_ssh_ipv4_tomcat","provider_name":"registry.terraform.io/hashicorp/aws","change":{"actions":["create"],"before":null,"after":{"cidr_ipv4":"0.0.0.0/0","cidr_ipv6":null,"description":null,"from_port":22,"ip_protocol":"tcp","prefix_list_id":null,"referenced_security_group_id":null,"region":"eu-central-1","tags":null,"tags_all":{},"to_port":22},"after_unknown":{"arn":true,"id":true,"security_group_id":true,"security_group_rule_id":true,"tags_all":{}},"before_sensitive":false,"after_sensitive":{"tags_all":{}}}},{"address":"random_id.bucket_suffix","mode":"managed","type":"random_id","name":"bucket_suffix","provider_name":"registry.terraform.io/hashicorp/random","change":{"actions":["create"],"before":null,"after":{"byte_length":4,"keepers":null,"prefix":null},"after_unknown":{"b64_std":true,"b64_url":true,"dec":true,"hex":true,"id":true},"before_sensitive":false,"after_sensitive":{}}},{"address":"module.vpc.aws_default_network_acl.this[0]","module_address":"module.vpc","mode":"managed","type":"aws_default_network_acl","name":"this","index":0,"provider_name":"registry.terraform.io/hashicorp/aws","change":{"actions":["create"],"before":null,"after":{"egress":[{"action":"allow","cidr_block":"","from_port":0,"icmp_code":null,"icmp_type":null,"ipv6_cidr_block":"::/0","protocol":"-1","rule_no":101,"to_port":0},{"action":"allow","cidr_block":"0.0.0.0/0","from_port":0,"icmp_code":null,"icmp_type":null,"ipv6_cidr_block":"","protocol":"-1","rule_no":100,"to_port":0}],"ingress":[{"action":"allow","cidr_block":"","from_port":0,"icmp_code":null,"icmp_type":null,"ipv6_cidr_block":"::/0","protocol":"-1","rule_no":101,"to_port":0},{"action":"allow","cidr_block":"0.0.0.0/0","from_port":0,"icmp_code":null,"icmp_type":null,"ipv6_cidr_block":"","protocol":"-1","rule_no":100,"to_port":0}],"region":"eu-central-1","subnet_ids":null,"tags":{"Environment":"dev","Name":"Eprofile-VPC-default","Terraform":"true"},"tags_all":{"Environment":"dev","Name":"Eprofile-VPC-default","Terraform":"true"}},"after_unknown":{"arn":true,"default_network_acl_id":true,"egress":[{},{}],"id":true,"ingress":[{},{}],"owner_id":true,"tags":{},"tags_all":{},"vpc_id":true},"before_sensitive":false,"after_sensitive":{"egress":[{},{}],"ingress":[{},{}],"tags":{},"tags_all":{}}}},{"address":"module.vpc.aws_default_route_table.default[0]","module_address":"module.vpc","mode":"managed","type":"aws_default_route_table","name":"default","index":0,"provider_name":"registry.terraform.io/hashicorp/aws","change":{"actions":["create"],"before":null,"after":{"propagating_vgws":null,"region":"eu-central-1","tags":{"Environment":"dev","Name":"Eprofile-VPC-default","Terraform":"true"},"tags_all":{"Environment":"dev","Name":"Eprofile-VPC-default","Terraform":"true"},"timeouts":{"create":"5m","update":"5m"}},"after_unknown":{"arn":true,"default_route_table_id":true,"id":true,"owner_id":true,"route":true,"tags":{},"tags_all":{},"timeouts":{},"vpc_id":true},"before_sensitive":false,"after_sensitive":{"route":[],"tags":{},"tags_all":{},"timeouts":{}}}},{"address":"module.vpc.aws_default_security_group.this[0]","module_address":"module.vpc","mode":"managed","type":"aws_default_security_group","name":"this","index":0,"provider_name":"registry.terraform.io/hashicorp/aws","change":{"actions":["create"],"before":null,"after":{"region":"eu-central-1","revoke_rules_on_delete":false,"tags":{"Environment":"dev","Name":"Eprofile-VPC-default","Terraform":"true"},"tags_all":{"Environment":"dev","Name":"Eprofile-VPC-default","Terraform":"true"}},"after_unknown":{"arn":true,"description":true,"egress":true,"id":true,"ingress":true,"name":true,"name_prefix":true,"owner_id":true,"tags":{},"tags_all":{},"vpc_id":true},"before_sensitive":false,"after_sensitive":{"egress":[],"ingress":[],"tags":{},"tags_all":{}}}},{"address":"module.vpc.aws_eip.nat[0]","module_address":"module.vpc","mode":"managed","type":"aws_eip","name":"nat","index":0,"provider_name":"registry.terraform.io/hashicorp/aws","change":{"actions":["create"],"before":null,"after":{"address":null,"associate_with_private_ip":null,"customer_owned_ipv4_pool":null,"domain":"vpc","region":"eu-central-1","tags":{"Environment":"dev","Name":"Eprofile-VPC-eu-central-1a","Terraform":"true"},"tags_all":{"Environment":"dev","Name":"Eprofile-VPC-eu-central-1a","Terraform":"true"},"timeouts":null},"after_unknown":{"allocation_id":true,"arn":true,"association_id":true,"carrier_ip":true,"customer_owned_ip":true,"id":true,"instance":true,"ipam_pool_id":true,"network_border_group":true,"network_interface":true,"private_dns":true,"private_ip":true,"ptr_record":true,"public_dns":true,"public_ip":true,"public_ipv4_pool":true,"tags":{},"tags_all":{}},"before_sensitive":false,"after_sensitive":{"tags":{},"tags_all":{}}}},{"address":"module.vpc.aws_internet_gateway.this[0]","module_address":"module.vpc","mode":"managed","type":"aws_internet_gateway","name":"this","index":0,"provider_name":"registry.terraform.io/hashicorp/aws","change":{"actions":["create"],"before":null,"after":{"region":"eu-central-1","tags":{"Environment":"dev","Name":"Eprofile-VPC","Terraform":"true"},"tags_all":{"Environment":"dev","Name":"Eprofile-VPC","Terraform":"true"},"timeouts":null},"after_unknown":{"arn":true,"id":true,"owner_id":true,"tags":{},"tags_all":{},"vpc_id":true},"before_sensitive":false,"after_sensitive":{"tags":{},"tags_all":{}}}},{"address":"module.vpc.aws_nat_gateway.this[0]","module_address":"module.vpc","mode":"managed","type":"aws_nat_gateway","name":"this","index":0,"provider_name":"registry.terraform.io/hashicorp/aws","change":{"actions":["create"],"before":null,"after":{"availability_zone_address":[],"connectivity_type":"public","region":"eu-central-1","tags":{"Environment":"dev","Name":"Eprofile-VPC-eu-central-1a","Terraform":"true"},"tags_all":{"Environment":"dev","Name":"Eprofile-VPC-eu-central-1a","Terraform":"true"},"timeouts":null},"after_unknown":{"allocation_id":true,"association_id":true,"auto_provision_zones":true,"auto_scaling_ips":true,"availability_mode":true,"availability_zone_address":[],"id":true,"network_interface_id":true,"private_ip":true,"public_ip":true,"regional_nat_gateway_address":true,"regional_nat_gateway_auto_mode":true,"route_table_id":true,"secondary_allocation_ids":true,"secondary_private_ip_address_count":true,"secondary_private_ip_addresses":true,"subnet_id":true,"tags":{},"tags_all":{},"vpc_id":true},"before_sensitive":false,"after_sensitive":{"availability_zone_address":[],"regional_nat_gateway_address":[],"secondary_allocation_ids":[],"secondary_private_ip_addresses":[],"tags":{},"tags_all":{}}}},{"address":"module.vpc.aws_route.private_nat_gateway[0]","module_address":"module.vpc","mode":"managed","type":"aws_route","name":"private_nat_gateway","index":0,"provider_name":"registry.terraform.io/hashicorp/aws","change":{"actions":["create"],"before":null,"after":{"carrier_gateway_id":null,"core_network_arn":null,"destination_cidr_block":"0.0.0.0/0","destination_ipv6_cidr_block":null,"destination_prefix_list_id":null,"egress_only_gateway_id":null,"gateway_id":null,"local_gateway_id":null,"region":"eu-central-1","timeouts":{"create":"5m","delete":null,"update":null},"transit_gateway_id":null,"vpc_endpoint_id":null,"vpc_peering_connection_id":null},"after_unknown":{"id":true,"instance_id":true,"instance_owner_id":true,"nat_gateway_id":true,"network_interface_id":true,"origin":true,"route_table_id":true,"state":true,"timeouts":{}},"before_sensitive":false,"after_sensitive":{"timeouts":{}},"after_identity":{"account_id":null,"destination_cidr_block":null,"destination_ipv6_cidr_block":null,"destination_prefix_list_id":null,"region":null,"route_table_id":null}}},{"address":"module.vpc.aws_route.public_internet_gateway[0]","module_address":"module.vpc","mode":"managed","type":"aws_route","name":"public_internet_gateway","index":0,"provider_name":"registry.terraform.io/hashicorp/aws","change":{"actions":["create"],"before":null,"after":{"carrier_gateway_id":null,"core_network_arn":null,"destination_cidr_block":"0.0.0.0/0","destination_ipv6_cidr_block":null,"destination_prefix_list_id":null,"egress_only_gateway_id":null,"local_gateway_id":null,"nat_gateway_id":null,"region":"eu-central-1","timeouts":{"create":"5m","delete":null,"update":null},"transit_gateway_id":null,"vpc_endpoint_id":null,"vpc_peering_connection_id":null},"after_unknown":{"gateway_id":true,"id":true,"instance_id":true,"instance_owner_id":true,"network_interface_id":true,"origin":true,"route_table_id":true,"state":true,"timeouts":{}},"before_sensitive":false,"after_sensitive":{"timeouts":{}},"after_identity":{"account_id":null,"destination_cidr_block":null,"destination_ipv6_cidr_block":null,"destination_prefix_list_id":null,"region":null,"route_table_id":null}}},{"address":"module.vpc.aws_route_table.private[0]","module_address":"module.vpc","mode":"managed","type":"aws_route_table","name":"private","index":0,"provider_name":"registry.terraform.io/hashicorp/aws","change":{"actions":["create"],"before":null,"after":{"region":"eu-central-1","tags":{"Environment":"dev","Name":"Eprofile-VPC-private","Terraform":"true"},"tags_all":{"Environment":"dev","Name":"Eprofile-VPC-private","Terraform":"true"},"timeouts":null},"after_unknown":{"arn":true,"id":true,"owner_id":true,"propagating_vgws":true,"route":true,"tags":{},"tags_all":{},"vpc_id":true},"before_sensitive":false,"after_sensitive":{"propagating_vgws":[],"route":[],"tags":{},"tags_all":{}},"after_identity":{"account_id":null,"id":null,"region":null}}},{"address":"module.vpc.aws_route_table.public[0]","module_address":"module.vpc","mode":"managed","type":"aws_route_table","name":"public","index":0,"provider_name":"registry.terraform.io/hashicorp/aws","change":{"actions":["create"],"before":null,"after":{"region":"eu-central-1","tags":{"Environment":"dev","Name":"Eprofile-VPC-public","Terraform":"true"},"tags_all":{"Environment":"dev","Name":"Eprofile-VPC-public","Terraform":"true"},"timeouts":null},"after_unknown":{"arn":true,"id":true,"owner_id":true,"propagating_vgws":true,"route":true,"tags":{},"tags_all":{},"vpc_id":true},"before_sensitive":false,"after_sensitive":{"propagating_vgws":[],"route":[],"tags":{},"tags_all":{}},"after_identity":{"account_id":null,"id":null,"region":null}}},{"address":"module.vpc.aws_route_table_association.private[0]","module_address":"module.vpc","mode":"managed","type":"aws_route_table_association","name":"private","index":0,"provider_name":"registry.terraform.io/hashicorp/aws","change":{"actions":["create"],"before":null,"after":{"gateway_id":null,"region":"eu-central-1","timeouts":null},"after_unknown":{"id":true,"route_table_id":true,"subnet_id":true},"before_sensitive":false,"after_sensitive":{}}},{"address":"module.vpc.aws_route_table_association.private[1]","module_address":"module.vpc","mode":"managed","type":"aws_route_table_association","name":"private","index":1,"provider_name":"registry.terraform.io/hashicorp/aws","change":{"actions":["create"],"before":null,"after":{"gateway_id":null,"region":"eu-central-1","timeouts":null},"after_unknown":{"id":true,"route_table_id":true,"subnet_id":true},"before_sensitive":false,"after_sensitive":{}}},{"address":"module.vpc.aws_route_table_association.private[2]","module_address":"module.vpc","mode":"managed","type":"aws_route_table_association","name":"private","index":2,"provider_name":"registry.terraform.io/hashicorp/aws","change":{"actions":["create"],"before":null,"after":{"gateway_id":null,"region":"eu-central-1","timeouts":null},"after_unknown":{"id":true,"route_table_id":true,"subnet_id":true},"before_sensitive":false,"after_sensitive":{}}},{"address":"module.vpc.aws_route_table_association.public[0]","module_address":"module.vpc","mode":"managed","type":"aws_route_table_association","name":"public","index":0,"provider_name":"registry.terraform.io/hashicorp/aws","change":{"actions":["create"],"before":null,"after":{"gateway_id":null,"region":"eu-central-1","timeouts":null},"after_unknown":{"id":true,"route_table_id":true,"subnet_id":true},"before_sensitive":false,"after_sensitive":{}}},{"address":"module.vpc.aws_route_table_association.public[1]","module_address":"module.vpc","mode":"managed","type":"aws_route_table_association","name":"public","index":1,"provider_name":"registry.terraform.io/hashicorp/aws","change":{"actions":["create"],"before":null,"after":{"gateway_id":null,"region":"eu-central-1","timeouts":null},"after_unknown":{"id":true,"route_table_id":true,"subnet_id":true},"before_sensitive":false,"after_sensitive":{}}},{"address":"module.vpc.aws_route_table_association.public[2]","module_address":"module.vpc","mode":"managed","type":"aws_route_table_association","name":"public","index":2,"provider_name":"registry.terraform.io/hashicorp/aws","change":{"actions":["create"],"before":null,"after":{"gateway_id":null,"region":"eu-central-1","timeouts":null},"after_unknown":{"id":true,"route_table_id":true,"subnet_id":true},"before_sensitive":false,"after_sensitive":{}}},{"address":"module.vpc.aws_subnet.private[0]","module_address":"module.vpc","mode":"managed","type":"aws_subnet","name":"private","index":0,"provider_name":"registry.terraform.io/hashicorp/aws","change":{"actions":["create"],"before":null,"after":{"assign_ipv6_address_on_creation":false,"availability_zone":"eu-central-1a","cidr_block":"10.0.4.0/24","customer_owned_ipv4_pool":null,"enable_dns64":false,"enable_lni_at_device_index":null,"enable_resource_name_dns_a_record_on_launch":false,"enable_resource_name_dns_aaaa_record_on_launch":false,"ipv4_ipam_pool_id":null,"ipv4_netmask_length":null,"ipv6_ipam_pool_id":null,"ipv6_native":false,"ipv6_netmask_length":null,"map_customer_owned_ip_on_launch":null,"map_public_ip_on_launch":false,"outpost_arn":null,"region":"eu-central-1","tags":{"Environment":"dev","Name":"Eprofile-VPC-private-eu-central-1a","Terraform":"true"},"tags_all":{"Environment":"dev","Name":"Eprofile-VPC-private-eu-central-1a","Terraform":"true"},"timeouts":null},"after_unknown":{"arn":true,"availability_zone_id":true,"id":true,"ipv6_cidr_block":true,"ipv6_cidr_block_association_id":true,"owner_id":true,"private_dns_hostname_type_on_launch":true,"tags":{},"tags_all":{},"vpc_id":true},"before_sensitive":false,"after_sensitive":{"tags":{},"tags_all":{}},"after_identity":{"account_id":null,"id":null,"region":null}}},{"address":"module.vpc.aws_subnet.private[1]","module_address":"module.vpc","mode":"managed","type":"aws_subnet","name":"private","index":1,"provider_name":"registry.terraform.io/hashicorp/aws","change":{"actions":["create"],"before":null,"after":{"assign_ipv6_address_on_creation":false,"availability_zone":"eu-central-1b","cidr_block":"10.0.5.0/24","customer_owned_ipv4_pool":null,"enable_dns64":false,"enable_lni_at_device_index":null,"enable_resource_name_dns_a_record_on_launch":false,"enable_resource_name_dns_aaaa_record_on_launch":false,"ipv4_ipam_pool_id":null,"ipv4_netmask_length":null,"ipv6_ipam_pool_id":null,"ipv6_native":false,"ipv6_netmask_length":null,"map_customer_owned_ip_on_launch":null,"map_public_ip_on_launch":false,"outpost_arn":null,"region":"eu-central-1","tags":{"Environment":"dev","Name":"Eprofile-VPC-private-eu-central-1b","Terraform":"true"},"tags_all":{"Environment":"dev","Name":"Eprofile-VPC-private-eu-central-1b","Terraform":"true"},"timeouts":null},"after_unknown":{"arn":true,"availability_zone_id":true,"id":true,"ipv6_cidr_block":true,"ipv6_cidr_block_association_id":true,"owner_id":true,"private_dns_hostname_type_on_launch":true,"tags":{},"tags_all":{},"vpc_id":true},"before_sensitive":false,"after_sensitive":{"tags":{},"tags_all":{}},"after_identity":{"account_id":null,"id":null,"region":null}}},{"address":"module.vpc.aws_subnet.private[2]","module_address":"module.vpc","mode":"managed","type":"aws_subnet","name":"private","index":2,"provider_name":"registry.terraform.io/hashicorp/aws","change":{"actions":["create"],"before":null,"after":{"assign_ipv6_address_on_creation":false,"availability_zone":"eu-central-1c","cidr_block":"10.0.6.0/24","customer_owned_ipv4_pool":null,"enable_dns64":false,"enable_lni_at_device_index":null,"enable_resource_name_dns_a_record_on_launch":false,"enable_resource_name_dns_aaaa_record_on_launch":false,"ipv4_ipam_pool_id":null,"ipv4_netmask_length":null,"ipv6_ipam_pool_id":null,"ipv6_native":false,"ipv6_netmask_length":null,"map_customer_owned_ip_on_launch":null,"map_public_ip_on_launch":false,"outpost_arn":null,"region":"eu-central-1","tags":{"Environment":"dev","Name":"Eprofile-VPC-private-eu-central-1c","Terraform":"true"},"tags_all":{"Environment":"dev","Name":"Eprofile-VPC-private-eu-central-1c","Terraform":"true"},"timeouts":null},"after_unknown":{"arn":true,"availability_zone_id":true,"id":true,"ipv6_cidr_block":true,"ipv6_cidr_block_association_id":true,"owner_id":true,"private_dns_hostname_type_on_launch":true,"tags":{},"tags_all":{},"vpc_id":true},"before_sensitive":false,"after_sensitive":{"tags":{},"tags_all":{}},"after_identity":{"account_id":null,"id":null,"region":null}}},{"address":"module.vpc.aws_subnet.public[0]","module_address":"module.vpc","mode":"managed","type":"aws_subnet","name":"public","index":0,"provider_name":"registry.terraform.io/hashicorp/aws","change":{"actions":["create"],"before":null,"after":{"assign_ipv6_address_on_creation":false,"availability_zone":"eu-central-1a","cidr_block":"10.0.0.0/24","customer_owned_ipv4_pool":null,"enable_dns64":false,"enable_lni_at_device_index":null,"enable_resource_name_dns_a_record_on_launch":false,"enable_resource_name_dns_aaaa_record_on_launch":false,"ipv4_ipam_pool_id":null,"ipv4_netmask_length":null,"ipv6_ipam_pool_id":null,"ipv6_native":false,"ipv6_netmask_length":null,"map_customer_owned_ip_on_launch":null,"map_public_ip_on_launch":true,"outpost_arn":null,"region":"eu-central-1","tags":{"Environment":"dev","Name":"Eprofile-VPC-public-eu-central-1a","Terraform":"true"},"tags_all":{"Environment":"dev","Name":"Eprofile-VPC-public-eu-central-1a","Terraform":"true"},"timeouts":null},"after_unknown":{"arn":true,"availability_zone_id":true,"id":true,"ipv6_cidr_block":true,"ipv6_cidr_block_association_id":true,"owner_id":true,"private_dns_hostname_type_on_launch":true,"tags":{},"tags_all":{},"vpc_id":true},"before_sensitive":false,"after_sensitive":{"tags":{},"tags_all":{}},"after_identity":{"account_id":null,"id":null,"region":null}}},{"address":"module.vpc.aws_subnet.public[1]","module_address":"module.vpc","mode":"managed","type":"aws_subnet","name":"public","index":1,"provider_name":"registry.terraform.io/hashicorp/aws","change":{"actions":["create"],"before":null,"after":{"assign_ipv6_address_on_creation":false,"availability_zone":"eu-central-1b","cidr_block":"10.0.1.0/24","customer_owned_ipv4_pool":null,"enable_dns64":false,"enable_lni_at_device_index":null,"enable_resource_name_dns_a_record_on_launch":false,"enable_resource_name_dns_aaaa_record_on_launch":false,"ipv4_ipam_pool_id":null,"ipv4_netmask_length":null,"ipv6_ipam_pool_id":null,"ipv6_native":false,"ipv6_netmask_length":null,"map_customer_owned_ip_on_launch":null,"map_public_ip_on_launch":true,"outpost_arn":null,"region":"eu-central-1","tags":{"Environment":"dev","Name":"Eprofile-VPC-public-eu-central-1b","Terraform":"true"},"tags_all":{"Environment":"dev","Name":"Eprofile-VPC-public-eu-central-1b","Terraform":"true"},"timeouts":null},"after_unknown":{"arn":true,"availability_zone_id":true,"id":true,"ipv6_cidr_block":true,"ipv6_cidr_block_association_id":true,"owner_id":true,"private_dns_hostname_type_on_launch":true,"tags":{},"tags_all":{},"vpc_id":true},"before_sensitive":false,"after_sensitive":{"tags":{},"tags_all":{}},"after_identity":{"account_id":null,"id":null,"region":null}}},{"address":"module.vpc.aws_subnet.public[2]","module_address":"module.vpc","mode":"managed","type":"aws_subnet","name":"public","index":2,"provider_name":"registry.terraform.io/hashicorp/aws","change":{"actions":["create"],"before":null,"after":{"assign_ipv6_address_on_creation":false,"availability_zone":"eu-central-1c","cidr_block":"10.0.2.0/24","customer_owned_ipv4_pool":null,"enable_dns64":false,"enable_lni_at_device_index":null,"enable_resource_name_dns_a_record_on_launch":false,"enable_resource_name_dns_aaaa_record_on_launch":false,"ipv4_ipam_pool_id":null,"ipv4_netmask_length":null,"ipv6_ipam_pool_id":null,"ipv6_native":false,"ipv6_netmask_length":null,"map_customer_owned_ip_on_launch":null,"map_public_ip_on_launch":true,"outpost_arn":null,"region":"eu-central-1","tags":{"Environment":"dev","Name":"Eprofile-VPC-public-eu-central-1c","Terraform":"true"},"tags_all":{"Environment":"dev","Name":"Eprofile-VPC-public-eu-central-1c","Terraform":"true"},"timeouts":null},"after_unknown":{"arn":true,"availability_zone_id":true,"id":true,"ipv6_cidr_block":true,"ipv6_cidr_block_association_id":true,"owner_id":true,"private_dns_hostname_type_on_launch":true,"tags":{},"tags_all":{},"vpc_id":true},"before_sensitive":false,"after_sensitive":{"tags":{},"tags_all":{}},"after_identity":{"account_id":null,"id":null,"region":null}}},{"address":"module.vpc.aws_vpc.this[0]","module_address":"module.vpc","mode":"managed","type":"aws_vpc","name":"this","index":0,"provider_name":"registry.terraform.io/hashicorp/aws","change":{"actions":["create"],"before":null,"after":{"assign_generated_ipv6_cidr_block":null,"cidr_block":"10.0.0.0/16","enable_dns_hostnames":true,"enable_dns_support":true,"instance_tenancy":"default","ipv4_ipam_pool_id":null,"ipv4_netmask_length":null,"ipv6_ipam_pool_id":null,"ipv6_netmask_length":null,"region":"eu-central-1","tags":{"Environment":"dev","Name":"Eprofile-VPC","Terraform":"true"},"tags_all":{"Environment":"dev","Name":"Eprofile-VPC","Terraform":"true"}},"after_unknown":{"arn":true,"default_network_acl_id":true,"default_route_table_id":true,"default_security_group_id":true,"dhcp_options_id":true,"enable_network_address_usage_metrics":true,"id":true,"ipv6_association_id":true,"ipv6_cidr_block":true,"ipv6_cidr_block_network_border_group":true,"main_route_table_id":true,"owner_id":true,"tags":{},"tags_all":{}},"before_sensitive":false,"after_sensitive":{"tags":{},"tags_all":{}},"after_identity":{"account_id":null,"id":null,"region":null}}}],"output_changes":{"bastion_ip":{"actions":["create"],"before":null,"after_unknown":true,"before_sensitive":false,"after_sensitive":false},"beanstalk_env_url":{"actions":["create"],"before":null,"after_unknown":true,"before_sensitive":false,"after_sensitive":false},"elasticache_endpoint":{"actions":["create"],"before":null,"after_unknown":true,"before_sensitive":false,"after_sensitive":false},"mq_endpoint":{"actions":["create"],"before":null,"after_unknown":true,"before_sensitive":false,"after_sensitive":false},"rds_endpoint":{"actions":["create"],"before":null,"after_unknown":true,"before_sensitive":false,"after_sensitive":false}},"prior_state":{"format_version":"1.0","terraform_version":"1.14.0","values":{"root_module":{"resources":[{"address":"data.aws_ami.ubuntu22","mode":"data","type":"aws_ami","name":"ubuntu22","provider_name":"registry.terraform.io/hashicorp/aws","schema_version":0,"values":{"allow_unsafe_filter":null,"architecture":"x86_64","arn":"arn:aws:ec2:eu-central-1::image/ami-074dd8e8dac7651a5","block_device_mappings":[{"device_name":"/dev/sda1","ebs":{"delete_on_termination":"true","encrypted":"false","iops":"0","snapshot_id":"snap-06fcd4dec42bceeff","throughput":"0","volume_initialization_rate":"0","volume_size":"8","volume_type":"gp2"},"no_device":"","virtual_name":""},{"device_name":"/dev/sdb","ebs":{},"no_device":"","virtual_name":"ephemeral0"},{"device_name":"/dev/sdc","ebs":{},"no_device":"","virtual_name":"ephemeral1"}],"boot_mode":"uefi-preferred","creation_date":"2025-12-12T06:54:08.000Z","deprecation_time":"2027-12-12T06:54:08.000Z","description":"Canonical, Ubuntu, 22.04, amd64 jammy image","ena_support":true,"executable_users":null,"filter":[{"name":"name","values":["ubuntu/images/hvm-ssd/ubuntu-jammy-22.04-amd64-server-*"]},{"name":"virtualization-type","values":["hvm"]}],"hypervisor":"xen","id":"ami-074dd8e8dac7651a5","image_id":"ami-074dd8e8dac7651a5","image_location":"amazon/ubuntu/images/hvm-ssd/ubuntu-jammy-22.04-amd64-server-20251212","image_owner_alias":"amazon","image_type":"machine","imds_support":"","include_deprecated":false,"kernel_id":"","last_launched_time":"","most_recent":true,"name":"ubuntu/images/hvm-ssd/ubuntu-jammy-22.04-amd64-server-20251212","name_regex":null,"owner_id":"099720109477","owners":["099720109477"],"platform":"","platform_details":"Linux/UNIX","product_codes":[],"public":true,"ramdisk_id":"","region":"eu-central-1","root_device_name":"/dev/sda1","root_device_type":"ebs","root_snapshot_id":"snap-06fcd4dec42bceeff","sriov_net_support":"simple","state":"available","state_reason":{"code":"UNSET","message":"UNSET"},"tags":{},"timeouts":null,"tpm_support":"","uefi_data":null,"usage_operation":"RunInstances","virtualization_type":"hvm"},"sensitive_values":{"block_device_mappings":[{"ebs":{}},{"ebs":{}},{"ebs":{}}],"filter":[{"values":[false]},{"values":[false]}],"owners":[false],"product_codes":[],"state_reason":{},"tags":{}}}]}}},"configuration":{"provider_config":{"aws":{"name":"aws","full_name":"registry.terraform.io/hashicorp/aws","version_constraint":"6.31.0"},"random":{"name":"random","full_name":"registry.terraform.io/hashicorp/random"}},"root_module":{"outputs":{"bastion_ip":{"expression":{"references":["aws_instance.bastion[0].public_ip","aws_instance.bastion[0]","aws_instance.bastion"]},"description":"The public IP of the Bastion host"},"beanstalk_env_url":{"expression":{"references":["aws_elastic_beanstalk_environment.elbeanstalk_env.endpoint_url","aws_elastic_beanstalk_environment.elbeanstalk_env"]}},"elasticache_endpoint":{"expression":{"references":["aws_elasticache_cluster.ElastiCache.configuration_endpoint","aws_elasticache_cluster.ElastiCache"]}},"mq_endpoint":{"expression":{"references":["aws_mq_broker.RabbitMQ.instances[0].endpoints","aws_mq_broker.RabbitMQ.instances[0]","aws_mq_broker.RabbitMQ.instances","aws_mq_broker.RabbitMQ"]},"description":"The endpoint for RabbitMQ Broker"},"rds_endpoint":{"expression":{"references":["aws_db_instance.RDS.address","aws_db_instance.RDS"]}}},"resources":[{"address":"aws_codebuild_project.vprofile_build","mode":"managed","type":"aws_codebuild_project","name":"vprofile_build","provider_config_key":"aws","expressions":{"artifacts":[{"type":{"constant_value":"CODEPIPELINE"}}],"description":{"constant_value":"Builds the Java vProfile application"},"environment":[{"compute_type":{"constant_value":"BUILD_GENERAL1_SMALL"},"image":{"constant_value":"aws/codebuild/standard:7.0"},"image_pull_credentials_type":{"constant_value":"CODEBUILD"},"type":{"constant_value":"LINUX_CONTAINER"}}],"name":{"constant_value":"vprofile-build-job"},"service_role":{"references":["aws_iam_role.codebuild_role.arn","aws_iam_role.codebuild_role"]},"source":[{"buildspec":{"constant_value":"03-aws-cloud-native/buildspec.yml"},"type":{"constant_value":"CODEPIPELINE"}}]},"schema_version":0},{"address":"aws_codepipeline.vprofile_pipeline","mode":"managed","type":"aws_codepipeline","name":"vprofile_pipeline","provider_config_key":"aws","expressions":{"artifact_store":[{"location":{"references":["aws_s3_bucket.codepipeline_bucket.bucket","aws_s3_bucket.codepipeline_bucket"]},"type":{"constant_value":"S3"}}],"name":{"constant_value":"vprofile-pipeline"},"pipeline_type":{"constant_value":"V2"},"role_arn":{"references":["aws_iam_role.codepipeline_role.arn","aws_iam_role.codepipeline_role"]},"stage":[{"action":[{"category":{"constant_value":"Source"},"configuration":{"references":["aws_codestarconnections_connection.github_connection.arn","aws_codestarconnections_connection.github_connection"]},"name":{"constant_value":"Source"},"output_artifacts":{"constant_value":["source_output"]},"owner":{"constant_value":"AWS"},"provider":{"constant_value":"CodeStarSourceConnection"},"version":{"constant_value":"1"}}],"name":{"constant_value":"Source"}},{"action":[{"category":{"constant_value":"Build"},"configuration":{"references":["aws_codebuild_project.vprofile_build.name","aws_codebuild_project.vprofile_build"]},"input_artifacts":{"constant_value":["source_output"]},"name":{"constant_value":"Build"},"output_artifacts":{"constant_value":["build_output"]},"owner":{"constant_value":"AWS"},"provider":{"constant_value":"CodeBuild"},"version":{"constant_value":"1"}}],"name":{"constant_value":"Build"}},{"action":[{"category":{"constant_value":"Deploy"},"configuration":{"references":["aws_elastic_beanstalk_application.Eprofile_bean_app.name","aws_elastic_beanstalk_application.Eprofile_bean_app","aws_elastic_beanstalk_environment.elbeanstalk_env.name","aws_elastic_beanstalk_environment.elbeanstalk_env"]},"input_artifacts":{"constant_value":["build_output"]},"name":{"constant_value":"Deploy"},"owner":{"constant_value":"AWS"},"provider":{"constant_value":"ElasticBeanstalk"},"version":{"constant_value":"1"}}],"name":{"constant_value":"Deploy"}}],"trigger":[{"git_configuration":[{"push":[{"branches":[{"includes":{"constant_value":["main"]}}],"file_paths":[{"includes":{"constant_value":["03-aws-cloud-native/src/.*"]}}]}],"source_action_name":{"constant_value":"Source"}}],"provider_type":{"constant_value":"CodeStarSourceConnection"}}]},"schema_version":0},{"address":"aws_codestarconnections_connection.github_connection","mode":"managed","type":"aws_codestarconnections_connection","name":"github_connection","provider_config_key":"aws","expressions":{"name":{"constant_value":"vprofile-github-conn"},"provider_type":{"constant_value":"GitHub"}},"schema_version":0},{"address":"aws_db_instance.RDS","mode":"managed","type":"aws_db_instance","name":"RDS","provider_config_key":"aws","expressions":{"allocated_storage":{"constant_value":20},"db_name":{"references":["var.db_name"]},"db_subnet_group_name":{"references":["aws_db_subnet_group.RDS_subnet_group.name","aws_db_subnet_group.RDS_subnet_group"]},"engine":{"constant_value":"mysql"},"engine_version":{"constant_value":"8.0"},"instance_class":{"constant_value":"db.t3.micro"},"multi_az":{"constant_value":false},"parameter_group_name":{"constant_value":"default.mysql8.0"},"password":{"references":["var.db_password"]},"publicly_accessible":{"constant_value":false},"skip_final_snapshot":{"constant_value":true},"username":{"references":["var.db_user_name"]},"vpc_security_group_ids":{"references":["aws_security_group.Data-SG.id","aws_security_group.Data-SG"]}},"schema_version":2},{"address":"aws_db_subnet_group.RDS_subnet_group","mode":"managed","type":"aws_db_subnet_group","name":"RDS_subnet_group","provider_config_key":"aws","expressions":{"name":{"constant_value":"rds-subnet-group"},"subnet_ids":{"references":["module.vpc.private_subnets[0]","module.vpc.private_subnets","module.vpc","module.vpc.private_subnets[1]","module.vpc.private_subnets","module.vpc","module.vpc.private_subnets[2]","module.vpc.private_subnets","module.vpc"]},"tags":{"constant_value":{"Name":"DB subnet group"}}},"schema_version":0},{"address":"aws_elastic_beanstalk_application.Eprofile_bean_app","mode":"managed","type":"aws_elastic_beanstalk_application","name":"Eprofile_bean_app","provider_config_key":"aws","expressions":{"description":{"constant_value":"Eprofilebean application for the Eprofile project"},"name":{"constant_value":"eprofilebeanapp"}},"schema_version":0},{"address":"aws_elastic_beanstalk_environment.elbeanstalk_env","mode":"managed","type":"aws_elastic_beanstalk_environment","name":"elbeanstalk_env","provider_config_key":"aws","expressions":{"application":{"references":["aws_elastic_beanstalk_application.Eprofile_bean_app.name","aws_elastic_beanstalk_application.Eprofile_bean_app"]},"cname_prefix":{"constant_value":"eprofileapp254698"},"name":{"constant_value":"elbeanstalkenv"},"setting":[{"name":{"constant_value":"IamInstanceProfile"},"namespace":{"constant_value":"aws:autoscaling:launchconfiguration"},"value":{"references":["aws_iam_instance_profile.beanstalk_ec2_profile.name","aws_iam_instance_profile.beanstalk_ec2_profile"]}},{"name":{"constant_value":"ServiceRole"},"namespace":{"constant_value":"aws:elasticbeanstalk:environment"},"value":{"references":["aws_iam_role.beanstalk_service.name","aws_iam_role.beanstalk_service"]}},{"name":{"constant_value":"RootVolumeType"},"namespace":{"constant_value":"aws:autoscaling:launchconfiguration"},"value":{"constant_value":"gp3"}},{"name":{"constant_value":"AssociatePublicIpAddress"},"namespace":{"constant_value":"aws:ec2:vpc"},"value":{"constant_value":true}},{"name":{"constant_value":"Subnets"},"namespace":{"constant_value":"aws:ec2:vpc"},"value":{"references":["module.vpc.private_subnets[0]","module.vpc.private_subnets","module.vpc","module.vpc.private_subnets[1]","module.vpc.private_subnets","module.vpc","module.vpc.private_subnets[2]","module.vpc.private_subnets","module.vpc"]}},{"name":{"constant_value":"ELBSubnets"},"namespace":{"constant_value":"aws:ec2:vpc"},"value":{"references":["module.vpc.public_subnets[0]","module.vpc.public_subnets","module.vpc","module.vpc.public_subnets[1]","module.vpc.public_subnets","module.vpc","module.vpc.public_subnets[2]","module.vpc.public_subnets","module.vpc"]}},{"name":{"constant_value":"InstanceType"},"namespace":{"constant_value":"aws:autoscaling:launchconfiguration"},"value":{"constant_value":"t3.micro"}},{"name":{"constant_value":"EC2KeyName"},"namespace":{"constant_value":"aws:autoscaling:launchconfiguration"},"value":{"references":["aws_key_pair.EC2_Key_Pair.key_name","aws_key_pair.EC2_Key_Pair"]}},{"name":{"constant_value":"MinSize"},"namespace":{"constant_value":"aws:autoscaling:asg"},"value":{"constant_value":"1"}},{"name":{"constant_value":"MaxSize"},"namespace":{"constant_value":"aws:autoscaling:asg"},"value":{"constant_value":"2"}},{"name":{"constant_value":"SecurityGroups"},"namespace":{"constant_value":"aws:autoscaling:launchconfiguration"},"value":{"references":["aws_security_group.Tomcat-SG.id","aws_security_group.Tomcat-SG"]}},{"name":{"constant_value":"SecurityGroups"},"namespace":{"constant_value":"aws:elbv2:loadbalancer"},"value":{"references":["aws_security_group.Load-Balancer-SG.id","aws_security_group.Load-Balancer-SG"]}},{"name":{"constant_value":"RDS_HOSTNAME"},"namespace":{"constant_value":"aws:elasticbeanstalk:application:environment"},"value":{"references":["aws_db_instance.RDS.address","aws_db_instance.RDS"]}},{"name":{"constant_value":"RDS_DB_NAME"},"namespace":{"constant_value":"aws:elasticbeanstalk:application:environment"},"value":{"references":["var.db_name"]}},{"name":{"constant_value":"RDS_USERNAME"},"namespace":{"constant_value":"aws:elasticbeanstalk:application:environment"},"value":{"references":["var.db_user_name"]}},{"name":{"constant_value":"RDS_PASSWORD"},"namespace":{"constant_value":"aws:elasticbeanstalk:application:environment"},"value":{"references":["var.db_password"]}},{"name":{"constant_value":"MEMCACHED_HOSTNAME"},"namespace":{"constant_value":"aws:elasticbeanstalk:application:environment"},"value":{"references":["aws_elasticache_cluster.ElastiCache.cluster_address","aws_elasticache_cluster.ElastiCache"]}},{"name":{"constant_value":"RABBITMQ_HOSTNAME"},"namespace":{"constant_value":"aws:elasticbeanstalk:application:environment"},"value":{"references":["aws_mq_broker.RabbitMQ.instances[0].endpoints[0]","aws_mq_broker.RabbitMQ.instances[0].endpoints","aws_mq_broker.RabbitMQ.instances[0]","aws_mq_broker.RabbitMQ.instances","aws_mq_broker.RabbitMQ"]}},{"name":{"constant_value":"RABBITMQ_USERNAME"},"namespace":{"constant_value":"aws:elasticbeanstalk:application:environment"},"value":{"references":["var.rmq_user"]}},{"name":{"constant_value":"RABBITMQ_PASSWORD"},"namespace":{"constant_value":"aws:elasticbeanstalk:application:environment"},"value":{"references":["var.rmq_password"]}}],"solution_stack_name":{"constant_value":"64bit Amazon Linux 2023 v5.9.3 running Tomcat 10 Corretto 21"}},"schema_version":1,"depends_on":["aws_security_group.Load-Balancer-SG","aws_security_group.Tomcat-SG","aws_db_instance.RDS","aws_mq_broker.RabbitMQ","aws_elasticache_cluster.ElastiCache","aws_instance.bastion"]},{"address":"aws_elasticache_cluster.ElastiCache","mode":"managed","type":"aws_elasticache_cluster","name":"ElastiCache","provider_config_key":"aws","expressions":{"cluster_id":{"constant_value":"elasticache"},"engine":{"constant_value":"memcached"},"node_type":{"constant_value":"cache.t3.micro"},"num_cache_nodes":{"constant_value":1},"parameter_group_name":{"constant_value":"default.memcached1.6"},"port":{"constant_value":11211},"security_group_ids":{"references":["aws_security_group.Data-SG.id","aws_security_group.Data-SG"]},"subnet_group_name":{"references":["aws_elasticache_subnet_group.ElastiCache_subnet_group.name","aws_elasticache_subnet_group.ElastiCache_subnet_group"]}},"schema_version":0},{"address":"aws_elasticache_subnet_group.ElastiCache_subnet_group","mode":"managed","type":"aws_elasticache_subnet_group","name":"ElastiCache_subnet_group","provider_config_key":"aws","expressions":{"name":{"constant_value":"elasticache-subnet-group"},"subnet_ids":{"references":["module.vpc.private_subnets[0]","module.vpc.private_subnets","module.vpc","module.vpc.private_subnets[1]","module.vpc.private_subnets","module.vpc","module.vpc.private_subnets[2]","module.vpc.private_subnets","module.vpc"]},"tags":{"constant_value":{"Name":"ElastiCache-subnet-group"}}},"schema_version":0},{"address":"aws_iam_instance_profile.beanstalk_ec2_profile","mode":"managed","type":"aws_iam_instance_profile","name":"beanstalk_ec2_profile","provider_config_key":"aws","expressions":{"name":{"constant_value":"eprofile-beanstalk-ec2-profile-auto"},"role":{"references":["aws_iam_role.beanstalk_ec2.name","aws_iam_role.beanstalk_ec2"]}},"schema_version":0},{"address":"aws_iam_role.beanstalk_ec2","mode":"managed","type":"aws_iam_role","name":"beanstalk_ec2","provider_config_key":"aws","expressions":{"assume_role_policy":{},"name":{"constant_value":"eprofile-beanstalk-ec2-role-auto"}},"schema_version":0},{"address":"aws_iam_role.beanstalk_service","mode":"managed","type":"aws_iam_role","name":"beanstalk_service","provider_config_key":"aws","expressions":{"assume_role_policy":{},"name":{"constant_value":"eprofile-beanstalk-service-role-auto"}},"schema_version":0},{"address":"aws_iam_role.codebuild_role","mode":"managed","type":"aws_iam_role","name":"codebuild_role","provider_config_key":"aws","expressions":{"assume_role_policy":{},"name":{"constant_value":"vprofile-codebuild-role"}},"schema_version":0},{"address":"aws_iam_role.codepipeline_role","mode":"managed","type":"aws_iam_role","name":"codepipeline_role","provider_config_key":"aws","expressions":{"assume_role_policy":{},"name":{"constant_value":"vprofile-codepipeline-role"}},"schema_version":0},{"address":"aws_iam_role_policy.codebuild_policy","mode":"managed","type":"aws_iam_role_policy","name":"codebuild_policy","provider_config_key":"aws","expressions":{"name":{"constant_value":"vprofile-codebuild-policy"},"policy":{},"role":{"references":["aws_iam_role.codebuild_role.id","aws_iam_role.codebuild_role"]}},"schema_version":0},{"address":"aws_iam_role_policy.codepipeline_policy","mode":"managed","type":"aws_iam_role_policy","name":"codepipeline_policy","provider_config_key":"aws","expressions":{"name":{"constant_value":"vprofile-codepipeline-policy"},"policy":{},"role":{"references":["aws_iam_role.codepipeline_role.id","aws_iam_role.codepipeline_role"]}},"schema_version":0},{"address":"aws_iam_role_policy_attachment.ec2_admin","mode":"managed","type":"aws_iam_role_policy_attachment","name":"ec2_admin","provider_config_key":"aws","expressions":{"policy_arn":{"constant_value":"arn:aws:iam::aws:policy/AdministratorAccess-AWSElasticBeanstalk"},"role":{"references":["aws_iam_role.beanstalk_ec2.name","aws_iam_role.beanstalk_ec2"]}},"schema_version":0},{"address":"aws_iam_role_policy_attachment.ec2_custom_platform","mode":"managed","type":"aws_iam_role_policy_attachment","name":"ec2_custom_platform","provider_config_key":"aws","expressions":{"policy_arn":{"constant_value":"arn:aws:iam::aws:policy/AWSElasticBeanstalkCustomPlatformforEC2Role"},"role":{"references":["aws_iam_role.beanstalk_ec2.name","aws_iam_role.beanstalk_ec2"]}},"schema_version":0},{"address":"aws_iam_role_policy_attachment.ec2_sns","mode":"managed","type":"aws_iam_role_policy_attachment","name":"ec2_sns","provider_config_key":"aws","expressions":{"policy_arn":{"constant_value":"arn:aws:iam::aws:policy/service-role/AWSElasticBeanstalkRoleSNS"},"role":{"references":["aws_iam_role.beanstalk_ec2.name","aws_iam_role.beanstalk_ec2"]}},"schema_version":0},{"address":"aws_iam_role_policy_attachment.ec2_web_tier","mode":"managed","type":"aws_iam_role_policy_attachment","name":"ec2_web_tier","provider_config_key":"aws","expressions":{"policy_arn":{"constant_value":"arn:aws:iam::aws:policy/AWSElasticBeanstalkWebTier"},"role":{"references":["aws_iam_role.beanstalk_ec2.name","aws_iam_role.beanstalk_ec2"]}},"schema_version":0},{"address":"aws_iam_role_policy_attachment.service_enhanced_health","mode":"managed","type":"aws_iam_role_policy_attachment","name":"service_enhanced_health","provider_config_key":"aws","expressions":{"policy_arn":{"constant_value":"arn:aws:iam::aws:policy/service-role/AWSElasticBeanstalkEnhancedHealth"},"role":{"references":["aws_iam_role.beanstalk_service.name","aws_iam_role.beanstalk_service"]}},"schema_version":0},{"address":"aws_iam_role_policy_attachment.service_managed_updates","mode":"managed","type":"aws_iam_role_policy_attachment","name":"service_managed_updates","provider_config_key":"aws","expressions":{"policy_arn":{"constant_value":"arn:aws:iam::aws:policy/AWSElasticBeanstalkManagedUpdatesCustomerRolePolicy"},"role":{"references":["aws_iam_role.beanstalk_service.name","aws_iam_role.beanstalk_service"]}},"schema_version":0},{"address":"aws_instance.bastion","mode":"managed","type":"aws_instance","name":"bastion","provider_config_key":"aws","expressions":{"ami":{"references":["data.aws_ami.ubuntu22.id","data.aws_ami.ubuntu22"]},"instance_type":{"constant_value":"t3.micro"},"key_name":{"references":["aws_key_pair.EC2_Key_Pair.key_name","aws_key_pair.EC2_Key_Pair"]},"subnet_id":{"references":["module.vpc.public_subnets[0]","module.vpc.public_subnets","module.vpc"]},"tags":{"constant_value":{"Name":"bastion"}},"user_data":{"references":["path.module","aws_db_instance.RDS.address","aws_db_instance.RDS","var.db_user_name","var.db_password","var.db_name"]},"vpc_security_group_ids":{"references":["aws_security_group.Bastion-SG.id","aws_security_group.Bastion-SG"]}},"schema_version":2,"count_expression":{"constant_value":1},"depends_on":["aws_db_instance.RDS"]},{"address":"aws_key_pair.EC2_Key_Pair","mode":"managed","type":"aws_key_pair","name":"EC2_Key_Pair","provider_config_key":"aws","expressions":{"key_name":{"constant_value":"EC2_Key_Pair"},"public_key":{"references":["var.pub_key_path"]}},"schema_version":1},{"address":"aws_mq_broker.RabbitMQ","mode":"managed","type":"aws_mq_broker","name":"RabbitMQ","provider_config_key":"aws","expressions":{"auto_minor_version_upgrade":{"constant_value":true},"broker_name":{"constant_value":"example"},"engine_type":{"constant_value":"RabbitMQ"},"engine_version":{"constant_value":"3.13"},"host_instance_type":{"constant_value":"mq.t3.micro"},"publicly_accessible":{"constant_value":false},"security_groups":{"references":["aws_security_group.Data-SG.id","aws_security_group.Data-SG"]},"subnet_ids":{"references":["module.vpc.private_subnets[0]","module.vpc.private_subnets","module.vpc"]},"user":[{"password":{"references":["var.rmq_password"]},"username":{"references":["var.rmq_user"]}}]},"schema_version":0},{"address":"aws_s3_bucket.codepipeline_bucket","mode":"managed","type":"aws_s3_bucket","name":"codepipeline_bucket","provider_config_key":"aws","expressions":{"bucket":{"references":["random_id.bucket_suffix.hex","random_id.bucket_suffix"]},"force_destroy":{"constant_value":true}},"schema_version":0},{"address":"aws_security_group.Bastion-SG","mode":"managed","type":"aws_security_group","name":"Bastion-SG","provider_config_key":"aws","expressions":{"description":{"constant_value":"Allow SSH inbound traffic and all outbound traffic"},"name":{"constant_value":"Bastion-SG"},"tags":{"constant_value":{"Name":"Bastion-SG"}},"vpc_id":{"references":["module.vpc.vpc_id","module.vpc"]}},"schema_version":1},{"address":"aws_security_group.Data-SG","mode":"managed","type":"aws_security_group","name":"Data-SG","provider_config_key":"aws","expressions":{"description":{"constant_value":"Allow 3306, 11211, 5672 inbound traffic from tomcat and all outbound traffic"},"name":{"constant_value":"Data-SG"},"tags":{"constant_value":{"Name":"Data-SG"}},"vpc_id":{"references":["module.vpc.vpc_id","module.vpc"]}},"schema_version":1},{"address":"aws_security_group.Load-Balancer-SG","mode":"managed","type":"aws_security_group","name":"Load-Balancer-SG","provider_config_key":"aws","expressions":{"description":{"constant_value":"Allow HTTP inbound traffic and all outbound traffic"},"name":{"constant_value":"Load-Balancer-SG"},"tags":{"constant_value":{"Name":"Load-Balancer-SG"}},"vpc_id":{"references":["module.vpc.vpc_id","module.vpc"]}},"schema_version":1},{"address":"aws_security_group.Tomcat-SG","mode":"managed","type":"aws_security_group","name":"Tomcat-SG","provider_config_key":"aws","expressions":{"description":{"constant_value":"Allow 80 inbound traffic from Frontend and all outbound traffic"},"name":{"constant_value":"Tomcat-SG"},"tags":{"constant_value":{"Name":"Tomcat-SG"}},"vpc_id":{"references":["module.vpc.vpc_id","module.vpc"]}},"schema_version":1},{"address":"aws_vpc_security_group_egress_rule.allow_all_traffic_ipv4_Bastion","mode":"managed","type":"aws_vpc_security_group_egress_rule","name":"allow_all_traffic_ipv4_Bastion","provider_config_key":"aws","expressions":{"cidr_ipv4":{"constant_value":"0.0.0.0/0"},"ip_protocol":{"constant_value":"-1"},"security_group_id":{"references":["aws_security_group.Bastion-SG.id","aws_security_group.Bastion-SG"]}},"schema_version":0},{"address":"aws_vpc_security_group_egress_rule.allow_all_traffic_ipv4_Data","mode":"managed","type":"aws_vpc_security_group_egress_rule","name":"allow_all_traffic_ipv4_Data","provider_config_key":"aws","expressions":{"cidr_ipv4":{"constant_value":"0.0.0.0/0"},"ip_protocol":{"constant_value":"-1"},"security_group_id":{"references":["aws_security_group.Data-SG.id","aws_security_group.Data-SG"]}},"schema_version":0},{"address":"aws_vpc_security_group_egress_rule.allow_all_traffic_ipv4_frontend","mode":"managed","type":"aws_vpc_security_group_egress_rule","name":"allow_all_traffic_ipv4_frontend","provider_config_key":"aws","expressions":{"cidr_ipv4":{"constant_value":"0.0.0.0/0"},"ip_protocol":{"constant_value":"-1"},"security_group_id":{"references":["aws_security_group.Load-Balancer-SG.id","aws_security_group.Load-Balancer-SG"]}},"schema_version":0},{"address":"aws_vpc_security_group_egress_rule.allow_all_traffic_ipv4_tomcat","mode":"managed","type":"aws_vpc_security_group_egress_rule","name":"allow_all_traffic_ipv4_tomcat","provider_config_key":"aws","expressions":{"cidr_ipv4":{"constant_value":"0.0.0.0/0"},"ip_protocol":{"constant_value":"-1"},"security_group_id":{"references":["aws_security_group.Tomcat-SG.id","aws_security_group.Tomcat-SG"]}},"schema_version":0},{"address":"aws_vpc_security_group_ingress_rule.allow_11211_from_tomcat-SG","mode":"managed","type":"aws_vpc_security_group_ingress_rule","name":"allow_11211_from_tomcat-SG","provider_config_key":"aws","expressions":{"from_port":{"constant_value":11211},"ip_protocol":{"constant_value":"tcp"},"referenced_security_group_id":{"references":["aws_security_group.Tomcat-SG.id","aws_security_group.Tomcat-SG"]},"security_group_id":{"references":["aws_security_group.Data-SG.id","aws_security_group.Data-SG"]},"to_port":{"constant_value":11211}},"schema_version":0},{"address":"aws_vpc_security_group_ingress_rule.allow_3306_from_Bastion","mode":"managed","type":"aws_vpc_security_group_ingress_rule","name":"allow_3306_from_Bastion","provider_config_key":"aws","expressions":{"from_port":{"constant_value":3306},"ip_protocol":{"constant_value":"tcp"},"referenced_security_group_id":{"references":["aws_security_group.Bastion-SG.id","aws_security_group.Bastion-SG"]},"security_group_id":{"references":["aws_security_group.Data-SG.id","aws_security_group.Data-SG"]},"to_port":{"constant_value":3306}},"schema_version":0},{"address":"aws_vpc_security_group_ingress_rule.allow_3306_from_tomcat-SG","mode":"managed","type":"aws_vpc_security_group_ingress_rule","name":"allow_3306_from_tomcat-SG","provider_config_key":"aws","expressions":{"from_port":{"constant_value":3306},"ip_protocol":{"constant_value":"tcp"},"referenced_security_group_id":{"references":["aws_security_group.Tomcat-SG.id","aws_security_group.Tomcat-SG"]},"security_group_id":{"references":["aws_security_group.Data-SG.id","aws_security_group.Data-SG"]},"to_port":{"constant_value":3306}},"schema_version":0},{"address":"aws_vpc_security_group_ingress_rule.allow_5672_from_tomcat-SG","mode":"managed","type":"aws_vpc_security_group_ingress_rule","name":"allow_5672_from_tomcat-SG","provider_config_key":"aws","expressions":{"from_port":{"constant_value":5671},"ip_protocol":{"constant_value":"tcp"},"referenced_security_group_id":{"references":["aws_security_group.Tomcat-SG.id","aws_security_group.Tomcat-SG"]},"security_group_id":{"references":["aws_security_group.Data-SG.id","aws_security_group.Data-SG"]},"to_port":{"constant_value":5671}},"schema_version":0},{"address":"aws_vpc_security_group_ingress_rule.allow_80_from_frontend","mode":"managed","type":"aws_vpc_security_group_ingress_rule","name":"allow_80_from_frontend","provider_config_key":"aws","expressions":{"from_port":{"constant_value":80},"ip_protocol":{"constant_value":"tcp"},"referenced_security_group_id":{"references":["aws_security_group.Load-Balancer-SG.id","aws_security_group.Load-Balancer-SG"]},"security_group_id":{"references":["aws_security_group.Tomcat-SG.id","aws_security_group.Tomcat-SG"]},"to_port":{"constant_value":80}},"schema_version":0},{"address":"aws_vpc_security_group_ingress_rule.allow_http","mode":"managed","type":"aws_vpc_security_group_ingress_rule","name":"allow_http","provider_config_key":"aws","expressions":{"cidr_ipv4":{"constant_value":"0.0.0.0/0"},"from_port":{"constant_value":80},"ip_protocol":{"constant_value":"tcp"},"security_group_id":{"references":["aws_security_group.Load-Balancer-SG.id","aws_security_group.Load-Balancer-SG"]},"to_port":{"constant_value":80}},"schema_version":0},{"address":"aws_vpc_security_group_ingress_rule.allow_ipv4_internal","mode":"managed","type":"aws_vpc_security_group_ingress_rule","name":"allow_ipv4_internal","provider_config_key":"aws","expressions":{"from_port":{"constant_value":0},"ip_protocol":{"constant_value":"tcp"},"referenced_security_group_id":{"references":["aws_security_group.Data-SG.id","aws_security_group.Data-SG"]},"security_group_id":{"references":["aws_security_group.Data-SG.id","aws_security_group.Data-SG"]},"to_port":{"constant_value":65535}},"schema_version":0},{"address":"aws_vpc_security_group_ingress_rule.allow_ssh_ipv4_Bastion","mode":"managed","type":"aws_vpc_security_group_ingress_rule","name":"allow_ssh_ipv4_Bastion","provider_config_key":"aws","expressions":{"cidr_ipv4":{"constant_value":"0.0.0.0/0"},"from_port":{"constant_value":22},"ip_protocol":{"constant_value":"tcp"},"security_group_id":{"references":["aws_security_group.Bastion-SG.id","aws_security_group.Bastion-SG"]},"to_port":{"constant_value":22}},"schema_version":0},{"address":"aws_vpc_security_group_ingress_rule.allow_ssh_ipv4_tomcat","mode":"managed","type":"aws_vpc_security_group_ingress_rule","name":"allow_ssh_ipv4_tomcat","provider_config_key":"aws","expressions":{"cidr_ipv4":{"constant_value":"0.0.0.0/0"},"from_port":{"constant_value":22},"ip_protocol":{"constant_value":"tcp"},"security_group_id":{"references":["aws_security_group.Tomcat-SG.id","aws_security_group.Tomcat-SG"]},"to_port":{"constant_value":22}},"schema_version":0},{"address":"random_id.bucket_suffix","mode":"managed","type":"random_id","name":"bucket_suffix","provider_config_key":"random","expressions":{"byte_length":{"constant_value":4}},"schema_version":0},{"address":"data.aws_ami.ubuntu22","mode":"data","type":"aws_ami","name":"ubuntu22","provider_config_key":"aws","expressions":{"filter":[{"name":{"constant_value":"name"},"values":{"constant_value":["ubuntu/images/hvm-ssd/ubuntu-jammy-22.04-amd64-server-*"]}},{"name":{"constant_value":"virtualization-type"},"values":{"constant_value":["hvm"]}}],"most_recent":{"constant_value":true},"owners":{"constant_value":["099720109477"]}},"schema_version":0}],"module_calls":{"vpc":{"source":"terraform-aws-modules/vpc/aws","expressions":{"azs":{"references":["var.AWS_Zone-a","var.AWS_Zone-b","var.AWS_Zone-c"]},"cidr":{"references":["var.VPC_CIDR"]},"enable_dns_hostnames":{"constant_value":true},"enable_dns_support":{"constant_value":true},"enable_nat_gateway":{"constant_value":true},"enable_vpn_gateway":{"constant_value":false},"map_public_ip_on_launch":{"constant_value":true},"name":{"references":["var.VPC_Name"]},"private_subnets":{"references":["var.Private_Subnet_CIDR"]},"public_subnets":{"references":["var.Public_Subnet_CIDR"]},"single_nat_gateway":{"constant_value":true},"tags":{"constant_value":{"Environment":"dev","Terraform":"true"}}},"module":{"outputs":{"azs":{"expression":{"references":["var.azs"]},"description":"A list of availability zones specified as argument to this module"},"cgw_arns":{"expression":{"references":["aws_customer_gateway.this"]},"description":"List of ARNs of Customer Gateway"},"cgw_ids":{"expression":{"references":["aws_customer_gateway.this"]},"description":"List of IDs of Customer Gateway"},"database_internet_gateway_route_id":{"expression":{"references":["aws_route.database_internet_gateway[0].id","aws_route.database_internet_gateway[0]","aws_route.database_internet_gateway"]},"description":"ID of the database internet gateway route"},"database_ipv6_egress_route_id":{"expression":{"references":["aws_route.database_ipv6_egress[0].id","aws_route.database_ipv6_egress[0]","aws_route.database_ipv6_egress"]},"description":"ID of the database IPv6 egress route"},"database_nat_gateway_route_ids":{"expression":{"references":["aws_route.database_nat_gateway"]},"description":"List of IDs of the database nat gateway route"},"database_network_acl_arn":{"expression":{"references":["aws_network_acl.database[0].arn","aws_network_acl.database[0]","aws_network_acl.database"]},"description":"ARN of the database network ACL"},"database_network_acl_id":{"expression":{"references":["aws_network_acl.database[0].id","aws_network_acl.database[0]","aws_network_acl.database"]},"description":"ID of the database network ACL"},"database_route_table_association_ids":{"expression":{"references":["aws_route_table_association.database"]},"description":"List of IDs of the database route table association"},"database_route_table_ids":{"expression":{"references":["aws_route_table.database","aws_route_table.database","aws_route_table.private"]},"description":"List of IDs of database route tables"},"database_subnet_arns":{"expression":{"references":["aws_subnet.database"]},"description":"List of ARNs of database subnets"},"database_subnet_group":{"expression":{"references":["aws_db_subnet_group.database[0].id","aws_db_subnet_group.database[0]","aws_db_subnet_group.database"]},"description":"ID of database subnet group"},"database_subnet_group_name":{"expression":{"references":["aws_db_subnet_group.database[0].name","aws_db_subnet_group.database[0]","aws_db_subnet_group.database"]},"description":"Name of database subnet group"},"database_subnet_objects":{"expression":{"references":["aws_subnet.database"]},"description":"A list of all database subnets, containing the full objects."},"database_subnets":{"expression":{"references":["aws_subnet.database"]},"description":"List of IDs of database subnets"},"database_subnets_cidr_blocks":{"expression":{"references":["aws_subnet.database"]},"description":"List of cidr_blocks of database subnets"},"database_subnets_ipv6_cidr_blocks":{"expression":{"references":["aws_subnet.database"]},"description":"List of IPv6 cidr_blocks of database subnets in an IPv6 enabled VPC"},"default_network_acl_id":{"expression":{"references":["aws_vpc.this[0].default_network_acl_id","aws_vpc.this[0]","aws_vpc.this"]},"description":"The ID of the default network ACL"},"default_route_table_id":{"expression":{"references":["aws_vpc.this[0].default_route_table_id","aws_vpc.this[0]","aws_vpc.this"]},"description":"The ID of the default route table"},"default_security_group_id":{"expression":{"references":["aws_vpc.this[0].default_security_group_id","aws_vpc.this[0]","aws_vpc.this"]},"description":"The ID of the security group created by default on VPC creation"},"default_vpc_arn":{"expression":{"references":["aws_default_vpc.this[0].arn","aws_default_vpc.this[0]","aws_default_vpc.this"]},"description":"The ARN of the Default VPC"},"default_vpc_cidr_block":{"expression":{"references":["aws_default_vpc.this[0].cidr_block","aws_default_vpc.this[0]","aws_default_vpc.this"]},"description":"The CIDR block of the Default VPC"},"default_vpc_default_network_acl_id":{"expression":{"references":["aws_default_vpc.this[0].default_network_acl_id","aws_default_vpc.this[0]","aws_default_vpc.this"]},"description":"The ID of the default network ACL of the Default VPC"},"default_vpc_default_route_table_id":{"expression":{"references":["aws_default_vpc.this[0].default_route_table_id","aws_default_vpc.this[0]","aws_default_vpc.this"]},"description":"The ID of the default route table of the Default VPC"},"default_vpc_default_security_group_id":{"expression":{"references":["aws_default_vpc.this[0].default_security_group_id","aws_default_vpc.this[0]","aws_default_vpc.this"]},"description":"The ID of the security group created by default on Default VPC creation"},"default_vpc_enable_dns_hostnames":{"expression":{"references":["aws_default_vpc.this[0].enable_dns_hostnames","aws_default_vpc.this[0]","aws_default_vpc.this"]},"description":"Whether or not the Default VPC has DNS hostname support"},"default_vpc_enable_dns_support":{"expression":{"references":["aws_default_vpc.this[0].enable_dns_support","aws_default_vpc.this[0]","aws_default_vpc.this"]},"description":"Whether or not the Default VPC has DNS support"},"default_vpc_id":{"expression":{"references":["aws_default_vpc.this[0].id","aws_default_vpc.this[0]","aws_default_vpc.this"]},"description":"The ID of the Default VPC"},"default_vpc_instance_tenancy":{"expression":{"references":["aws_default_vpc.this[0].instance_tenancy","aws_default_vpc.this[0]","aws_default_vpc.this"]},"description":"Tenancy of instances spin up within Default VPC"},"default_vpc_main_route_table_id":{"expression":{"references":["aws_default_vpc.this[0].main_route_table_id","aws_default_vpc.this[0]","aws_default_vpc.this"]},"description":"The ID of the main route table associated with the Default VPC"},"dhcp_options_id":{"expression":{"references":["aws_vpc_dhcp_options.this[0].id","aws_vpc_dhcp_options.this[0]","aws_vpc_dhcp_options.this"]},"description":"The ID of the DHCP options"},"egress_only_internet_gateway_id":{"expression":{"references":["aws_egress_only_internet_gateway.this[0].id","aws_egress_only_internet_gateway.this[0]","aws_egress_only_internet_gateway.this"]},"description":"The ID of the egress only Internet Gateway"},"elasticache_network_acl_arn":{"expression":{"references":["aws_network_acl.elasticache[0].arn","aws_network_acl.elasticache[0]","aws_network_acl.elasticache"]},"description":"ARN of the elasticache network ACL"},"elasticache_network_acl_id":{"expression":{"references":["aws_network_acl.elasticache[0].id","aws_network_acl.elasticache[0]","aws_network_acl.elasticache"]},"description":"ID of the elasticache network ACL"},"elasticache_route_table_association_ids":{"expression":{"references":["aws_route_table_association.elasticache"]},"description":"List of IDs of the elasticache route table association"},"elasticache_route_table_ids":{"expression":{"references":["aws_route_table.elasticache","local.private_route_table_ids"]},"description":"List of IDs of elasticache route tables"},"elasticache_subnet_arns":{"expression":{"references":["aws_subnet.elasticache"]},"description":"List of ARNs of elasticache subnets"},"elasticache_subnet_group":{"expression":{"references":["aws_elasticache_subnet_group.elasticache[0].id","aws_elasticache_subnet_group.elasticache[0]","aws_elasticache_subnet_group.elasticache"]},"description":"ID of elasticache subnet group"},"elasticache_subnet_group_name":{"expression":{"references":["aws_elasticache_subnet_group.elasticache[0].name","aws_elasticache_subnet_group.elasticache[0]","aws_elasticache_subnet_group.elasticache"]},"description":"Name of elasticache subnet group"},"elasticache_subnet_objects":{"expression":{"references":["aws_subnet.elasticache"]},"description":"A list of all elasticache subnets, containing the full objects."},"elasticache_subnets":{"expression":{"references":["aws_subnet.elasticache"]},"description":"List of IDs of elasticache subnets"},"elasticache_subnets_cidr_blocks":{"expression":{"references":["aws_subnet.elasticache"]},"description":"List of cidr_blocks of elasticache subnets"},"elasticache_subnets_ipv6_cidr_blocks":{"expression":{"references":["aws_subnet.elasticache"]},"description":"List of IPv6 cidr_blocks of elasticache subnets in an IPv6 enabled VPC"},"igw_arn":{"expression":{"references":["aws_internet_gateway.this[0].arn","aws_internet_gateway.this[0]","aws_internet_gateway.this"]},"description":"The ARN of the Internet Gateway"},"igw_id":{"expression":{"references":["aws_internet_gateway.this[0].id","aws_internet_gateway.this[0]","aws_internet_gateway.this"]},"description":"The ID of the Internet Gateway"},"intra_network_acl_arn":{"expression":{"references":["aws_network_acl.intra[0].arn","aws_network_acl.intra[0]","aws_network_acl.intra"]},"description":"ARN of the intra network ACL"},"intra_network_acl_id":{"expression":{"references":["aws_network_acl.intra[0].id","aws_network_acl.intra[0]","aws_network_acl.intra"]},"description":"ID of the intra network ACL"},"intra_route_table_association_ids":{"expression":{"references":["aws_route_table_association.intra"]},"description":"List of IDs of the intra route table association"},"intra_route_table_ids":{"expression":{"references":["aws_route_table.intra"]},"description":"List of IDs of intra route tables"},"intra_subnet_arns":{"expression":{"references":["aws_subnet.intra"]},"description":"List of ARNs of intra subnets"},"intra_subnet_objects":{"expression":{"references":["aws_subnet.intra"]},"description":"A list of all intra subnets, containing the full objects."},"intra_subnets":{"expression":{"references":["aws_subnet.intra"]},"description":"List of IDs of intra subnets"},"intra_subnets_cidr_blocks":{"expression":{"references":["aws_subnet.intra"]},"description":"List of cidr_blocks of intra subnets"},"intra_subnets_ipv6_cidr_blocks":{"expression":{"references":["aws_subnet.intra"]},"description":"List of IPv6 cidr_blocks of intra subnets in an IPv6 enabled VPC"},"name":{"expression":{"references":["var.name"]},"description":"The name of the VPC specified as argument to this module"},"nat_ids":{"expression":{"references":["aws_eip.nat"]},"description":"List of allocation ID of Elastic IPs created for AWS NAT Gateway"},"nat_public_ips":{"expression":{"references":["var.reuse_nat_ips","var.external_nat_ips","aws_eip.nat"]},"description":"List of public Elastic IPs created for AWS NAT Gateway"},"natgw_ids":{"expression":{"references":["aws_nat_gateway.this"]},"description":"List of NAT Gateway IDs"},"natgw_interface_ids":{"expression":{"references":["aws_nat_gateway.this"]},"description":"List of Network Interface IDs assigned to NAT Gateways"},"outpost_network_acl_arn":{"expression":{"references":["aws_network_acl.outpost[0].arn","aws_network_acl.outpost[0]","aws_network_acl.outpost"]},"description":"ARN of the outpost network ACL"},"outpost_network_acl_id":{"expression":{"references":["aws_network_acl.outpost[0].id","aws_network_acl.outpost[0]","aws_network_acl.outpost"]},"description":"ID of the outpost network ACL"},"outpost_subnet_arns":{"expression":{"references":["aws_subnet.outpost"]},"description":"List of ARNs of outpost subnets"},"outpost_subnet_objects":{"expression":{"references":["aws_subnet.outpost"]},"description":"A list of all outpost subnets, containing the full objects."},"outpost_subnets":{"expression":{"references":["aws_subnet.outpost"]},"description":"List of IDs of outpost subnets"},"outpost_subnets_cidr_blocks":{"expression":{"references":["aws_subnet.outpost"]},"description":"List of cidr_blocks of outpost subnets"},"outpost_subnets_ipv6_cidr_blocks":{"expression":{"references":["aws_subnet.outpost"]},"description":"List of IPv6 cidr_blocks of outpost subnets in an IPv6 enabled VPC"},"private_ipv6_egress_route_ids":{"expression":{"references":["aws_route.private_ipv6_egress"]},"description":"List of IDs of the ipv6 egress route"},"private_nat_gateway_route_ids":{"expression":{"references":["aws_route.private_nat_gateway"]},"description":"List of IDs of the private nat gateway route"},"private_network_acl_arn":{"expression":{"references":["aws_network_acl.private[0].arn","aws_network_acl.private[0]","aws_network_acl.private"]},"description":"ARN of the private network ACL"},"private_network_acl_id":{"expression":{"references":["aws_network_acl.private[0].id","aws_network_acl.private[0]","aws_network_acl.private"]},"description":"ID of the private network ACL"},"private_route_table_association_ids":{"expression":{"references":["aws_route_table_association.private"]},"description":"List of IDs of the private route table association"},"private_route_table_ids":{"expression":{"references":["local.private_route_table_ids"]},"description":"List of IDs of private route tables"},"private_subnet_arns":{"expression":{"references":["aws_subnet.private"]},"description":"List of ARNs of private subnets"},"private_subnet_objects":{"expression":{"references":["aws_subnet.private"]},"description":"A list of all private subnets, containing the full objects."},"private_subnets":{"expression":{"references":["aws_subnet.private"]},"description":"List of IDs of private subnets"},"private_subnets_cidr_blocks":{"expression":{"references":["aws_subnet.private"]},"description":"List of cidr_blocks of private subnets"},"private_subnets_ipv6_cidr_blocks":{"expression":{"references":["aws_subnet.private"]},"description":"List of IPv6 cidr_blocks of private subnets in an IPv6 enabled VPC"},"public_internet_gateway_ipv6_route_id":{"expression":{"references":["aws_route.public_internet_gateway_ipv6[0].id","aws_route.public_internet_gateway_ipv6[0]","aws_route.public_internet_gateway_ipv6"]},"description":"ID of the IPv6 internet gateway route"},"public_internet_gateway_route_id":{"expression":{"references":["aws_route.public_internet_gateway[0].id","aws_route.public_internet_gateway[0]","aws_route.public_internet_gateway"]},"description":"ID of the internet gateway route"},"public_network_acl_arn":{"expression":{"references":["aws_network_acl.public[0].arn","aws_network_acl.public[0]","aws_network_acl.public"]},"description":"ARN of the public network ACL"},"public_network_acl_id":{"expression":{"references":["aws_network_acl.public[0].id","aws_network_acl.public[0]","aws_network_acl.public"]},"description":"ID of the public network ACL"},"public_route_table_association_ids":{"expression":{"references":["aws_route_table_association.public"]},"description":"List of IDs of the public route table association"},"public_route_table_ids":{"expression":{"references":["local.public_route_table_ids"]},"description":"List of IDs of public route tables"},"public_subnet_arns":{"expression":{"references":["aws_subnet.public"]},"description":"List of ARNs of public subnets"},"public_subnet_objects":{"expression":{"references":["aws_subnet.public"]},"description":"A list of all public subnets, containing the full objects."},"public_subnets":{"expression":{"references":["aws_subnet.public"]},"description":"List of IDs of public subnets"},"public_subnets_cidr_blocks":{"expression":{"references":["aws_subnet.public"]},"description":"List of cidr_blocks of public subnets"},"public_subnets_ipv6_cidr_blocks":{"expression":{"references":["aws_subnet.public"]},"description":"List of IPv6 cidr_blocks of public subnets in an IPv6 enabled VPC"},"redshift_network_acl_arn":{"expression":{"references":["aws_network_acl.redshift[0].arn","aws_network_acl.redshift[0]","aws_network_acl.redshift"]},"description":"ARN of the redshift network ACL"},"redshift_network_acl_id":{"expression":{"references":["aws_network_acl.redshift[0].id","aws_network_acl.redshift[0]","aws_network_acl.redshift"]},"description":"ID of the redshift network ACL"},"redshift_public_route_table_association_ids":{"expression":{"references":["aws_route_table_association.redshift_public"]},"description":"List of IDs of the public redshift route table association"},"redshift_route_table_association_ids":{"expression":{"references":["aws_route_table_association.redshift"]},"description":"List of IDs of the redshift route table association"},"redshift_route_table_ids":{"expression":{"references":["local.redshift_route_table_ids","local.redshift_route_table_ids","var.enable_public_redshift","local.public_route_table_ids","local.private_route_table_ids"]},"description":"List of IDs of redshift route tables"},"redshift_subnet_arns":{"expression":{"references":["aws_subnet.redshift"]},"description":"List of ARNs of redshift subnets"},"redshift_subnet_group":{"expression":{"references":["aws_redshift_subnet_group.redshift[0].id","aws_redshift_subnet_group.redshift[0]","aws_redshift_subnet_group.redshift"]},"description":"ID of redshift subnet group"},"redshift_subnet_objects":{"expression":{"references":["aws_subnet.redshift"]},"description":"A list of all redshift subnets, containing the full objects."},"redshift_subnets":{"expression":{"references":["aws_subnet.redshift"]},"description":"List of IDs of redshift subnets"},"redshift_subnets_cidr_blocks":{"expression":{"references":["aws_subnet.redshift"]},"description":"List of cidr_blocks of redshift subnets"},"redshift_subnets_ipv6_cidr_blocks":{"expression":{"references":["aws_subnet.redshift"]},"description":"List of IPv6 cidr_blocks of redshift subnets in an IPv6 enabled VPC"},"this_customer_gateway":{"expression":{"references":["aws_customer_gateway.this"]},"description":"Map of Customer Gateway attributes"},"vgw_arn":{"expression":{"references":["aws_vpn_gateway.this[0].arn","aws_vpn_gateway.this[0]","aws_vpn_gateway.this"]},"description":"The ARN of the VPN Gateway"},"vgw_id":{"expression":{"references":["aws_vpn_gateway.this[0].id","aws_vpn_gateway.this[0]","aws_vpn_gateway.this","aws_vpn_gateway_attachment.this[0].vpn_gateway_id","aws_vpn_gateway_attachment.this[0]","aws_vpn_gateway_attachment.this"]},"description":"The ID of the VPN Gateway"},"vpc_arn":{"expression":{"references":["aws_vpc.this[0].arn","aws_vpc.this[0]","aws_vpc.this"]},"description":"The ARN of the VPC"},"vpc_block_public_access_exclusions":{"expression":{"references":["aws_vpc_block_public_access_exclusion.this"]},"description":"A map of VPC block public access exclusions"},"vpc_cidr_block":{"expression":{"references":["aws_vpc.this[0].cidr_block","aws_vpc.this[0]","aws_vpc.this"]},"description":"The CIDR block of the VPC"},"vpc_enable_dns_hostnames":{"expression":{"references":["aws_vpc.this[0].enable_dns_hostnames","aws_vpc.this[0]","aws_vpc.this"]},"description":"Whether or not the VPC has DNS hostname support"},"vpc_enable_dns_support":{"expression":{"references":["aws_vpc.this[0].enable_dns_support","aws_vpc.this[0]","aws_vpc.this"]},"description":"Whether or not the VPC has DNS support"},"vpc_flow_log_cloudwatch_iam_role_arn":{"expression":{"references":["local.flow_log_iam_role_arn"]},"description":"The ARN of the IAM role used when pushing logs to Cloudwatch log group"},"vpc_flow_log_deliver_cross_account_role":{"expression":{"references":["aws_flow_log.this[0].deliver_cross_account_role","aws_flow_log.this[0]","aws_flow_log.this"]},"description":"The ARN of the IAM role used when pushing logs cross account"},"vpc_flow_log_destination_arn":{"expression":{"references":["local.flow_log_destination_arn"]},"description":"The ARN of the destination for VPC Flow Logs"},"vpc_flow_log_destination_type":{"expression":{"references":["var.flow_log_destination_type"]},"description":"The type of the destination for VPC Flow Logs"},"vpc_flow_log_id":{"expression":{"references":["aws_flow_log.this[0].id","aws_flow_log.this[0]","aws_flow_log.this"]},"description":"The ID of the Flow Log resource"},"vpc_id":{"expression":{"references":["aws_vpc.this[0].id","aws_vpc.this[0]","aws_vpc.this"]},"description":"The ID of the VPC"},"vpc_instance_tenancy":{"expression":{"references":["aws_vpc.this[0].instance_tenancy","aws_vpc.this[0]","aws_vpc.this"]},"description":"Tenancy of instances spin up within VPC"},"vpc_ipv6_association_id":{"expression":{"references":["aws_vpc.this[0].ipv6_association_id","aws_vpc.this[0]","aws_vpc.this"]},"description":"The association ID for the IPv6 CIDR block"},"vpc_ipv6_cidr_block":{"expression":{"references":["aws_vpc.this[0].ipv6_cidr_block","aws_vpc.this[0]","aws_vpc.this"]},"description":"The IPv6 CIDR block"},"vpc_main_route_table_id":{"expression":{"references":["aws_vpc.this[0].main_route_table_id","aws_vpc.this[0]","aws_vpc.this"]},"description":"The ID of the main route table associated with this VPC"},"vpc_owner_id":{"expression":{"references":["aws_vpc.this[0].owner_id","aws_vpc.this[0]","aws_vpc.this"]},"description":"The ID of the AWS account that owns the VPC"},"vpc_secondary_cidr_blocks":{"expression":{"references":["aws_vpc_ipv4_cidr_block_association.this"]},"description":"List of secondary CIDR blocks of the VPC"}},"resources":[{"address":"aws_cloudwatch_log_group.flow_log","mode":"managed","type":"aws_cloudwatch_log_group","name":"flow_log","provider_config_key":"aws","expressions":{"kms_key_id":{"references":["var.flow_log_cloudwatch_log_group_kms_key_id"]},"log_group_class":{"references":["var.flow_log_cloudwatch_log_group_class"]},"name":{"references":["var.flow_log_cloudwatch_log_group_name_prefix","local.flow_log_cloudwatch_log_group_name_suffix"]},"region":{"references":["var.region"]},"retention_in_days":{"references":["var.flow_log_cloudwatch_log_group_retention_in_days"]},"skip_destroy":{"references":["var.flow_log_cloudwatch_log_group_skip_destroy"]},"tags":{"references":["var.tags","var.vpc_flow_log_tags"]}},"schema_version":0,"count_expression":{"references":["local.create_flow_log_cloudwatch_log_group"]}},{"address":"aws_customer_gateway.this","mode":"managed","type":"aws_customer_gateway","name":"this","provider_config_key":"aws","expressions":{"bgp_asn":{"references":["each.value"]},"bgp_asn_extended":{"references":["each.value"]},"device_name":{"references":["each.value"]},"ip_address":{"references":["each.value[\"ip_address\"]","each.value"]},"region":{"references":["var.region"]},"tags":{"references":["var.name","each.key","var.tags","var.customer_gateway_tags"]},"type":{"constant_value":"ipsec.1"}},"schema_version":0,"for_each_expression":{"references":["var.customer_gateways"]}},{"address":"aws_db_subnet_group.database","mode":"managed","type":"aws_db_subnet_group","name":"database","provider_config_key":"aws","expressions":{"description":{"references":["var.name"]},"name":{"references":["var.database_subnet_group_name","var.name"]},"region":{"references":["var.region"]},"subnet_ids":{"references":["aws_subnet.database"]},"tags":{"references":["var.database_subnet_group_name","var.name","var.tags","var.database_subnet_group_tags"]}},"schema_version":0,"count_expression":{"references":["local.create_database_subnets","var.create_database_subnet_group"]}},{"address":"aws_default_network_acl.this","mode":"managed","type":"aws_default_network_acl","name":"this","provider_config_key":"aws","expressions":{"default_network_acl_id":{"references":["aws_vpc.this[0].default_network_acl_id","aws_vpc.this[0]","aws_vpc.this"]},"region":{"references":["var.region"]},"subnet_ids":{"constant_value":null},"tags":{"references":["var.default_network_acl_name","var.name","var.tags","var.default_network_acl_tags"]}},"schema_version":0,"count_expression":{"references":["local.create_vpc","var.manage_default_network_acl"]}},{"address":"aws_default_route_table.default","mode":"managed","type":"aws_default_route_table","name":"default","provider_config_key":"aws","expressions":{"default_route_table_id":{"references":["aws_vpc.this[0].default_route_table_id","aws_vpc.this[0]","aws_vpc.this"]},"propagating_vgws":{"references":["var.default_route_table_propagating_vgws"]},"region":{"references":["var.region"]},"tags":{"references":["var.default_route_table_name","var.name","var.tags","var.default_route_table_tags"]},"timeouts":{"create":{"constant_value":"5m"},"update":{"constant_value":"5m"}}},"schema_version":0,"count_expression":{"references":["local.create_vpc","var.manage_default_route_table"]}},{"address":"aws_default_security_group.this","mode":"managed","type":"aws_default_security_group","name":"this","provider_config_key":"aws","expressions":{"region":{"references":["var.region"]},"tags":{"references":["var.default_security_group_name","var.name","var.tags","var.default_security_group_tags"]},"vpc_id":{"references":["aws_vpc.this[0].id","aws_vpc.this[0]","aws_vpc.this"]}},"schema_version":1,"count_expression":{"references":["local.create_vpc","var.manage_default_security_group"]}},{"address":"aws_default_vpc.this","mode":"managed","type":"aws_default_vpc","name":"this","provider_config_key":"aws","expressions":{"enable_dns_hostnames":{"references":["var.default_vpc_enable_dns_hostnames"]},"enable_dns_support":{"references":["var.default_vpc_enable_dns_support"]},"region":{"references":["var.region"]},"tags":{"references":["var.default_vpc_name","var.tags","var.default_vpc_tags"]}},"schema_version":1,"count_expression":{"references":["var.manage_default_vpc"]}},{"address":"aws_egress_only_internet_gateway.this","mode":"managed","type":"aws_egress_only_internet_gateway","name":"this","provider_config_key":"aws","expressions":{"region":{"references":["var.region"]},"tags":{"references":["var.name","var.tags","var.igw_tags"]},"vpc_id":{"references":["local.vpc_id"]}},"schema_version":0,"count_expression":{"references":["local.create_vpc","var.create_egress_only_igw","var.enable_ipv6","local.max_subnet_length"]}},{"address":"aws_eip.nat","mode":"managed","type":"aws_eip","name":"nat","provider_config_key":"aws","expressions":{"domain":{"constant_value":"vpc"},"region":{"references":["var.region"]},"tags":{"references":["var.name","var.azs","var.single_nat_gateway","count.index","var.tags","var.nat_eip_tags"]}},"schema_version":0,"count_expression":{"references":["local.create_vpc","var.enable_nat_gateway","var.reuse_nat_ips","local.nat_gateway_count"]},"depends_on":["aws_internet_gateway.this"]},{"address":"aws_elasticache_subnet_group.elasticache","mode":"managed","type":"aws_elasticache_subnet_group","name":"elasticache","provider_config_key":"aws","expressions":{"description":{"references":["var.name"]},"name":{"references":["var.elasticache_subnet_group_name","var.name"]},"region":{"references":["var.region"]},"subnet_ids":{"references":["aws_subnet.elasticache"]},"tags":{"references":["var.elasticache_subnet_group_name","var.name","var.tags","var.elasticache_subnet_group_tags"]}},"schema_version":0,"count_expression":{"references":["local.create_elasticache_subnets","var.create_elasticache_subnet_group"]}},{"address":"aws_flow_log.this","mode":"managed","type":"aws_flow_log","name":"this","provider_config_key":"aws","expressions":{"deliver_cross_account_role":{"references":["var.flow_log_deliver_cross_account_role"]},"iam_role_arn":{"references":["local.flow_log_iam_role_arn"]},"log_destination":{"references":["local.flow_log_destination_arn"]},"log_destination_type":{"references":["var.flow_log_destination_type"]},"log_format":{"references":["var.flow_log_log_format"]},"max_aggregation_interval":{"references":["var.flow_log_max_aggregation_interval"]},"region":{"references":["var.region"]},"tags":{"references":["var.tags","var.vpc_flow_log_tags"]},"traffic_type":{"references":["var.flow_log_traffic_type"]},"vpc_id":{"references":["local.vpc_id"]}},"schema_version":1,"count_expression":{"references":["local.enable_flow_log"]}},{"address":"aws_iam_policy.vpc_flow_log_cloudwatch","mode":"managed","type":"aws_iam_policy","name":"vpc_flow_log_cloudwatch","provider_config_key":"aws","expressions":{"name":{"references":["var.vpc_flow_log_iam_policy_use_name_prefix","var.vpc_flow_log_iam_policy_name"]},"name_prefix":{"references":["var.vpc_flow_log_iam_policy_use_name_prefix","var.vpc_flow_log_iam_policy_name"]},"policy":{"references":["data.aws_iam_policy_document.vpc_flow_log_cloudwatch[0].json","data.aws_iam_policy_document.vpc_flow_log_cloudwatch[0]","data.aws_iam_policy_document.vpc_flow_log_cloudwatch"]},"tags":{"references":["var.tags","var.vpc_flow_log_tags"]}},"schema_version":0,"count_expression":{"references":["local.create_flow_log_cloudwatch_iam_role"]}},{"address":"aws_iam_role.vpc_flow_log_cloudwatch","mode":"managed","type":"aws_iam_role","name":"vpc_flow_log_cloudwatch","provider_config_key":"aws","expressions":{"assume_role_policy":{"references":["data.aws_iam_policy_document.flow_log_cloudwatch_assume_role[0].json","data.aws_iam_policy_document.flow_log_cloudwatch_assume_role[0]","data.aws_iam_policy_document.flow_log_cloudwatch_assume_role"]},"name":{"references":["var.vpc_flow_log_iam_role_use_name_prefix","var.vpc_flow_log_iam_role_name"]},"name_prefix":{"references":["var.vpc_flow_log_iam_role_use_name_prefix","var.vpc_flow_log_iam_role_name"]},"path":{"references":["var.vpc_flow_log_iam_role_path"]},"permissions_boundary":{"references":["var.vpc_flow_log_permissions_boundary"]},"tags":{"references":["var.tags","var.vpc_flow_log_tags"]}},"schema_version":0,"count_expression":{"references":["local.create_flow_log_cloudwatch_iam_role"]}},{"address":"aws_iam_role_policy_attachment.vpc_flow_log_cloudwatch","mode":"managed","type":"aws_iam_role_policy_attachment","name":"vpc_flow_log_cloudwatch","provider_config_key":"aws","expressions":{"policy_arn":{"references":["aws_iam_policy.vpc_flow_log_cloudwatch[0].arn","aws_iam_policy.vpc_flow_log_cloudwatch[0]","aws_iam_policy.vpc_flow_log_cloudwatch"]},"role":{"references":["aws_iam_role.vpc_flow_log_cloudwatch[0].name","aws_iam_role.vpc_flow_log_cloudwatch[0]","aws_iam_role.vpc_flow_log_cloudwatch"]}},"schema_version":0,"count_expression":{"references":["local.create_flow_log_cloudwatch_iam_role"]}},{"address":"aws_internet_gateway.this","mode":"managed","type":"aws_internet_gateway","name":"this","provider_config_key":"aws","expressions":{"region":{"references":["var.region"]},"tags":{"references":["var.name","var.tags","var.igw_tags"]},"vpc_id":{"references":["local.vpc_id"]}},"schema_version":0,"count_expression":{"references":["local.create_public_subnets","var.create_igw"]}},{"address":"aws_nat_gateway.this","mode":"managed","type":"aws_nat_gateway","name":"this","provider_config_key":"aws","expressions":{"allocation_id":{"references":["local.nat_gateway_ips","var.single_nat_gateway","count.index"]},"region":{"references":["var.region"]},"subnet_id":{"references":["aws_subnet.public","var.single_nat_gateway","count.index"]},"tags":{"references":["var.name","var.azs","var.single_nat_gateway","count.index","var.tags","var.nat_gateway_tags"]}},"schema_version":0,"count_expression":{"references":["local.create_vpc","var.enable_nat_gateway","local.nat_gateway_count"]},"depends_on":["aws_internet_gateway.this"]},{"address":"aws_network_acl.database","mode":"managed","type":"aws_network_acl","name":"database","provider_config_key":"aws","expressions":{"region":{"references":["var.region"]},"subnet_ids":{"references":["aws_subnet.database"]},"tags":{"references":["var.name","var.database_subnet_suffix","var.tags","var.database_acl_tags"]},"vpc_id":{"references":["local.vpc_id"]}},"schema_version":0,"count_expression":{"references":["local.create_database_network_acl"]}},{"address":"aws_network_acl.elasticache","mode":"managed","type":"aws_network_acl","name":"elasticache","provider_config_key":"aws","expressions":{"region":{"references":["var.region"]},"subnet_ids":{"references":["aws_subnet.elasticache"]},"tags":{"references":["var.name","var.elasticache_subnet_suffix","var.tags","var.elasticache_acl_tags"]},"vpc_id":{"references":["local.vpc_id"]}},"schema_version":0,"count_expression":{"references":["local.create_elasticache_network_acl"]}},{"address":"aws_network_acl.intra","mode":"managed","type":"aws_network_acl","name":"intra","provider_config_key":"aws","expressions":{"region":{"references":["var.region"]},"subnet_ids":{"references":["aws_subnet.intra"]},"tags":{"references":["var.name","var.intra_subnet_suffix","var.tags","var.intra_acl_tags"]},"vpc_id":{"references":["local.vpc_id"]}},"schema_version":0,"count_expression":{"references":["local.create_intra_network_acl"]}},{"address":"aws_network_acl.outpost","mode":"managed","type":"aws_network_acl","name":"outpost","provider_config_key":"aws","expressions":{"region":{"references":["var.region"]},"subnet_ids":{"references":["aws_subnet.outpost"]},"tags":{"references":["var.name","var.outpost_subnet_suffix","var.tags","var.outpost_acl_tags"]},"vpc_id":{"references":["local.vpc_id"]}},"schema_version":0,"count_expression":{"references":["local.create_outpost_network_acl"]}},{"address":"aws_network_acl.private","mode":"managed","type":"aws_network_acl","name":"private","provider_config_key":"aws","expressions":{"region":{"references":["var.region"]},"subnet_ids":{"references":["aws_subnet.private"]},"tags":{"references":["var.name","var.private_subnet_suffix","var.tags","var.private_acl_tags"]},"vpc_id":{"references":["local.vpc_id"]}},"schema_version":0,"count_expression":{"references":["local.create_private_network_acl"]}},{"address":"aws_network_acl.public","mode":"managed","type":"aws_network_acl","name":"public","provider_config_key":"aws","expressions":{"region":{"references":["var.region"]},"subnet_ids":{"references":["aws_subnet.public"]},"tags":{"references":["var.name","var.public_subnet_suffix","var.tags","var.public_acl_tags"]},"vpc_id":{"references":["local.vpc_id"]}},"schema_version":0,"count_expression":{"references":["local.create_public_subnets","var.public_dedicated_network_acl"]}},{"address":"aws_network_acl.redshift","mode":"managed","type":"aws_network_acl","name":"redshift","provider_config_key":"aws","expressions":{"region":{"references":["var.region"]},"subnet_ids":{"references":["aws_subnet.redshift"]},"tags":{"references":["var.name","var.redshift_subnet_suffix","var.tags","var.redshift_acl_tags"]},"vpc_id":{"references":["local.vpc_id"]}},"schema_version":0,"count_expression":{"references":["local.create_redshift_network_acl"]}},{"address":"aws_network_acl_rule.database_inbound","mode":"managed","type":"aws_network_acl_rule","name":"database_inbound","provider_config_key":"aws","expressions":{"cidr_block":{"references":["var.database_inbound_acl_rules","count.index"]},"egress":{"constant_value":false},"from_port":{"references":["var.database_inbound_acl_rules","count.index"]},"icmp_code":{"references":["var.database_inbound_acl_rules","count.index"]},"icmp_type":{"references":["var.database_inbound_acl_rules","count.index"]},"ipv6_cidr_block":{"references":["var.database_inbound_acl_rules","count.index"]},"network_acl_id":{"references":["aws_network_acl.database[0].id","aws_network_acl.database[0]","aws_network_acl.database"]},"protocol":{"references":["var.database_inbound_acl_rules","count.index"]},"region":{"references":["var.region"]},"rule_action":{"references":["var.database_inbound_acl_rules","count.index"]},"rule_number":{"references":["var.database_inbound_acl_rules","count.index"]},"to_port":{"references":["var.database_inbound_acl_rules","count.index"]}},"schema_version":0,"count_expression":{"references":["local.create_database_network_acl","var.database_inbound_acl_rules"]}},{"address":"aws_network_acl_rule.database_outbound","mode":"managed","type":"aws_network_acl_rule","name":"database_outbound","provider_config_key":"aws","expressions":{"cidr_block":{"references":["var.database_outbound_acl_rules","count.index"]},"egress":{"constant_value":true},"from_port":{"references":["var.database_outbound_acl_rules","count.index"]},"icmp_code":{"references":["var.database_outbound_acl_rules","count.index"]},"icmp_type":{"references":["var.database_outbound_acl_rules","count.index"]},"ipv6_cidr_block":{"references":["var.database_outbound_acl_rules","count.index"]},"network_acl_id":{"references":["aws_network_acl.database[0].id","aws_network_acl.database[0]","aws_network_acl.database"]},"protocol":{"references":["var.database_outbound_acl_rules","count.index"]},"region":{"references":["var.region"]},"rule_action":{"references":["var.database_outbound_acl_rules","count.index"]},"rule_number":{"references":["var.database_outbound_acl_rules","count.index"]},"to_port":{"references":["var.database_outbound_acl_rules","count.index"]}},"schema_version":0,"count_expression":{"references":["local.create_database_network_acl","var.database_outbound_acl_rules"]}},{"address":"aws_network_acl_rule.elasticache_inbound","mode":"managed","type":"aws_network_acl_rule","name":"elasticache_inbound","provider_config_key":"aws","expressions":{"cidr_block":{"references":["var.elasticache_inbound_acl_rules","count.index"]},"egress":{"constant_value":false},"from_port":{"references":["var.elasticache_inbound_acl_rules","count.index"]},"icmp_code":{"references":["var.elasticache_inbound_acl_rules","count.index"]},"icmp_type":{"references":["var.elasticache_inbound_acl_rules","count.index"]},"ipv6_cidr_block":{"references":["var.elasticache_inbound_acl_rules","count.index"]},"network_acl_id":{"references":["aws_network_acl.elasticache[0].id","aws_network_acl.elasticache[0]","aws_network_acl.elasticache"]},"protocol":{"references":["var.elasticache_inbound_acl_rules","count.index"]},"region":{"references":["var.region"]},"rule_action":{"references":["var.elasticache_inbound_acl_rules","count.index"]},"rule_number":{"references":["var.elasticache_inbound_acl_rules","count.index"]},"to_port":{"references":["var.elasticache_inbound_acl_rules","count.index"]}},"schema_version":0,"count_expression":{"references":["local.create_elasticache_network_acl","var.elasticache_inbound_acl_rules"]}},{"address":"aws_network_acl_rule.elasticache_outbound","mode":"managed","type":"aws_network_acl_rule","name":"elasticache_outbound","provider_config_key":"aws","expressions":{"cidr_block":{"references":["var.elasticache_outbound_acl_rules","count.index"]},"egress":{"constant_value":true},"from_port":{"references":["var.elasticache_outbound_acl_rules","count.index"]},"icmp_code":{"references":["var.elasticache_outbound_acl_rules","count.index"]},"icmp_type":{"references":["var.elasticache_outbound_acl_rules","count.index"]},"ipv6_cidr_block":{"references":["var.elasticache_outbound_acl_rules","count.index"]},"network_acl_id":{"references":["aws_network_acl.elasticache[0].id","aws_network_acl.elasticache[0]","aws_network_acl.elasticache"]},"protocol":{"references":["var.elasticache_outbound_acl_rules","count.index"]},"region":{"references":["var.region"]},"rule_action":{"references":["var.elasticache_outbound_acl_rules","count.index"]},"rule_number":{"references":["var.elasticache_outbound_acl_rules","count.index"]},"to_port":{"references":["var.elasticache_outbound_acl_rules","count.index"]}},"schema_version":0,"count_expression":{"references":["local.create_elasticache_network_acl","var.elasticache_outbound_acl_rules"]}},{"address":"aws_network_acl_rule.intra_inbound","mode":"managed","type":"aws_network_acl_rule","name":"intra_inbound","provider_config_key":"aws","expressions":{"cidr_block":{"references":["var.intra_inbound_acl_rules","count.index"]},"egress":{"constant_value":false},"from_port":{"references":["var.intra_inbound_acl_rules","count.index"]},"icmp_code":{"references":["var.intra_inbound_acl_rules","count.index"]},"icmp_type":{"references":["var.intra_inbound_acl_rules","count.index"]},"ipv6_cidr_block":{"references":["var.intra_inbound_acl_rules","count.index"]},"network_acl_id":{"references":["aws_network_acl.intra[0].id","aws_network_acl.intra[0]","aws_network_acl.intra"]},"protocol":{"references":["var.intra_inbound_acl_rules","count.index"]},"region":{"references":["var.region"]},"rule_action":{"references":["var.intra_inbound_acl_rules","count.index"]},"rule_number":{"references":["var.intra_inbound_acl_rules","count.index"]},"to_port":{"references":["var.intra_inbound_acl_rules","count.index"]}},"schema_version":0,"count_expression":{"references":["local.create_intra_network_acl","var.intra_inbound_acl_rules"]}},{"address":"aws_network_acl_rule.intra_outbound","mode":"managed","type":"aws_network_acl_rule","name":"intra_outbound","provider_config_key":"aws","expressions":{"cidr_block":{"references":["var.intra_outbound_acl_rules","count.index"]},"egress":{"constant_value":true},"from_port":{"references":["var.intra_outbound_acl_rules","count.index"]},"icmp_code":{"references":["var.intra_outbound_acl_rules","count.index"]},"icmp_type":{"references":["var.intra_outbound_acl_rules","count.index"]},"ipv6_cidr_block":{"references":["var.intra_outbound_acl_rules","count.index"]},"network_acl_id":{"references":["aws_network_acl.intra[0].id","aws_network_acl.intra[0]","aws_network_acl.intra"]},"protocol":{"references":["var.intra_outbound_acl_rules","count.index"]},"region":{"references":["var.region"]},"rule_action":{"references":["var.intra_outbound_acl_rules","count.index"]},"rule_number":{"references":["var.intra_outbound_acl_rules","count.index"]},"to_port":{"references":["var.intra_outbound_acl_rules","count.index"]}},"schema_version":0,"count_expression":{"references":["local.create_intra_network_acl","var.intra_outbound_acl_rules"]}},{"address":"aws_network_acl_rule.outpost_inbound","mode":"managed","type":"aws_network_acl_rule","name":"outpost_inbound","provider_config_key":"aws","expressions":{"cidr_block":{"references":["var.outpost_inbound_acl_rules","count.index"]},"egress":{"constant_value":false},"from_port":{"references":["var.outpost_inbound_acl_rules","count.index"]},"icmp_code":{"references":["var.outpost_inbound_acl_rules","count.index"]},"icmp_type":{"references":["var.outpost_inbound_acl_rules","count.index"]},"ipv6_cidr_block":{"references":["var.outpost_inbound_acl_rules","count.index"]},"network_acl_id":{"references":["aws_network_acl.outpost[0].id","aws_network_acl.outpost[0]","aws_network_acl.outpost"]},"protocol":{"references":["var.outpost_inbound_acl_rules","count.index"]},"region":{"references":["var.region"]},"rule_action":{"references":["var.outpost_inbound_acl_rules","count.index"]},"rule_number":{"references":["var.outpost_inbound_acl_rules","count.index"]},"to_port":{"references":["var.outpost_inbound_acl_rules","count.index"]}},"schema_version":0,"count_expression":{"references":["local.create_outpost_network_acl","var.outpost_inbound_acl_rules"]}},{"address":"aws_network_acl_rule.outpost_outbound","mode":"managed","type":"aws_network_acl_rule","name":"outpost_outbound","provider_config_key":"aws","expressions":{"cidr_block":{"references":["var.outpost_outbound_acl_rules","count.index"]},"egress":{"constant_value":true},"from_port":{"references":["var.outpost_outbound_acl_rules","count.index"]},"icmp_code":{"references":["var.outpost_outbound_acl_rules","count.index"]},"icmp_type":{"references":["var.outpost_outbound_acl_rules","count.index"]},"ipv6_cidr_block":{"references":["var.outpost_outbound_acl_rules","count.index"]},"network_acl_id":{"references":["aws_network_acl.outpost[0].id","aws_network_acl.outpost[0]","aws_network_acl.outpost"]},"protocol":{"references":["var.outpost_outbound_acl_rules","count.index"]},"region":{"references":["var.region"]},"rule_action":{"references":["var.outpost_outbound_acl_rules","count.index"]},"rule_number":{"references":["var.outpost_outbound_acl_rules","count.index"]},"to_port":{"references":["var.outpost_outbound_acl_rules","count.index"]}},"schema_version":0,"count_expression":{"references":["local.create_outpost_network_acl","var.outpost_outbound_acl_rules"]}},{"address":"aws_network_acl_rule.private_inbound","mode":"managed","type":"aws_network_acl_rule","name":"private_inbound","provider_config_key":"aws","expressions":{"cidr_block":{"references":["var.private_inbound_acl_rules","count.index"]},"egress":{"constant_value":false},"from_port":{"references":["var.private_inbound_acl_rules","count.index"]},"icmp_code":{"references":["var.private_inbound_acl_rules","count.index"]},"icmp_type":{"references":["var.private_inbound_acl_rules","count.index"]},"ipv6_cidr_block":{"references":["var.private_inbound_acl_rules","count.index"]},"network_acl_id":{"references":["aws_network_acl.private[0].id","aws_network_acl.private[0]","aws_network_acl.private"]},"protocol":{"references":["var.private_inbound_acl_rules","count.index"]},"region":{"references":["var.region"]},"rule_action":{"references":["var.private_inbound_acl_rules","count.index"]},"rule_number":{"references":["var.private_inbound_acl_rules","count.index"]},"to_port":{"references":["var.private_inbound_acl_rules","count.index"]}},"schema_version":0,"count_expression":{"references":["local.create_private_network_acl","var.private_inbound_acl_rules"]}},{"address":"aws_network_acl_rule.private_outbound","mode":"managed","type":"aws_network_acl_rule","name":"private_outbound","provider_config_key":"aws","expressions":{"cidr_block":{"references":["var.private_outbound_acl_rules","count.index"]},"egress":{"constant_value":true},"from_port":{"references":["var.private_outbound_acl_rules","count.index"]},"icmp_code":{"references":["var.private_outbound_acl_rules","count.index"]},"icmp_type":{"references":["var.private_outbound_acl_rules","count.index"]},"ipv6_cidr_block":{"references":["var.private_outbound_acl_rules","count.index"]},"network_acl_id":{"references":["aws_network_acl.private[0].id","aws_network_acl.private[0]","aws_network_acl.private"]},"protocol":{"references":["var.private_outbound_acl_rules","count.index"]},"region":{"references":["var.region"]},"rule_action":{"references":["var.private_outbound_acl_rules","count.index"]},"rule_number":{"references":["var.private_outbound_acl_rules","count.index"]},"to_port":{"references":["var.private_outbound_acl_rules","count.index"]}},"schema_version":0,"count_expression":{"references":["local.create_private_network_acl","var.private_outbound_acl_rules"]}},{"address":"aws_network_acl_rule.public_inbound","mode":"managed","type":"aws_network_acl_rule","name":"public_inbound","provider_config_key":"aws","expressions":{"cidr_block":{"references":["var.public_inbound_acl_rules","count.index"]},"egress":{"constant_value":false},"from_port":{"references":["var.public_inbound_acl_rules","count.index"]},"icmp_code":{"references":["var.public_inbound_acl_rules","count.index"]},"icmp_type":{"references":["var.public_inbound_acl_rules","count.index"]},"ipv6_cidr_block":{"references":["var.public_inbound_acl_rules","count.index"]},"network_acl_id":{"references":["aws_network_acl.public[0].id","aws_network_acl.public[0]","aws_network_acl.public"]},"protocol":{"references":["var.public_inbound_acl_rules","count.index"]},"region":{"references":["var.region"]},"rule_action":{"references":["var.public_inbound_acl_rules","count.index"]},"rule_number":{"references":["var.public_inbound_acl_rules","count.index"]},"to_port":{"references":["var.public_inbound_acl_rules","count.index"]}},"schema_version":0,"count_expression":{"references":["local.create_public_subnets","var.public_dedicated_network_acl","var.public_inbound_acl_rules"]}},{"address":"aws_network_acl_rule.public_outbound","mode":"managed","type":"aws_network_acl_rule","name":"public_outbound","provider_config_key":"aws","expressions":{"cidr_block":{"references":["var.public_outbound_acl_rules","count.index"]},"egress":{"constant_value":true},"from_port":{"references":["var.public_outbound_acl_rules","count.index"]},"icmp_code":{"references":["var.public_outbound_acl_rules","count.index"]},"icmp_type":{"references":["var.public_outbound_acl_rules","count.index"]},"ipv6_cidr_block":{"references":["var.public_outbound_acl_rules","count.index"]},"network_acl_id":{"references":["aws_network_acl.public[0].id","aws_network_acl.public[0]","aws_network_acl.public"]},"protocol":{"references":["var.public_outbound_acl_rules","count.index"]},"region":{"references":["var.region"]},"rule_action":{"references":["var.public_outbound_acl_rules","count.index"]},"rule_number":{"references":["var.public_outbound_acl_rules","count.index"]},"to_port":{"references":["var.public_outbound_acl_rules","count.index"]}},"schema_version":0,"count_expression":{"references":["local.create_public_subnets","var.public_dedicated_network_acl","var.public_outbound_acl_rules"]}},{"address":"aws_network_acl_rule.redshift_inbound","mode":"managed","type":"aws_network_acl_rule","name":"redshift_inbound","provider_config_key":"aws","expressions":{"cidr_block":{"references":["var.redshift_inbound_acl_rules","count.index"]},"egress":{"constant_value":false},"from_port":{"references":["var.redshift_inbound_acl_rules","count.index"]},"icmp_code":{"references":["var.redshift_inbound_acl_rules","count.index"]},"icmp_type":{"references":["var.redshift_inbound_acl_rules","count.index"]},"ipv6_cidr_block":{"references":["var.redshift_inbound_acl_rules","count.index"]},"network_acl_id":{"references":["aws_network_acl.redshift[0].id","aws_network_acl.redshift[0]","aws_network_acl.redshift"]},"protocol":{"references":["var.redshift_inbound_acl_rules","count.index"]},"region":{"references":["var.region"]},"rule_action":{"references":["var.redshift_inbound_acl_rules","count.index"]},"rule_number":{"references":["var.redshift_inbound_acl_rules","count.index"]},"to_port":{"references":["var.redshift_inbound_acl_rules","count.index"]}},"schema_version":0,"count_expression":{"references":["local.create_redshift_network_acl","var.redshift_inbound_acl_rules"]}},{"address":"aws_network_acl_rule.redshift_outbound","mode":"managed","type":"aws_network_acl_rule","name":"redshift_outbound","provider_config_key":"aws","expressions":{"cidr_block":{"references":["var.redshift_outbound_acl_rules","count.index"]},"egress":{"constant_value":true},"from_port":{"references":["var.redshift_outbound_acl_rules","count.index"]},"icmp_code":{"references":["var.redshift_outbound_acl_rules","count.index"]},"icmp_type":{"references":["var.redshift_outbound_acl_rules","count.index"]},"ipv6_cidr_block":{"references":["var.redshift_outbound_acl_rules","count.index"]},"network_acl_id":{"references":["aws_network_acl.redshift[0].id","aws_network_acl.redshift[0]","aws_network_acl.redshift"]},"protocol":{"references":["var.redshift_outbound_acl_rules","count.index"]},"region":{"references":["var.region"]},"rule_action":{"references":["var.redshift_outbound_acl_rules","count.index"]},"rule_number":{"references":["var.redshift_outbound_acl_rules","count.index"]},"to_port":{"references":["var.redshift_outbound_acl_rules","count.index"]}},"schema_version":0,"count_expression":{"references":["local.create_redshift_network_acl","var.redshift_outbound_acl_rules"]}},{"address":"aws_redshift_subnet_group.redshift","mode":"managed","type":"aws_redshift_subnet_group","name":"redshift","provider_config_key":"aws","expressions":{"description":{"references":["var.name"]},"name":{"references":["var.redshift_subnet_group_name","var.name"]},"region":{"references":["var.region"]},"subnet_ids":{"references":["aws_subnet.redshift"]},"tags":{"references":["var.redshift_subnet_group_name","var.name","var.tags","var.redshift_subnet_group_tags"]}},"schema_version":0,"count_expression":{"references":["local.create_redshift_subnets","var.create_redshift_subnet_group"]}},{"address":"aws_route.database_dns64_nat_gateway","mode":"managed","type":"aws_route","name":"database_dns64_nat_gateway","provider_config_key":"aws","expressions":{"destination_ipv6_cidr_block":{"constant_value":"64:ff9b::/96"},"nat_gateway_id":{"references":["aws_nat_gateway.this","count.index"]},"region":{"references":["var.region"]},"route_table_id":{"references":["aws_route_table.database","count.index"]},"timeouts":{"create":{"constant_value":"5m"}}},"schema_version":0,"count_expression":{"references":["local.create_database_route_table","var.create_database_internet_gateway_route","var.create_database_nat_gateway_route","var.enable_nat_gateway","var.enable_ipv6","var.private_subnet_enable_dns64","var.single_nat_gateway","local.len_database_subnets"]}},{"address":"aws_route.database_internet_gateway","mode":"managed","type":"aws_route","name":"database_internet_gateway","provider_config_key":"aws","expressions":{"destination_cidr_block":{"constant_value":"0.0.0.0/0"},"gateway_id":{"references":["aws_internet_gateway.this[0].id","aws_internet_gateway.this[0]","aws_internet_gateway.this"]},"region":{"references":["var.region"]},"route_table_id":{"references":["aws_route_table.database[0].id","aws_route_table.database[0]","aws_route_table.database"]},"timeouts":{"create":{"constant_value":"5m"}}},"schema_version":0,"count_expression":{"references":["local.create_database_route_table","var.create_igw","var.create_database_internet_gateway_route","var.create_database_nat_gateway_route"]}},{"address":"aws_route.database_ipv6_egress","mode":"managed","type":"aws_route","name":"database_ipv6_egress","provider_config_key":"aws","expressions":{"destination_ipv6_cidr_block":{"constant_value":"::/0"},"egress_only_gateway_id":{"references":["aws_egress_only_internet_gateway.this[0].id","aws_egress_only_internet_gateway.this[0]","aws_egress_only_internet_gateway.this"]},"region":{"references":["var.region"]},"route_table_id":{"references":["aws_route_table.database[0].id","aws_route_table.database[0]","aws_route_table.database"]},"timeouts":{"create":{"constant_value":"5m"}}},"schema_version":0,"count_expression":{"references":["local.create_database_route_table","var.create_egress_only_igw","var.enable_ipv6","var.create_database_internet_gateway_route"]}},{"address":"aws_route.database_nat_gateway","mode":"managed","type":"aws_route","name":"database_nat_gateway","provider_config_key":"aws","expressions":{"destination_cidr_block":{"constant_value":"0.0.0.0/0"},"nat_gateway_id":{"references":["aws_nat_gateway.this","count.index"]},"region":{"references":["var.region"]},"route_table_id":{"references":["aws_route_table.database","count.index"]},"timeouts":{"create":{"constant_value":"5m"}}},"schema_version":0,"count_expression":{"references":["local.create_database_route_table","var.create_database_internet_gateway_route","var.create_database_nat_gateway_route","var.enable_nat_gateway","var.single_nat_gateway","local.len_database_subnets"]}},{"address":"aws_route.private_dns64_nat_gateway","mode":"managed","type":"aws_route","name":"private_dns64_nat_gateway","provider_config_key":"aws","expressions":{"destination_ipv6_cidr_block":{"constant_value":"64:ff9b::/96"},"nat_gateway_id":{"references":["aws_nat_gateway.this","count.index"]},"region":{"references":["var.region"]},"route_table_id":{"references":["aws_route_table.private","count.index"]},"timeouts":{"create":{"constant_value":"5m"}}},"schema_version":0,"count_expression":{"references":["local.create_vpc","var.enable_nat_gateway","var.enable_ipv6","var.private_subnet_enable_dns64","local.nat_gateway_count"]}},{"address":"aws_route.private_ipv6_egress","mode":"managed","type":"aws_route","name":"private_ipv6_egress","provider_config_key":"aws","expressions":{"destination_ipv6_cidr_block":{"constant_value":"::/0"},"egress_only_gateway_id":{"references":["aws_egress_only_internet_gateway.this"]},"region":{"references":["var.region"]},"route_table_id":{"references":["aws_route_table.private","count.index"]}},"schema_version":0,"count_expression":{"references":["local.create_vpc","var.create_egress_only_igw","var.enable_ipv6","local.len_private_subnets","local.nat_gateway_count"]}},{"address":"aws_route.private_nat_gateway","mode":"managed","type":"aws_route","name":"private_nat_gateway","provider_config_key":"aws","expressions":{"destination_cidr_block":{"references":["var.nat_gateway_destination_cidr_block"]},"nat_gateway_id":{"references":["aws_nat_gateway.this","count.index"]},"region":{"references":["var.region"]},"route_table_id":{"references":["aws_route_table.private","count.index"]},"timeouts":{"create":{"constant_value":"5m"}}},"schema_version":0,"count_expression":{"references":["local.create_vpc","var.enable_nat_gateway","var.create_private_nat_gateway_route","local.nat_gateway_count"]}},{"address":"aws_route.public_internet_gateway","mode":"managed","type":"aws_route","name":"public_internet_gateway","provider_config_key":"aws","expressions":{"destination_cidr_block":{"constant_value":"0.0.0.0/0"},"gateway_id":{"references":["aws_internet_gateway.this[0].id","aws_internet_gateway.this[0]","aws_internet_gateway.this"]},"region":{"references":["var.region"]},"route_table_id":{"references":["aws_route_table.public","count.index"]},"timeouts":{"create":{"constant_value":"5m"}}},"schema_version":0,"count_expression":{"references":["local.create_public_subnets","var.create_igw","local.num_public_route_tables"]}},{"address":"aws_route.public_internet_gateway_ipv6","mode":"managed","type":"aws_route","name":"public_internet_gateway_ipv6","provider_config_key":"aws","expressions":{"destination_ipv6_cidr_block":{"constant_value":"::/0"},"gateway_id":{"references":["aws_internet_gateway.this[0].id","aws_internet_gateway.this[0]","aws_internet_gateway.this"]},"region":{"references":["var.region"]},"route_table_id":{"references":["aws_route_table.public","count.index"]}},"schema_version":0,"count_expression":{"references":["local.create_public_subnets","var.create_igw","var.enable_ipv6","local.num_public_route_tables"]}},{"address":"aws_route_table.database","mode":"managed","type":"aws_route_table","name":"database","provider_config_key":"aws","expressions":{"region":{"references":["var.region"]},"tags":{"references":["var.single_nat_gateway","var.create_database_internet_gateway_route","var.name","var.database_subnet_suffix","var.name","var.database_subnet_suffix","var.azs","count.index","var.tags","var.database_route_table_tags"]},"vpc_id":{"references":["local.vpc_id"]}},"schema_version":0,"count_expression":{"references":["local.create_database_route_table","var.single_nat_gateway","var.create_database_internet_gateway_route","local.len_database_subnets"]}},{"address":"aws_route_table.elasticache","mode":"managed","type":"aws_route_table","name":"elasticache","provider_config_key":"aws","expressions":{"region":{"references":["var.region"]},"tags":{"references":["var.name","var.elasticache_subnet_suffix","var.tags","var.elasticache_route_table_tags"]},"vpc_id":{"references":["local.vpc_id"]}},"schema_version":0,"count_expression":{"references":["local.create_elasticache_route_table"]}},{"address":"aws_route_table.intra","mode":"managed","type":"aws_route_table","name":"intra","provider_config_key":"aws","expressions":{"region":{"references":["var.region"]},"tags":{"references":["var.create_multiple_intra_route_tables","var.name","var.intra_subnet_suffix","var.azs","count.index","var.name","var.intra_subnet_suffix","var.tags","var.intra_route_table_tags"]},"vpc_id":{"references":["local.vpc_id"]}},"schema_version":0,"count_expression":{"references":["local.create_intra_subnets","local.num_intra_route_tables"]}},{"address":"aws_route_table.private","mode":"managed","type":"aws_route_table","name":"private","provider_config_key":"aws","expressions":{"region":{"references":["var.region"]},"tags":{"references":["var.single_nat_gateway","var.name","var.private_subnet_suffix","var.name","var.private_subnet_suffix","var.azs","count.index","var.tags","var.private_route_table_tags"]},"vpc_id":{"references":["local.vpc_id"]}},"schema_version":0,"count_expression":{"references":["local.create_private_subnets","local.max_subnet_length","local.nat_gateway_count"]}},{"address":"aws_route_table.public","mode":"managed","type":"aws_route_table","name":"public","provider_config_key":"aws","expressions":{"region":{"references":["var.region"]},"tags":{"references":["var.create_multiple_public_route_tables","var.name","var.public_subnet_suffix","var.azs","count.index","var.name","var.public_subnet_suffix","var.tags","var.public_route_table_tags"]},"vpc_id":{"references":["local.vpc_id"]}},"schema_version":0,"count_expression":{"references":["local.create_public_subnets","local.num_public_route_tables"]}},{"address":"aws_route_table.redshift","mode":"managed","type":"aws_route_table","name":"redshift","provider_config_key":"aws","expressions":{"region":{"references":["var.region"]},"tags":{"references":["var.name","var.redshift_subnet_suffix","var.tags","var.redshift_route_table_tags"]},"vpc_id":{"references":["local.vpc_id"]}},"schema_version":0,"count_expression":{"references":["local.create_redshift_route_table"]}},{"address":"aws_route_table_association.database","mode":"managed","type":"aws_route_table_association","name":"database","provider_config_key":"aws","expressions":{"region":{"references":["var.region"]},"route_table_id":{"references":["aws_route_table.database","aws_route_table.private","var.create_database_subnet_route_table","var.single_nat_gateway","var.create_database_internet_gateway_route","count.index","count.index"]},"subnet_id":{"references":["aws_subnet.database","count.index"]}},"schema_version":0,"count_expression":{"references":["local.create_database_subnets","local.len_database_subnets"]}},{"address":"aws_route_table_association.elasticache","mode":"managed","type":"aws_route_table_association","name":"elasticache","provider_config_key":"aws","expressions":{"region":{"references":["var.region"]},"route_table_id":{"references":["aws_route_table.elasticache","aws_route_table.private","var.single_nat_gateway","var.create_elasticache_subnet_route_table","count.index"]},"subnet_id":{"references":["aws_subnet.elasticache","count.index"]}},"schema_version":0,"count_expression":{"references":["local.create_elasticache_subnets","local.len_elasticache_subnets"]}},{"address":"aws_route_table_association.intra","mode":"managed","type":"aws_route_table_association","name":"intra","provider_config_key":"aws","expressions":{"region":{"references":["var.region"]},"route_table_id":{"references":["aws_route_table.intra","var.create_multiple_intra_route_tables","count.index"]},"subnet_id":{"references":["aws_subnet.intra","count.index"]}},"schema_version":0,"count_expression":{"references":["local.create_intra_subnets","local.len_intra_subnets"]}},{"address":"aws_route_table_association.outpost","mode":"managed","type":"aws_route_table_association","name":"outpost","provider_config_key":"aws","expressions":{"region":{"references":["var.region"]},"route_table_id":{"references":["aws_route_table.private","var.single_nat_gateway","count.index"]},"subnet_id":{"references":["aws_subnet.outpost","count.index"]}},"schema_version":0,"count_expression":{"references":["local.create_outpost_subnets","local.len_outpost_subnets"]}},{"address":"aws_route_table_association.private","mode":"managed","type":"aws_route_table_association","name":"private","provider_config_key":"aws","expressions":{"region":{"references":["var.region"]},"route_table_id":{"references":["aws_route_table.private","var.single_nat_gateway","count.index"]},"subnet_id":{"references":["aws_subnet.private","count.index"]}},"schema_version":0,"count_expression":{"references":["local.create_private_subnets","local.len_private_subnets"]}},{"address":"aws_route_table_association.public","mode":"managed","type":"aws_route_table_association","name":"public","provider_config_key":"aws","expressions":{"region":{"references":["var.region"]},"route_table_id":{"references":["aws_route_table.public","var.create_multiple_public_route_tables","count.index"]},"subnet_id":{"references":["aws_subnet.public","count.index"]}},"schema_version":0,"count_expression":{"references":["local.create_public_subnets","local.len_public_subnets"]}},{"address":"aws_route_table_association.redshift","mode":"managed","type":"aws_route_table_association","name":"redshift","provider_config_key":"aws","expressions":{"region":{"references":["var.region"]},"route_table_id":{"references":["aws_route_table.redshift","aws_route_table.private","var.single_nat_gateway","var.create_redshift_subnet_route_table","count.index"]},"subnet_id":{"references":["aws_subnet.redshift","count.index"]}},"schema_version":0,"count_expression":{"references":["local.create_redshift_subnets","var.enable_public_redshift","local.len_redshift_subnets"]}},{"address":"aws_route_table_association.redshift_public","mode":"managed","type":"aws_route_table_association","name":"redshift_public","provider_config_key":"aws","expressions":{"region":{"references":["var.region"]},"route_table_id":{"references":["aws_route_table.redshift","aws_route_table.public","var.single_nat_gateway","var.create_redshift_subnet_route_table","count.index"]},"subnet_id":{"references":["aws_subnet.redshift","count.index"]}},"schema_version":0,"count_expression":{"references":["local.create_redshift_subnets","var.enable_public_redshift","local.len_redshift_subnets"]}},{"address":"aws_subnet.database","mode":"managed","type":"aws_subnet","name":"database","provider_config_key":"aws","expressions":{"assign_ipv6_address_on_creation":{"references":["var.enable_ipv6","var.database_subnet_ipv6_native","var.database_subnet_assign_ipv6_address_on_creation"]},"availability_zone":{"references":["var.azs","count.index","var.azs","count.index"]},"availability_zone_id":{"references":["var.azs","count.index","var.azs","count.index"]},"cidr_block":{"references":["var.database_subnet_ipv6_native","var.database_subnets","count.index"]},"enable_dns64":{"references":["var.enable_ipv6","var.database_subnet_enable_dns64"]},"enable_resource_name_dns_a_record_on_launch":{"references":["var.database_subnet_ipv6_native","var.database_subnet_enable_resource_name_dns_a_record_on_launch"]},"enable_resource_name_dns_aaaa_record_on_launch":{"references":["var.enable_ipv6","var.database_subnet_enable_resource_name_dns_aaaa_record_on_launch"]},"ipv6_cidr_block":{"references":["var.enable_ipv6","var.database_subnet_ipv6_prefixes","aws_vpc.this[0].ipv6_cidr_block","aws_vpc.this[0]","aws_vpc.this","var.database_subnet_ipv6_prefixes","count.index"]},"ipv6_native":{"references":["var.enable_ipv6","var.database_subnet_ipv6_native"]},"private_dns_hostname_type_on_launch":{"references":["var.database_subnet_private_dns_hostname_type_on_launch"]},"region":{"references":["var.region"]},"tags":{"references":["var.database_subnet_names","count.index","var.name","var.database_subnet_suffix","var.azs","count.index","var.tags","var.database_subnet_tags"]},"vpc_id":{"references":["local.vpc_id"]}},"schema_version":1,"count_expression":{"references":["local.create_database_subnets","local.len_database_subnets"]}},{"address":"aws_subnet.elasticache","mode":"managed","type":"aws_subnet","name":"elasticache","provider_config_key":"aws","expressions":{"assign_ipv6_address_on_creation":{"references":["var.enable_ipv6","var.elasticache_subnet_ipv6_native","var.elasticache_subnet_assign_ipv6_address_on_creation"]},"availability_zone":{"references":["var.azs","count.index","var.azs","count.index"]},"availability_zone_id":{"references":["var.azs","count.index","var.azs","count.index"]},"cidr_block":{"references":["var.elasticache_subnet_ipv6_native","var.elasticache_subnets","count.index"]},"enable_dns64":{"references":["var.enable_ipv6","var.elasticache_subnet_enable_dns64"]},"enable_resource_name_dns_a_record_on_launch":{"references":["var.elasticache_subnet_ipv6_native","var.elasticache_subnet_enable_resource_name_dns_a_record_on_launch"]},"enable_resource_name_dns_aaaa_record_on_launch":{"references":["var.enable_ipv6","var.elasticache_subnet_enable_resource_name_dns_aaaa_record_on_launch"]},"ipv6_cidr_block":{"references":["var.enable_ipv6","var.elasticache_subnet_ipv6_prefixes","aws_vpc.this[0].ipv6_cidr_block","aws_vpc.this[0]","aws_vpc.this","var.elasticache_subnet_ipv6_prefixes","count.index"]},"ipv6_native":{"references":["var.enable_ipv6","var.elasticache_subnet_ipv6_native"]},"private_dns_hostname_type_on_launch":{"references":["var.elasticache_subnet_private_dns_hostname_type_on_launch"]},"region":{"references":["var.region"]},"tags":{"references":["var.elasticache_subnet_names","count.index","var.name","var.elasticache_subnet_suffix","var.azs","count.index","var.tags","var.elasticache_subnet_tags"]},"vpc_id":{"references":["local.vpc_id"]}},"schema_version":1,"count_expression":{"references":["local.create_elasticache_subnets","local.len_elasticache_subnets"]}},{"address":"aws_subnet.intra","mode":"managed","type":"aws_subnet","name":"intra","provider_config_key":"aws","expressions":{"assign_ipv6_address_on_creation":{"references":["var.enable_ipv6","var.intra_subnet_ipv6_native","var.intra_subnet_assign_ipv6_address_on_creation"]},"availability_zone":{"references":["var.azs","count.index","var.azs","count.index"]},"availability_zone_id":{"references":["var.azs","count.index","var.azs","count.index"]},"cidr_block":{"references":["var.intra_subnet_ipv6_native","var.intra_subnets","count.index"]},"enable_dns64":{"references":["var.enable_ipv6","var.intra_subnet_enable_dns64"]},"enable_resource_name_dns_a_record_on_launch":{"references":["var.intra_subnet_ipv6_native","var.intra_subnet_enable_resource_name_dns_a_record_on_launch"]},"enable_resource_name_dns_aaaa_record_on_launch":{"references":["var.enable_ipv6","var.intra_subnet_enable_resource_name_dns_aaaa_record_on_launch"]},"ipv6_cidr_block":{"references":["var.enable_ipv6","var.intra_subnet_ipv6_prefixes","aws_vpc.this[0].ipv6_cidr_block","aws_vpc.this[0]","aws_vpc.this","var.intra_subnet_ipv6_prefixes","count.index"]},"ipv6_native":{"references":["var.enable_ipv6","var.intra_subnet_ipv6_native"]},"private_dns_hostname_type_on_launch":{"references":["var.intra_subnet_private_dns_hostname_type_on_launch"]},"region":{"references":["var.region"]},"tags":{"references":["var.intra_subnet_names","count.index","var.name","var.intra_subnet_suffix","var.azs","count.index","var.tags","var.intra_subnet_tags"]},"vpc_id":{"references":["local.vpc_id"]}},"schema_version":1,"count_expression":{"references":["local.create_intra_subnets","local.len_intra_subnets"]}},{"address":"aws_subnet.outpost","mode":"managed","type":"aws_subnet","name":"outpost","provider_config_key":"aws","expressions":{"assign_ipv6_address_on_creation":{"references":["var.enable_ipv6","var.outpost_subnet_ipv6_native","var.outpost_subnet_assign_ipv6_address_on_creation"]},"availability_zone":{"references":["var.outpost_az"]},"cidr_block":{"references":["var.outpost_subnet_ipv6_native","var.outpost_subnets","count.index"]},"customer_owned_ipv4_pool":{"references":["var.customer_owned_ipv4_pool"]},"enable_dns64":{"references":["var.enable_ipv6","var.outpost_subnet_enable_dns64"]},"enable_resource_name_dns_a_record_on_launch":{"references":["var.outpost_subnet_ipv6_native","var.outpost_subnet_enable_resource_name_dns_a_record_on_launch"]},"enable_resource_name_dns_aaaa_record_on_launch":{"references":["var.enable_ipv6","var.outpost_subnet_enable_resource_name_dns_aaaa_record_on_launch"]},"ipv6_cidr_block":{"references":["var.enable_ipv6","var.outpost_subnet_ipv6_prefixes","aws_vpc.this[0].ipv6_cidr_block","aws_vpc.this[0]","aws_vpc.this","var.outpost_subnet_ipv6_prefixes","count.index"]},"ipv6_native":{"references":["var.enable_ipv6","var.outpost_subnet_ipv6_native"]},"map_customer_owned_ip_on_launch":{"references":["var.map_customer_owned_ip_on_launch"]},"outpost_arn":{"references":["var.outpost_arn"]},"private_dns_hostname_type_on_launch":{"references":["var.outpost_subnet_private_dns_hostname_type_on_launch"]},"region":{"references":["var.region"]},"tags":{"references":["var.outpost_subnet_names","count.index","var.name","var.outpost_subnet_suffix","var.outpost_az","var.tags","var.outpost_subnet_tags"]},"vpc_id":{"references":["local.vpc_id"]}},"schema_version":1,"count_expression":{"references":["local.create_outpost_subnets","local.len_outpost_subnets"]}},{"address":"aws_subnet.private","mode":"managed","type":"aws_subnet","name":"private","provider_config_key":"aws","expressions":{"assign_ipv6_address_on_creation":{"references":["var.enable_ipv6","var.private_subnet_ipv6_native","var.private_subnet_assign_ipv6_address_on_creation"]},"availability_zone":{"references":["var.azs","count.index","var.azs","count.index"]},"availability_zone_id":{"references":["var.azs","count.index","var.azs","count.index"]},"cidr_block":{"references":["var.private_subnet_ipv6_native","var.private_subnets","count.index"]},"enable_dns64":{"references":["var.enable_ipv6","var.private_subnet_enable_dns64"]},"enable_resource_name_dns_a_record_on_launch":{"references":["var.private_subnet_ipv6_native","var.private_subnet_enable_resource_name_dns_a_record_on_launch"]},"enable_resource_name_dns_aaaa_record_on_launch":{"references":["var.enable_ipv6","var.private_subnet_enable_resource_name_dns_aaaa_record_on_launch"]},"ipv6_cidr_block":{"references":["var.enable_ipv6","var.private_subnet_ipv6_prefixes","aws_vpc.this[0].ipv6_cidr_block","aws_vpc.this[0]","aws_vpc.this","var.private_subnet_ipv6_prefixes","count.index"]},"ipv6_native":{"references":["var.enable_ipv6","var.private_subnet_ipv6_native"]},"private_dns_hostname_type_on_launch":{"references":["var.private_subnet_private_dns_hostname_type_on_launch"]},"region":{"references":["var.region"]},"tags":{"references":["var.private_subnet_names","count.index","var.name","var.private_subnet_suffix","var.azs","count.index","var.tags","var.private_subnet_tags","var.private_subnet_tags_per_az","var.azs","count.index"]},"vpc_id":{"references":["local.vpc_id"]}},"schema_version":1,"count_expression":{"references":["local.create_private_subnets","local.len_private_subnets"]}},{"address":"aws_subnet.public","mode":"managed","type":"aws_subnet","name":"public","provider_config_key":"aws","expressions":{"assign_ipv6_address_on_creation":{"references":["var.enable_ipv6","var.public_subnet_ipv6_native","var.public_subnet_assign_ipv6_address_on_creation"]},"availability_zone":{"references":["var.azs","count.index","var.azs","count.index"]},"availability_zone_id":{"references":["var.azs","count.index","var.azs","count.index"]},"cidr_block":{"references":["var.public_subnet_ipv6_native","var.public_subnets","count.index"]},"enable_dns64":{"references":["var.enable_ipv6","var.public_subnet_enable_dns64"]},"enable_resource_name_dns_a_record_on_launch":{"references":["var.public_subnet_ipv6_native","var.public_subnet_enable_resource_name_dns_a_record_on_launch"]},"enable_resource_name_dns_aaaa_record_on_launch":{"references":["var.enable_ipv6","var.public_subnet_enable_resource_name_dns_aaaa_record_on_launch"]},"ipv6_cidr_block":{"references":["var.enable_ipv6","var.public_subnet_ipv6_prefixes","aws_vpc.this[0].ipv6_cidr_block","aws_vpc.this[0]","aws_vpc.this","var.public_subnet_ipv6_prefixes","count.index"]},"ipv6_native":{"references":["var.enable_ipv6","var.public_subnet_ipv6_native"]},"map_public_ip_on_launch":{"references":["var.map_public_ip_on_launch"]},"private_dns_hostname_type_on_launch":{"references":["var.public_subnet_private_dns_hostname_type_on_launch"]},"region":{"references":["var.region"]},"tags":{"references":["var.public_subnet_names","count.index","var.name","var.public_subnet_suffix","var.azs","count.index","var.tags","var.public_subnet_tags","var.public_subnet_tags_per_az","var.azs","count.index"]},"vpc_id":{"references":["local.vpc_id"]}},"schema_version":1,"count_expression":{"references":["local.create_public_subnets","var.one_nat_gateway_per_az","local.len_public_subnets","var.azs","local.len_public_subnets"]}},{"address":"aws_subnet.redshift","mode":"managed","type":"aws_subnet","name":"redshift","provider_config_key":"aws","expressions":{"assign_ipv6_address_on_creation":{"references":["var.enable_ipv6","var.redshift_subnet_ipv6_native","var.redshift_subnet_assign_ipv6_address_on_creation"]},"availability_zone":{"references":["var.azs","count.index","var.azs","count.index"]},"availability_zone_id":{"references":["var.azs","count.index","var.azs","count.index"]},"cidr_block":{"references":["var.redshift_subnet_ipv6_native","var.redshift_subnets","count.index"]},"enable_dns64":{"references":["var.enable_ipv6","var.redshift_subnet_enable_dns64"]},"enable_resource_name_dns_a_record_on_launch":{"references":["var.redshift_subnet_ipv6_native","var.redshift_subnet_enable_resource_name_dns_a_record_on_launch"]},"enable_resource_name_dns_aaaa_record_on_launch":{"references":["var.enable_ipv6","var.redshift_subnet_enable_resource_name_dns_aaaa_record_on_launch"]},"ipv6_cidr_block":{"references":["var.enable_ipv6","var.redshift_subnet_ipv6_prefixes","aws_vpc.this[0].ipv6_cidr_block","aws_vpc.this[0]","aws_vpc.this","var.redshift_subnet_ipv6_prefixes","count.index"]},"ipv6_native":{"references":["var.enable_ipv6","var.redshift_subnet_ipv6_native"]},"private_dns_hostname_type_on_launch":{"references":["var.redshift_subnet_private_dns_hostname_type_on_launch"]},"region":{"references":["var.region"]},"tags":{"references":["var.redshift_subnet_names","count.index","var.name","var.redshift_subnet_suffix","var.azs","count.index","var.tags","var.redshift_subnet_tags"]},"vpc_id":{"references":["local.vpc_id"]}},"schema_version":1,"count_expression":{"references":["local.create_redshift_subnets","local.len_redshift_subnets"]}},{"address":"aws_vpc.this","mode":"managed","type":"aws_vpc","name":"this","provider_config_key":"aws","expressions":{"assign_generated_ipv6_cidr_block":{"references":["var.enable_ipv6","var.use_ipam_pool"]},"cidr_block":{"references":["var.use_ipam_pool","var.cidr"]},"enable_dns_hostnames":{"references":["var.enable_dns_hostnames"]},"enable_dns_support":{"references":["var.enable_dns_support"]},"enable_network_address_usage_metrics":{"references":["var.enable_network_address_usage_metrics"]},"instance_tenancy":{"references":["var.instance_tenancy"]},"ipv4_ipam_pool_id":{"references":["var.ipv4_ipam_pool_id"]},"ipv4_netmask_length":{"references":["var.ipv4_netmask_length"]},"ipv6_cidr_block":{"references":["var.ipv6_cidr"]},"ipv6_cidr_block_network_border_group":{"references":["var.ipv6_cidr_block_network_border_group"]},"ipv6_ipam_pool_id":{"references":["var.ipv6_ipam_pool_id"]},"ipv6_netmask_length":{"references":["var.ipv6_netmask_length"]},"region":{"references":["var.region"]},"tags":{"references":["var.name","var.tags","var.vpc_tags"]}},"schema_version":1,"count_expression":{"references":["local.create_vpc"]}},{"address":"aws_vpc_block_public_access_exclusion.this","mode":"managed","type":"aws_vpc_block_public_access_exclusion","name":"this","provider_config_key":"aws","expressions":{"internet_gateway_exclusion_mode":{"references":["each.value.internet_gateway_exclusion_mode","each.value"]},"region":{"references":["var.region"]},"subnet_id":{"references":["each.value.exclude_subnet","each.value","aws_subnet.private","aws_subnet.public","aws_subnet.database","aws_subnet.redshift","aws_subnet.elasticache","aws_subnet.intra","aws_subnet.outpost","each.value.subnet_type","each.value","each.value.subnet_index","each.value"]},"tags":{"references":["var.tags","each.value.tags","each.value"]},"vpc_id":{"references":["each.value.exclude_vpc","each.value","local.vpc_id"]}},"schema_version":0,"for_each_expression":{"references":["var.vpc_block_public_access_exclusions","local.create_vpc"]}},{"address":"aws_vpc_block_public_access_options.this","mode":"managed","type":"aws_vpc_block_public_access_options","name":"this","provider_config_key":"aws","expressions":{"internet_gateway_block_mode":{"references":["var.vpc_block_public_access_options[\"internet_gateway_block_mode\"]","var.vpc_block_public_access_options"]},"region":{"references":["var.region"]}},"schema_version":0,"count_expression":{"references":["local.create_vpc","var.vpc_block_public_access_options"]}},{"address":"aws_vpc_dhcp_options.this","mode":"managed","type":"aws_vpc_dhcp_options","name":"this","provider_config_key":"aws","expressions":{"domain_name":{"references":["var.dhcp_options_domain_name"]},"domain_name_servers":{"references":["var.dhcp_options_domain_name_servers"]},"ipv6_address_preferred_lease_time":{"references":["var.dhcp_options_ipv6_address_preferred_lease_time"]},"netbios_name_servers":{"references":["var.dhcp_options_netbios_name_servers"]},"netbios_node_type":{"references":["var.dhcp_options_netbios_node_type"]},"ntp_servers":{"references":["var.dhcp_options_ntp_servers"]},"region":{"references":["var.region"]},"tags":{"references":["var.name","var.tags","var.dhcp_options_tags"]}},"schema_version":0,"count_expression":{"references":["local.create_vpc","var.enable_dhcp_options"]}},{"address":"aws_vpc_dhcp_options_association.this","mode":"managed","type":"aws_vpc_dhcp_options_association","name":"this","provider_config_key":"aws","expressions":{"dhcp_options_id":{"references":["aws_vpc_dhcp_options.this[0].id","aws_vpc_dhcp_options.this[0]","aws_vpc_dhcp_options.this"]},"region":{"references":["var.region"]},"vpc_id":{"references":["local.vpc_id"]}},"schema_version":0,"count_expression":{"references":["local.create_vpc","var.enable_dhcp_options"]}},{"address":"aws_vpc_ipv4_cidr_block_association.this","mode":"managed","type":"aws_vpc_ipv4_cidr_block_association","name":"this","provider_config_key":"aws","expressions":{"cidr_block":{"references":["var.secondary_cidr_blocks","count.index"]},"region":{"references":["var.region"]},"vpc_id":{"references":["aws_vpc.this[0].id","aws_vpc.this[0]","aws_vpc.this"]}},"schema_version":0,"count_expression":{"references":["local.create_vpc","var.secondary_cidr_blocks","var.secondary_cidr_blocks"]}},{"address":"aws_vpn_gateway.this","mode":"managed","type":"aws_vpn_gateway","name":"this","provider_config_key":"aws","expressions":{"amazon_side_asn":{"references":["var.amazon_side_asn"]},"availability_zone":{"references":["var.vpn_gateway_az"]},"region":{"references":["var.region"]},"tags":{"references":["var.name","var.tags","var.vpn_gateway_tags"]},"vpc_id":{"references":["local.vpc_id"]}},"schema_version":0,"count_expression":{"references":["local.create_vpc","var.enable_vpn_gateway"]}},{"address":"aws_vpn_gateway_attachment.this","mode":"managed","type":"aws_vpn_gateway_attachment","name":"this","provider_config_key":"aws","expressions":{"region":{"references":["var.region"]},"vpc_id":{"references":["local.vpc_id"]},"vpn_gateway_id":{"references":["var.vpn_gateway_id"]}},"schema_version":0,"count_expression":{"references":["var.vpn_gateway_id"]}},{"address":"aws_vpn_gateway_route_propagation.intra","mode":"managed","type":"aws_vpn_gateway_route_propagation","name":"intra","provider_config_key":"aws","expressions":{"region":{"references":["var.region"]},"route_table_id":{"references":["aws_route_table.intra","count.index"]},"vpn_gateway_id":{"references":["aws_vpn_gateway.this","aws_vpn_gateway_attachment.this","count.index"]}},"schema_version":0,"count_expression":{"references":["local.create_vpc","var.propagate_intra_route_tables_vgw","var.enable_vpn_gateway","var.vpn_gateway_id","local.len_intra_subnets"]}},{"address":"aws_vpn_gateway_route_propagation.private","mode":"managed","type":"aws_vpn_gateway_route_propagation","name":"private","provider_config_key":"aws","expressions":{"region":{"references":["var.region"]},"route_table_id":{"references":["aws_route_table.private","count.index"]},"vpn_gateway_id":{"references":["aws_vpn_gateway.this","aws_vpn_gateway_attachment.this","count.index"]}},"schema_version":0,"count_expression":{"references":["local.create_vpc","var.propagate_private_route_tables_vgw","var.enable_vpn_gateway","var.vpn_gateway_id","local.len_private_subnets"]}},{"address":"aws_vpn_gateway_route_propagation.public","mode":"managed","type":"aws_vpn_gateway_route_propagation","name":"public","provider_config_key":"aws","expressions":{"region":{"references":["var.region"]},"route_table_id":{"references":["aws_route_table.public","count.index"]},"vpn_gateway_id":{"references":["aws_vpn_gateway.this","aws_vpn_gateway_attachment.this","count.index"]}},"schema_version":0,"count_expression":{"references":["local.create_vpc","var.propagate_public_route_tables_vgw","var.enable_vpn_gateway","var.vpn_gateway_id"]}},{"address":"data.aws_caller_identity.current","mode":"data","type":"aws_caller_identity","name":"current","provider_config_key":"aws","schema_version":0,"count_expression":{"references":["var.create_vpc","var.enable_flow_log"]}},{"address":"data.aws_iam_policy_document.flow_log_cloudwatch_assume_role","mode":"data","type":"aws_iam_policy_document","name":"flow_log_cloudwatch_assume_role","provider_config_key":"aws","expressions":{"statement":[{"actions":{"constant_value":["sts:AssumeRole"]},"effect":{"constant_value":"Allow"},"principals":[{"identifiers":{"constant_value":["vpc-flow-logs.amazonaws.com"]},"type":{"constant_value":"Service"}}],"sid":{"constant_value":"AWSVPCFlowLogsAssumeRole"}}]},"schema_version":0,"count_expression":{"references":["local.create_flow_log_cloudwatch_iam_role"]}},{"address":"data.aws_iam_policy_document.vpc_flow_log_cloudwatch","mode":"data","type":"aws_iam_policy_document","name":"vpc_flow_log_cloudwatch","provider_config_key":"aws","expressions":{"statement":[{"actions":{"constant_value":["logs:CreateLogStream","logs:PutLogEvents","logs:DescribeLogGroups","logs:DescribeLogStreams"]},"effect":{"constant_value":"Allow"},"resources":{"references":["local.flow_log_group_arns"]},"sid":{"constant_value":"AWSVPCFlowLogsPushToCloudWatch"}}]},"schema_version":0,"count_expression":{"references":["local.create_flow_log_cloudwatch_iam_role"]}},{"address":"data.aws_partition.current","mode":"data","type":"aws_partition","name":"current","provider_config_key":"aws","schema_version":0,"count_expression":{"references":["var.create_vpc","var.enable_flow_log"]}},{"address":"data.aws_region.current","mode":"data","type":"aws_region","name":"current","provider_config_key":"aws","expressions":{"region":{"references":["var.region"]}},"schema_version":0,"count_expression":{"references":["var.create_vpc","var.enable_flow_log"]}}],"variables":{"amazon_side_asn":{"default":"64512","description":"The Autonomous System Number (ASN) for the Amazon side of the gateway. By default the virtual private gateway is created with the current default Amazon ASN"},"azs":{"default":[],"description":"A list of availability zones names or ids in the region"},"cidr":{"default":"10.0.0.0/16","description":"(Optional) The IPv4 CIDR block for the VPC. CIDR can be explicitly set or it can be derived from IPAM using `ipv4_netmask_length` \u0026 `ipv4_ipam_pool_id`"},"create_database_internet_gateway_route":{"default":false,"description":"Controls if an internet gateway route for public database access should be created"},"create_database_nat_gateway_route":{"default":false,"description":"Controls if a nat gateway route should be created to give internet access to the database subnets"},"create_database_subnet_group":{"default":true,"description":"Controls if database subnet group should be created (n.b. database_subnets must also be set)"},"create_database_subnet_route_table":{"default":false,"description":"Controls if separate route table for database should be created"},"create_egress_only_igw":{"default":true,"description":"Controls if an Egress Only Internet Gateway is created and its related routes"},"create_elasticache_subnet_group":{"default":true,"description":"Controls if elasticache subnet group should be created"},"create_elasticache_subnet_route_table":{"default":false,"description":"Controls if separate route table for elasticache should be created"},"create_flow_log_cloudwatch_iam_role":{"default":false,"description":"Whether to create IAM role for VPC Flow Logs"},"create_flow_log_cloudwatch_log_group":{"default":false,"description":"Whether to create CloudWatch log group for VPC Flow Logs"},"create_igw":{"default":true,"description":"Controls if an Internet Gateway is created for public subnets and the related routes that connect them"},"create_multiple_intra_route_tables":{"default":false,"description":"Indicates whether to create a separate route table for each intra subnet. Default: `false`"},"create_multiple_public_route_tables":{"default":false,"description":"Indicates whether to create a separate route table for each public subnet. Default: `false`"},"create_private_nat_gateway_route":{"default":true,"description":"Controls if a nat gateway route should be created to give internet access to the private subnets"},"create_redshift_subnet_group":{"default":true,"description":"Controls if redshift subnet group should be created"},"create_redshift_subnet_route_table":{"default":false,"description":"Controls if separate route table for redshift should be created"},"create_vpc":{"default":true,"description":"Controls if VPC should be created (it affects almost all resources)"},"customer_gateway_tags":{"default":{},"description":"Additional tags for the Customer Gateway"},"customer_gateways":{"default":{},"description":"Maps of Customer Gateway's attributes (BGP ASN and Gateway's Internet-routable external IP address)"},"customer_owned_ipv4_pool":{"default":null,"description":"The customer owned IPv4 address pool. Typically used with the `map_customer_owned_ip_on_launch` argument. The `outpost_arn` argument must be specified when configured"},"database_acl_tags":{"default":{},"description":"Additional tags for the database subnets network ACL"},"database_dedicated_network_acl":{"default":false,"description":"Whether to use dedicated network ACL (not default) and custom rules for database subnets"},"database_inbound_acl_rules":{"default":[{"cidr_block":"0.0.0.0/0","from_port":"0","protocol":"-1","rule_action":"allow","rule_number":"100","to_port":"0"}],"description":"Database subnets inbound network ACL rules"},"database_outbound_acl_rules":{"default":[{"cidr_block":"0.0.0.0/0","from_port":"0","protocol":"-1","rule_action":"allow","rule_number":"100","to_port":"0"}],"description":"Database subnets outbound network ACL rules"},"database_route_table_tags":{"default":{},"description":"Additional tags for the database route tables"},"database_subnet_assign_ipv6_address_on_creation":{"default":false,"description":"Specify true to indicate that network interfaces created in the specified subnet should be assigned an IPv6 address. Default is `false`"},"database_subnet_enable_dns64":{"default":true,"description":"Indicates whether DNS queries made to the Amazon-provided DNS Resolver in this subnet should return synthetic IPv6 addresses for IPv4-only destinations. Default: `true`"},"database_subnet_enable_resource_name_dns_a_record_on_launch":{"default":false,"description":"Indicates whether to respond to DNS queries for instance hostnames with DNS A records. Default: `false`"},"database_subnet_enable_resource_name_dns_aaaa_record_on_launch":{"default":true,"description":"Indicates whether to respond to DNS queries for instance hostnames with DNS AAAA records. Default: `true`"},"database_subnet_group_name":{"default":null,"description":"Name of database subnet group"},"database_subnet_group_tags":{"default":{},"description":"Additional tags for the database subnet group"},"database_subnet_ipv6_native":{"default":false,"description":"Indicates whether to create an IPv6-only subnet. Default: `false`"},"database_subnet_ipv6_prefixes":{"default":[],"description":"Assigns IPv6 database subnet id based on the Amazon provided /56 prefix base 10 integer (0-256). Must be of equal length to the corresponding IPv4 subnet list"},"database_subnet_names":{"default":[],"description":"Explicit values to use in the Name tag on database subnets. If empty, Name tags are generated"},"database_subnet_private_dns_hostname_type_on_launch":{"default":null,"description":"The type of hostnames to assign to instances in the subnet at launch. For IPv6-only subnets, an instance DNS name must be based on the instance ID. For dual-stack and IPv4-only subnets, you can specify whether DNS names use the instance IPv4 address or the instance ID. Valid values: `ip-name`, `resource-name`"},"database_subnet_suffix":{"default":"db","description":"Suffix to append to database subnets name"},"database_subnet_tags":{"default":{},"description":"Additional tags for the database subnets"},"database_subnets":{"default":[],"description":"A list of database subnets inside the VPC"},"default_network_acl_egress":{"default":[{"action":"allow","cidr_block":"0.0.0.0/0","from_port":"0","protocol":"-1","rule_no":"100","to_port":"0"},{"action":"allow","from_port":"0","ipv6_cidr_block":"::/0","protocol":"-1","rule_no":"101","to_port":"0"}],"description":"List of maps of egress rules to set on the Default Network ACL"},"default_network_acl_ingress":{"default":[{"action":"allow","cidr_block":"0.0.0.0/0","from_port":"0","protocol":"-1","rule_no":"100","to_port":"0"},{"action":"allow","from_port":"0","ipv6_cidr_block":"::/0","protocol":"-1","rule_no":"101","to_port":"0"}],"description":"List of maps of ingress rules to set on the Default Network ACL"},"default_network_acl_name":{"default":null,"description":"Name to be used on the Default Network ACL"},"default_network_acl_tags":{"default":{},"description":"Additional tags for the Default Network ACL"},"default_route_table_name":{"default":null,"description":"Name to be used on the default route table"},"default_route_table_propagating_vgws":{"default":[],"description":"List of virtual gateways for propagation"},"default_route_table_routes":{"default":[],"description":"Configuration block of routes. See https://registry.terraform.io/providers/hashicorp/aws/latest/docs/resources/default_route_table#route"},"default_route_table_tags":{"default":{},"description":"Additional tags for the default route table"},"default_security_group_egress":{"default":[],"description":"List of maps of egress rules to set on the default security group"},"default_security_group_ingress":{"default":[],"description":"List of maps of ingress rules to set on the default security group"},"default_security_group_name":{"default":null,"description":"Name to be used on the default security group"},"default_security_group_tags":{"default":{},"description":"Additional tags for the default security group"},"default_vpc_enable_dns_hostnames":{"default":true,"description":"Should be true to enable DNS hostnames in the Default VPC"},"default_vpc_enable_dns_support":{"default":true,"description":"Should be true to enable DNS support in the Default VPC"},"default_vpc_name":{"default":null,"description":"Name to be used on the Default VPC"},"default_vpc_tags":{"default":{},"description":"Additional tags for the Default VPC"},"dhcp_options_domain_name":{"default":"","description":"Specifies DNS name for DHCP options set (requires enable_dhcp_options set to true)"},"dhcp_options_domain_name_servers":{"default":["AmazonProvidedDNS"],"description":"Specify a list of DNS server addresses for DHCP options set, default to AWS provided (requires enable_dhcp_options set to true)"},"dhcp_options_ipv6_address_preferred_lease_time":{"default":null,"description":"How frequently, in seconds, a running instance with an IPv6 assigned to it goes through DHCPv6 lease renewal (requires enable_dhcp_options set to true)"},"dhcp_options_netbios_name_servers":{"default":[],"description":"Specify a list of netbios servers for DHCP options set (requires enable_dhcp_options set to true)"},"dhcp_options_netbios_node_type":{"default":"","description":"Specify netbios node_type for DHCP options set (requires enable_dhcp_options set to true)"},"dhcp_options_ntp_servers":{"default":[],"description":"Specify a list of NTP servers for DHCP options set (requires enable_dhcp_options set to true)"},"dhcp_options_tags":{"default":{},"description":"Additional tags for the DHCP option set (requires enable_dhcp_options set to true)"},"elasticache_acl_tags":{"default":{},"description":"Additional tags for the elasticache subnets network ACL"},"elasticache_dedicated_network_acl":{"default":false,"description":"Whether to use dedicated network ACL (not default) and custom rules for elasticache subnets"},"elasticache_inbound_acl_rules":{"default":[{"cidr_block":"0.0.0.0/0","from_port":"0","protocol":"-1","rule_action":"allow","rule_number":"100","to_port":"0"}],"description":"Elasticache subnets inbound network ACL rules"},"elasticache_outbound_acl_rules":{"default":[{"cidr_block":"0.0.0.0/0","from_port":"0","protocol":"-1","rule_action":"allow","rule_number":"100","to_port":"0"}],"description":"Elasticache subnets outbound network ACL rules"},"elasticache_route_table_tags":{"default":{},"description":"Additional tags for the elasticache route tables"},"elasticache_subnet_assign_ipv6_address_on_creation":{"default":false,"description":"Specify true to indicate that network interfaces created in the specified subnet should be assigned an IPv6 address. Default is `false`"},"elasticache_subnet_enable_dns64":{"default":true,"description":"Indicates whether DNS queries made to the Amazon-provided DNS Resolver in this subnet should return synthetic IPv6 addresses for IPv4-only destinations. Default: `true`"},"elasticache_subnet_enable_resource_name_dns_a_record_on_launch":{"default":false,"description":"Indicates whether to respond to DNS queries for instance hostnames with DNS A records. Default: `false`"},"elasticache_subnet_enable_resource_name_dns_aaaa_record_on_launch":{"default":true,"description":"Indicates whether to respond to DNS queries for instance hostnames with DNS AAAA records. Default: `true`"},"elasticache_subnet_group_name":{"default":null,"description":"Name of elasticache subnet group"},"elasticache_subnet_group_tags":{"default":{},"description":"Additional tags for the elasticache subnet group"},"elasticache_subnet_ipv6_native":{"default":false,"description":"Indicates whether to create an IPv6-only subnet. Default: `false`"},"elasticache_subnet_ipv6_prefixes":{"default":[],"description":"Assigns IPv6 elasticache subnet id based on the Amazon provided /56 prefix base 10 integer (0-256). Must be of equal length to the corresponding IPv4 subnet list"},"elasticache_subnet_names":{"default":[],"description":"Explicit values to use in the Name tag on elasticache subnets. If empty, Name tags are generated"},"elasticache_subnet_private_dns_hostname_type_on_launch":{"default":null,"description":"The type of hostnames to assign to instances in the subnet at launch. For IPv6-only subnets, an instance DNS name must be based on the instance ID. For dual-stack and IPv4-only subnets, you can specify whether DNS names use the instance IPv4 address or the instance ID. Valid values: `ip-name`, `resource-name`"},"elasticache_subnet_suffix":{"default":"elasticache","description":"Suffix to append to elasticache subnets name"},"elasticache_subnet_tags":{"default":{},"description":"Additional tags for the elasticache subnets"},"elasticache_subnets":{"default":[],"description":"A list of elasticache subnets inside the VPC"},"enable_dhcp_options":{"default":false,"description":"Should be true if you want to specify a DHCP options set with a custom domain name, DNS servers, NTP servers, netbios servers, and/or netbios server type"},"enable_dns_hostnames":{"default":true,"description":"Should be true to enable DNS hostnames in the VPC"},"enable_dns_support":{"default":true,"description":"Should be true to enable DNS support in the VPC"},"enable_flow_log":{"default":false,"description":"Whether or not to enable VPC Flow Logs"},"enable_ipv6":{"default":false,"description":"Requests an Amazon-provided IPv6 CIDR block with a /56 prefix length for the VPC. You cannot specify the range of IP addresses, or the size of the CIDR block"},"enable_nat_gateway":{"default":false,"description":"Should be true if you want to provision NAT Gateways for each of your private networks"},"enable_network_address_usage_metrics":{"default":null,"description":"Determines whether network address usage metrics are enabled for the VPC"},"enable_public_redshift":{"default":false,"description":"Controls if redshift should have public routing table"},"enable_vpn_gateway":{"default":false,"description":"Should be true if you want to create a new VPN Gateway resource and attach it to the VPC"},"external_nat_ip_ids":{"default":[],"description":"List of EIP IDs to be assigned to the NAT Gateways (used in combination with reuse_nat_ips)"},"external_nat_ips":{"default":[],"description":"List of EIPs to be used for `nat_public_ips` output (used in combination with reuse_nat_ips and external_nat_ip_ids)"},"flow_log_cloudwatch_iam_role_arn":{"default":"","description":"The ARN for the IAM role that's used to post flow logs to a CloudWatch Logs log group. When flow_log_destination_arn is set to ARN of Cloudwatch Logs, this argument needs to be provided"},"flow_log_cloudwatch_iam_role_conditions":{"default":[],"description":"Additional conditions of the CloudWatch role assumption policy"},"flow_log_cloudwatch_log_group_class":{"default":null,"description":"Specified the log class of the log group. Possible values are: STANDARD or INFREQUENT_ACCESS"},"flow_log_cloudwatch_log_group_kms_key_id":{"default":null,"description":"The ARN of the KMS Key to use when encrypting log data for VPC flow logs"},"flow_log_cloudwatch_log_group_name_prefix":{"default":"/aws/vpc-flow-log/","description":"Specifies the name prefix of CloudWatch Log Group for VPC flow logs"},"flow_log_cloudwatch_log_group_name_suffix":{"default":"","description":"Specifies the name suffix of CloudWatch Log Group for VPC flow logs"},"flow_log_cloudwatch_log_group_retention_in_days":{"default":null,"description":"Specifies the number of days you want to retain log events in the specified log group for VPC flow logs"},"flow_log_cloudwatch_log_group_skip_destroy":{"default":false,"description":" Set to true if you do not wish the log group (and any logs it may contain) to be deleted at destroy time, and instead just remove the log group from the Terraform state"},"flow_log_deliver_cross_account_role":{"default":null,"description":"(Optional) ARN of the IAM role that allows Amazon EC2 to publish flow logs across accounts."},"flow_log_destination_arn":{"default":"","description":"The ARN of the CloudWatch log group or S3 bucket where VPC Flow Logs will be pushed. If this ARN is a S3 bucket the appropriate permissions need to be set on that bucket's policy. When create_flow_log_cloudwatch_log_group is set to false this argument must be provided"},"flow_log_destination_type":{"default":"cloud-watch-logs","description":"Type of flow log destination. Can be s3, kinesis-data-firehose or cloud-watch-logs"},"flow_log_file_format":{"default":null,"description":"(Optional) The format for the flow log. Valid values: `plain-text`, `parquet`"},"flow_log_hive_compatible_partitions":{"default":false,"description":"(Optional) Indicates whether to use Hive-compatible prefixes for flow logs stored in Amazon S3"},"flow_log_log_format":{"default":null,"description":"The fields to include in the flow log record, in the order in which they should appear"},"flow_log_max_aggregation_interval":{"default":600,"description":"The maximum interval of time during which a flow of packets is captured and aggregated into a flow log record. Valid Values: `60` seconds or `600` seconds"},"flow_log_per_hour_partition":{"default":false,"description":"(Optional) Indicates whether to partition the flow log per hour. This reduces the cost and response time for queries"},"flow_log_traffic_type":{"default":"ALL","description":"The type of traffic to capture. Valid values: ACCEPT, REJECT, ALL"},"igw_tags":{"default":{},"description":"Additional tags for the internet gateway"},"instance_tenancy":{"default":"default","description":"A tenancy option for instances launched into the VPC"},"intra_acl_tags":{"default":{},"description":"Additional tags for the intra subnets network ACL"},"intra_dedicated_network_acl":{"default":false,"description":"Whether to use dedicated network ACL (not default) and custom rules for intra subnets"},"intra_inbound_acl_rules":{"default":[{"cidr_block":"0.0.0.0/0","from_port":"0","protocol":"-1","rule_action":"allow","rule_number":"100","to_port":"0"}],"description":"Intra subnets inbound network ACLs"},"intra_outbound_acl_rules":{"default":[{"cidr_block":"0.0.0.0/0","from_port":"0","protocol":"-1","rule_action":"allow","rule_number":"100","to_port":"0"}],"description":"Intra subnets outbound network ACLs"},"intra_route_table_tags":{"default":{},"description":"Additional tags for the intra route tables"},"intra_subnet_assign_ipv6_address_on_creation":{"default":false,"description":"Specify true to indicate that network interfaces created in the specified subnet should be assigned an IPv6 address. Default is `false`"},"intra_subnet_enable_dns64":{"default":true,"description":"Indicates whether DNS queries made to the Amazon-provided DNS Resolver in this subnet should return synthetic IPv6 addresses for IPv4-only destinations. Default: `true`"},"intra_subnet_enable_resource_name_dns_a_record_on_launch":{"default":false,"description":"Indicates whether to respond to DNS queries for instance hostnames with DNS A records. Default: `false`"},"intra_subnet_enable_resource_name_dns_aaaa_record_on_launch":{"default":true,"description":"Indicates whether to respond to DNS queries for instance hostnames with DNS AAAA records. Default: `true`"},"intra_subnet_ipv6_native":{"default":false,"description":"Indicates whether to create an IPv6-only subnet. Default: `false`"},"intra_subnet_ipv6_prefixes":{"default":[],"description":"Assigns IPv6 intra subnet id based on the Amazon provided /56 prefix base 10 integer (0-256). Must be of equal length to the corresponding IPv4 subnet list"},"intra_subnet_names":{"default":[],"description":"Explicit values to use in the Name tag on intra subnets. If empty, Name tags are generated"},"intra_subnet_private_dns_hostname_type_on_launch":{"default":null,"description":"The type of hostnames to assign to instances in the subnet at launch. For IPv6-only subnets, an instance DNS name must be based on the instance ID. For dual-stack and IPv4-only subnets, you can specify whether DNS names use the instance IPv4 address or the instance ID. Valid values: `ip-name`, `resource-name`"},"intra_subnet_suffix":{"default":"intra","description":"Suffix to append to intra subnets name"},"intra_subnet_tags":{"default":{},"description":"Additional tags for the intra subnets"},"intra_subnets":{"default":[],"description":"A list of intra subnets inside the VPC"},"ipv4_ipam_pool_id":{"default":null,"description":"(Optional) The ID of an IPv4 IPAM pool you want to use for allocating this VPC's CIDR"},"ipv4_netmask_length":{"default":null,"description":"(Optional) The netmask length of the IPv4 CIDR you want to allocate to this VPC. Requires specifying a ipv4_ipam_pool_id"},"ipv6_cidr":{"default":null,"description":"(Optional) IPv6 CIDR block to request from an IPAM Pool. Can be set explicitly or derived from IPAM using `ipv6_netmask_length`"},"ipv6_cidr_block_network_border_group":{"default":null,"description":"By default when an IPv6 CIDR is assigned to a VPC a default ipv6_cidr_block_network_border_group will be set to the region of the VPC. This can be changed to restrict advertisement of public addresses to specific Network Border Groups such as LocalZones"},"ipv6_ipam_pool_id":{"default":null,"description":"(Optional) IPAM Pool ID for a IPv6 pool. Conflicts with `assign_generated_ipv6_cidr_block`"},"ipv6_netmask_length":{"default":null,"description":"(Optional) Netmask length to request from IPAM Pool. Conflicts with `ipv6_cidr_block`. This can be omitted if IPAM pool as a `allocation_default_netmask_length` set. Valid values: `56`"},"manage_default_network_acl":{"default":true,"description":"Should be true to adopt and manage Default Network ACL"},"manage_default_route_table":{"default":true,"description":"Should be true to manage default route table"},"manage_default_security_group":{"default":true,"description":"Should be true to adopt and manage default security group"},"manage_default_vpc":{"default":false,"description":"Should be true to adopt and manage Default VPC"},"map_customer_owned_ip_on_launch":{"default":false,"description":"Specify true to indicate that network interfaces created in the subnet should be assigned a customer owned IP address. The `customer_owned_ipv4_pool` and `outpost_arn` arguments must be specified when set to `true`. Default is `false`"},"map_public_ip_on_launch":{"default":false,"description":"Specify true to indicate that instances launched into the subnet should be assigned a public IP address. Default is `false`"},"name":{"default":"","description":"Name to be used on all the resources as identifier"},"nat_eip_tags":{"default":{},"description":"Additional tags for the NAT EIP"},"nat_gateway_destination_cidr_block":{"default":"0.0.0.0/0","description":"Used to pass a custom destination route for private NAT Gateway. If not specified, the default 0.0.0.0/0 is used as a destination route"},"nat_gateway_tags":{"default":{},"description":"Additional tags for the NAT gateways"},"one_nat_gateway_per_az":{"default":false,"description":"Should be true if you want only one NAT Gateway per availability zone. Requires `var.azs` to be set, and the number of `public_subnets` created to be greater than or equal to the number of availability zones specified in `var.azs`"},"outpost_acl_tags":{"default":{},"description":"Additional tags for the outpost subnets network ACL"},"outpost_arn":{"default":null,"description":"ARN of Outpost you want to create a subnet in"},"outpost_az":{"default":null,"description":"AZ where Outpost is anchored"},"outpost_dedicated_network_acl":{"default":false,"description":"Whether to use dedicated network ACL (not default) and custom rules for outpost subnets"},"outpost_inbound_acl_rules":{"default":[{"cidr_block":"0.0.0.0/0","from_port":"0","protocol":"-1","rule_action":"allow","rule_number":"100","to_port":"0"}],"description":"Outpost subnets inbound network ACLs"},"outpost_outbound_acl_rules":{"default":[{"cidr_block":"0.0.0.0/0","from_port":"0","protocol":"-1","rule_action":"allow","rule_number":"100","to_port":"0"}],"description":"Outpost subnets outbound network ACLs"},"outpost_subnet_assign_ipv6_address_on_creation":{"default":false,"description":"Specify true to indicate that network interfaces created in the specified subnet should be assigned an IPv6 address. Default is `false`"},"outpost_subnet_enable_dns64":{"default":true,"description":"Indicates whether DNS queries made to the Amazon-provided DNS Resolver in this subnet should return synthetic IPv6 addresses for IPv4-only destinations. Default: `true`"},"outpost_subnet_enable_resource_name_dns_a_record_on_launch":{"default":false,"description":"Indicates whether to respond to DNS queries for instance hostnames with DNS A records. Default: `false`"},"outpost_subnet_enable_resource_name_dns_aaaa_record_on_launch":{"default":true,"description":"Indicates whether to respond to DNS queries for instance hostnames with DNS AAAA records. Default: `true`"},"outpost_subnet_ipv6_native":{"default":false,"description":"Indicates whether to create an IPv6-only subnet. Default: `false`"},"outpost_subnet_ipv6_prefixes":{"default":[],"description":"Assigns IPv6 outpost subnet id based on the Amazon provided /56 prefix base 10 integer (0-256). Must be of equal length to the corresponding IPv4 subnet list"},"outpost_subnet_names":{"default":[],"description":"Explicit values to use in the Name tag on outpost subnets. If empty, Name tags are generated"},"outpost_subnet_private_dns_hostname_type_on_launch":{"default":null,"description":"The type of hostnames to assign to instances in the subnet at launch. For IPv6-only subnets, an instance DNS name must be based on the instance ID. For dual-stack and IPv4-only subnets, you can specify whether DNS names use the instance IPv4 address or the instance ID. Valid values: `ip-name`, `resource-name`"},"outpost_subnet_suffix":{"default":"outpost","description":"Suffix to append to outpost subnets name"},"outpost_subnet_tags":{"default":{},"description":"Additional tags for the outpost subnets"},"outpost_subnets":{"default":[],"description":"A list of outpost subnets inside the VPC"},"private_acl_tags":{"default":{},"description":"Additional tags for the private subnets network ACL"},"private_dedicated_network_acl":{"default":false,"description":"Whether to use dedicated network ACL (not default) and custom rules for private subnets"},"private_inbound_acl_rules":{"default":[{"cidr_block":"0.0.0.0/0","from_port":"0","protocol":"-1","rule_action":"allow","rule_number":"100","to_port":"0"}],"description":"Private subnets inbound network ACLs"},"private_outbound_acl_rules":{"default":[{"cidr_block":"0.0.0.0/0","from_port":"0","protocol":"-1","rule_action":"allow","rule_number":"100","to_port":"0"}],"description":"Private subnets outbound network ACLs"},"private_route_table_tags":{"default":{},"description":"Additional tags for the private route tables"},"private_subnet_assign_ipv6_address_on_creation":{"default":false,"description":"Specify true to indicate that network interfaces created in the specified subnet should be assigned an IPv6 address. Default is `false`"},"private_subnet_enable_dns64":{"default":true,"description":"Indicates whether DNS queries made to the Amazon-provided DNS Resolver in this subnet should return synthetic IPv6 addresses for IPv4-only destinations. Default: `true`"},"private_subnet_enable_resource_name_dns_a_record_on_launch":{"default":false,"description":"Indicates whether to respond to DNS queries for instance hostnames with DNS A records. Default: `false`"},"private_subnet_enable_resource_name_dns_aaaa_record_on_launch":{"default":true,"description":"Indicates whether to respond to DNS queries for instance hostnames with DNS AAAA records. Default: `true`"},"private_subnet_ipv6_native":{"default":false,"description":"Indicates whether to create an IPv6-only subnet. Default: `false`"},"private_subnet_ipv6_prefixes":{"default":[],"description":"Assigns IPv6 private subnet id based on the Amazon provided /56 prefix base 10 integer (0-256). Must be of equal length to the corresponding IPv4 subnet list"},"private_subnet_names":{"default":[],"description":"Explicit values to use in the Name tag on private subnets. If empty, Name tags are generated"},"private_subnet_private_dns_hostname_type_on_launch":{"default":null,"description":"The type of hostnames to assign to instances in the subnet at launch. For IPv6-only subnets, an instance DNS name must be based on the instance ID. For dual-stack and IPv4-only subnets, you can specify whether DNS names use the instance IPv4 address or the instance ID. Valid values: `ip-name`, `resource-name`"},"private_subnet_suffix":{"default":"private","description":"Suffix to append to private subnets name"},"private_subnet_tags":{"default":{},"description":"Additional tags for the private subnets"},"private_subnet_tags_per_az":{"default":{},"description":"Additional tags for the private subnets where the primary key is the AZ"},"private_subnets":{"default":[],"description":"A list of private subnets inside the VPC"},"propagate_intra_route_tables_vgw":{"default":false,"description":"Should be true if you want route table propagation"},"propagate_private_route_tables_vgw":{"default":false,"description":"Should be true if you want route table propagation"},"propagate_public_route_tables_vgw":{"default":false,"description":"Should be true if you want route table propagation"},"public_acl_tags":{"default":{},"description":"Additional tags for the public subnets network ACL"},"public_dedicated_network_acl":{"default":false,"description":"Whether to use dedicated network ACL (not default) and custom rules for public subnets"},"public_inbound_acl_rules":{"default":[{"cidr_block":"0.0.0.0/0","from_port":"0","protocol":"-1","rule_action":"allow","rule_number":"100","to_port":"0"}],"description":"Public subnets inbound network ACLs"},"public_outbound_acl_rules":{"default":[{"cidr_block":"0.0.0.0/0","from_port":"0","protocol":"-1","rule_action":"allow","rule_number":"100","to_port":"0"}],"description":"Public subnets outbound network ACLs"},"public_route_table_tags":{"default":{},"description":"Additional tags for the public route tables"},"public_subnet_assign_ipv6_address_on_creation":{"default":false,"description":"Specify true to indicate that network interfaces created in the specified subnet should be assigned an IPv6 address. Default is `false`"},"public_subnet_enable_dns64":{"default":true,"description":"Indicates whether DNS queries made to the Amazon-provided DNS Resolver in this subnet should return synthetic IPv6 addresses for IPv4-only destinations. Default: `true`"},"public_subnet_enable_resource_name_dns_a_record_on_launch":{"default":false,"description":"Indicates whether to respond to DNS queries for instance hostnames with DNS A records. Default: `false`"},"public_subnet_enable_resource_name_dns_aaaa_record_on_launch":{"default":true,"description":"Indicates whether to respond to DNS queries for instance hostnames with DNS AAAA records. Default: `true`"},"public_subnet_ipv6_native":{"default":false,"description":"Indicates whether to create an IPv6-only subnet. Default: `false`"},"public_subnet_ipv6_prefixes":{"default":[],"description":"Assigns IPv6 public subnet id based on the Amazon provided /56 prefix base 10 integer (0-256). Must be of equal length to the corresponding IPv4 subnet list"},"public_subnet_names":{"default":[],"description":"Explicit values to use in the Name tag on public subnets. If empty, Name tags are generated"},"public_subnet_private_dns_hostname_type_on_launch":{"default":null,"description":"The type of hostnames to assign to instances in the subnet at launch. For IPv6-only subnets, an instance DNS name must be based on the instance ID. For dual-stack and IPv4-only subnets, you can specify whether DNS names use the instance IPv4 address or the instance ID. Valid values: `ip-name`, `resource-name`"},"public_subnet_suffix":{"default":"public","description":"Suffix to append to public subnets name"},"public_subnet_tags":{"default":{},"description":"Additional tags for the public subnets"},"public_subnet_tags_per_az":{"default":{},"description":"Additional tags for the public subnets where the primary key is the AZ"},"public_subnets":{"default":[],"description":"A list of public subnets inside the VPC"},"putin_khuylo":{"default":true,"description":"Do you agree that Putin doesn't respect Ukrainian sovereignty and territorial integrity? More info: https://en.wikipedia.org/wiki/Putin_khuylo!"},"redshift_acl_tags":{"default":{},"description":"Additional tags for the redshift subnets network ACL"},"redshift_dedicated_network_acl":{"default":false,"description":"Whether to use dedicated network ACL (not default) and custom rules for redshift subnets"},"redshift_inbound_acl_rules":{"default":[{"cidr_block":"0.0.0.0/0","from_port":"0","protocol":"-1","rule_action":"allow","rule_number":"100","to_port":"0"}],"description":"Redshift subnets inbound network ACL rules"},"redshift_outbound_acl_rules":{"default":[{"cidr_block":"0.0.0.0/0","from_port":"0","protocol":"-1","rule_action":"allow","rule_number":"100","to_port":"0"}],"description":"Redshift subnets outbound network ACL rules"},"redshift_route_table_tags":{"default":{},"description":"Additional tags for the redshift route tables"},"redshift_subnet_assign_ipv6_address_on_creation":{"default":false,"description":"Specify true to indicate that network interfaces created in the specified subnet should be assigned an IPv6 address. Default is `false`"},"redshift_subnet_enable_dns64":{"default":true,"description":"Indicates whether DNS queries made to the Amazon-provided DNS Resolver in this subnet should return synthetic IPv6 addresses for IPv4-only destinations. Default: `true`"},"redshift_subnet_enable_resource_name_dns_a_record_on_launch":{"default":false,"description":"Indicates whether to respond to DNS queries for instance hostnames with DNS A records. Default: `false`"},"redshift_subnet_enable_resource_name_dns_aaaa_record_on_launch":{"default":true,"description":"Indicates whether to respond to DNS queries for instance hostnames with DNS AAAA records. Default: `true`"},"redshift_subnet_group_name":{"default":null,"description":"Name of redshift subnet group"},"redshift_subnet_group_tags":{"default":{},"description":"Additional tags for the redshift subnet group"},"redshift_subnet_ipv6_native":{"default":false,"description":"Indicates whether to create an IPv6-only subnet. Default: `false`"},"redshift_subnet_ipv6_prefixes":{"default":[],"description":"Assigns IPv6 redshift subnet id based on the Amazon provided /56 prefix base 10 integer (0-256). Must be of equal length to the corresponding IPv4 subnet list"},"redshift_subnet_names":{"default":[],"description":"Explicit values to use in the Name tag on redshift subnets. If empty, Name tags are generated"},"redshift_subnet_private_dns_hostname_type_on_launch":{"default":null,"description":"The type of hostnames to assign to instances in the subnet at launch. For IPv6-only subnets, an instance DNS name must be based on the instance ID. For dual-stack and IPv4-only subnets, you can specify whether DNS names use the instance IPv4 address or the instance ID. Valid values: `ip-name`, `resource-name`"},"redshift_subnet_suffix":{"default":"redshift","description":"Suffix to append to redshift subnets name"},"redshift_subnet_tags":{"default":{},"description":"Additional tags for the redshift subnets"},"redshift_subnets":{"default":[],"description":"A list of redshift subnets inside the VPC"},"region":{"default":null,"description":"Region where the resource(s) will be managed. Defaults to the region set in the provider configuration"},"reuse_nat_ips":{"default":false,"description":"Should be true if you don't want EIPs to be created for your NAT Gateways and will instead pass them in via the 'external_nat_ip_ids' variable"},"secondary_cidr_blocks":{"default":[],"description":"List of secondary CIDR blocks to associate with the VPC to extend the IP Address pool"},"single_nat_gateway":{"default":false,"description":"Should be true if you want to provision a single shared NAT Gateway across all of your private networks"},"tags":{"default":{},"description":"A map of tags to add to all resources"},"use_ipam_pool":{"default":false,"description":"Determines whether IPAM pool is used for CIDR allocation"},"vpc_block_public_access_exclusions":{"default":{},"description":"A map of VPC block public access exclusions"},"vpc_block_public_access_options":{"default":{},"description":"A map of VPC block public access options"},"vpc_flow_log_iam_policy_name":{"default":"vpc-flow-log-to-cloudwatch","description":"Name of the IAM policy"},"vpc_flow_log_iam_policy_use_name_prefix":{"default":true,"description":"Determines whether the name of the IAM policy (`vpc_flow_log_iam_policy_name`) is used as a prefix"},"vpc_flow_log_iam_role_name":{"default":"vpc-flow-log-role","description":"Name to use on the VPC Flow Log IAM role created"},"vpc_flow_log_iam_role_path":{"default":null,"description":"The path for the VPC Flow Log IAM Role"},"vpc_flow_log_iam_role_use_name_prefix":{"default":true,"description":"Determines whether the IAM role name (`vpc_flow_log_iam_role_name_name`) is used as a prefix"},"vpc_flow_log_permissions_boundary":{"default":null,"description":"The ARN of the Permissions Boundary for the VPC Flow Log IAM Role"},"vpc_flow_log_tags":{"default":{},"description":"Additional tags for the VPC Flow Logs"},"vpc_tags":{"default":{},"description":"Additional tags for the VPC"},"vpn_gateway_az":{"default":null,"description":"The Availability Zone for the VPN Gateway"},"vpn_gateway_id":{"default":"","description":"ID of VPN Gateway to attach to the VPC"},"vpn_gateway_tags":{"default":{},"description":"Additional tags for the VPN gateway"}}}}},"variables":{"AWS_Region":{"default":"eu-central-1"},"AWS_Zone-a":{"default":"eu-central-1a"},"AWS_Zone-b":{"default":"eu-central-1b"},"AWS_Zone-c":{"default":"eu-central-1c"},"Private_Subnet_CIDR":{"default":["10.0.4.0/24","10.0.5.0/24","10.0.6.0/24"]},"Public_Subnet_CIDR":{"default":["10.0.0.0/24","10.0.1.0/24","10.0.2.0/24"]},"S3_Bucket_Name":{"default":"s3-terraform-2026-java-artifacts1598"},"VPC_CIDR":{"default":"10.0.0.0/16"},"VPC_Name":{"default":"Eprofile-VPC"},"bastion_host_username":{"default":"ubuntu"},"db_name":{"default":"accounts"},"db_password":{"default":"admin123"},"db_user_name":{"default":"admin"},"priv_key_path":{"default":"bean-stack-key"},"pub_key_path":{"default":"bean-stack-key.pub"},"rmq_password":{"default":"Gr33n@pple123456"},"rmq_user":{"default":"rabbit"}}}},"relevant_attributes":[{"resource":"aws_security_group.Bastion-SG","attribute":["id"]},{"resource":"module.vpc.aws_vpc.this[0]","attribute":["ipv6_cidr_block"]},{"resource":"aws_codebuild_project.vprofile_build","attribute":["name"]},{"resource":"aws_elastic_beanstalk_application.Eprofile_bean_app","attribute":["name"]},{"resource":"module.vpc.aws_nat_gateway.this","attribute":[]},{"resource":"module.vpc.aws_route_table.redshift","attribute":[]},{"resource":"aws_iam_role.codebuild_role","attribute":["id"]},{"resource":"module.vpc.aws_egress_only_internet_gateway.this","attribute":[]},{"resource":"module.vpc.aws_route_table_association.private","attribute":[]},{"resource":"module.vpc.aws_vpc.this[0]","attribute":["enable_dns_support"]},{"resource":"aws_elastic_beanstalk_environment.elbeanstalk_env","attribute":["name"]},{"resource":"aws_elasticache_cluster.ElastiCache","attribute":["cluster_address"]},{"resource":"aws_security_group.Load-Balancer-SG","attribute":["id"]},{"resource":"module.vpc.aws_route_table.database","attribute":[]},{"resource":"module.vpc.aws_internet_gateway.this[0]","attribute":["arn"]},{"resource":"module.vpc.aws_vpc.this[0]","attribute":["ipv6_association_id"]},{"resource":"aws_iam_role.codepipeline_role","attribute":["id"]},{"resource":"module.vpc.aws_subnet.elasticache","attribute":[]},{"resource":"aws_iam_role.beanstalk_ec2","attribute":["name"]},{"resource":"module.vpc.aws_vpc.this[0]","attribute":["default_route_table_id"]},{"resource":"aws_codestarconnections_connection.github_connection","attribute":["arn"]},{"resource":"module.vpc.aws_route_table.private","attribute":[]},{"resource":"module.vpc.aws_subnet.outpost","attribute":[]},{"resource":"aws_iam_role.codebuild_role","attribute":["arn"]},{"resource":"module.vpc.aws_route.private_ipv6_egress","attribute":[]},{"resource":"module.vpc.aws_route_table.elasticache","attribute":[]},{"resource":"module.vpc.aws_vpc.this[0]","attribute":["arn"]},{"resource":"data.aws_ami.ubuntu22","attribute":["id"]},{"resource":"module.vpc.aws_cloudwatch_log_group.flow_log[0]","attribute":["arn"]},{"resource":"module.vpc.aws_route_table_association.elasticache","attribute":[]},{"resource":"module.vpc.aws_route_table_association.intra","attribute":[]},{"resource":"aws_db_instance.RDS","attribute":["address"]},{"resource":"module.vpc.aws_route_table.public","attribute":[]},{"resource":"aws_s3_bucket.codepipeline_bucket","attribute":["bucket"]},{"resource":"module.vpc.aws_route_table_association.redshift_public","attribute":[]},{"resource":"aws_instance.bastion[0]","attribute":["public_ip"]},{"resource":"module.vpc.aws_vpc_block_public_access_exclusion.this","attribute":[]},{"resource":"aws_elasticache_subnet_group.ElastiCache_subnet_group","attribute":["name"]},{"resource":"module.vpc.aws_vpc.this[0]","attribute":["default_network_acl_id"]},{"resource":"aws_iam_role.codepipeline_role","attribute":["arn"]},{"resource":"aws_security_group.Data-SG","attribute":["id"]},{"resource":"module.vpc.aws_subnet.database","attribute":[]},{"resource":"aws_key_pair.EC2_Key_Pair","attribute":["key_name"]},{"resource":"module.vpc.aws_subnet.intra","attribute":[]},{"resource":"aws_security_group.Tomcat-SG","attribute":["id"]},{"resource":"module.vpc.aws_subnet.private","attribute":[]},{"resource":"module.vpc.aws_route_table_association.database","attribute":[]},{"resource":"aws_mq_broker.RabbitMQ","attribute":["instances",0,"endpoints",0]},{"resource":"aws_elasticache_cluster.ElastiCache","attribute":["configuration_endpoint"]},{"resource":"aws_mq_broker.RabbitMQ","attribute":["instances",0,"endpoints"]},{"resource":"module.vpc.aws_vpc.this[0]","attribute":["enable_dns_hostnames"]},{"resource":"module.vpc.aws_vpc.this[0]","attribute":["instance_tenancy"]},{"resource":"module.vpc.aws_vpc.this[0]","attribute":["main_route_table_id"]},{"resource":"module.vpc.aws_eip.nat","attribute":[]},{"resource":"module.vpc.aws_vpc.this[0]","attribute":["default_security_group_id"]},{"resource":"module.vpc.aws_customer_gateway.this","attribute":[]},{"resource":"module.vpc.aws_internet_gateway.this[0]","attribute":["id"]},{"resource":"module.vpc.aws_route_table_association.public","attribute":[]},{"resource":"aws_db_subnet_group.RDS_subnet_group","attribute":["name"]},{"resource":"aws_elastic_beanstalk_environment.elbeanstalk_env","attribute":["endpoint_url"]},{"resource":"module.vpc.aws_subnet.redshift","attribute":[]},{"resource":"random_id.bucket_suffix","attribute":["hex"]},{"resource":"module.vpc.aws_vpc_ipv4_cidr_block_association.this","attribute":[]},{"resource":"module.vpc.aws_route_table.intra","attribute":[]},{"resource":"module.vpc.aws_vpc.this[0]","attribute":["cidr_block"]},{"resource":"module.vpc.aws_vpc_ipv4_cidr_block_association.this[0]","attribute":["vpc_id"]},{"resource":"module.vpc.aws_subnet.public","attribute":[]},{"resource":"module.vpc.aws_vpc.this[0]","attribute":["owner_id"]},{"resource":"aws_iam_role.beanstalk_service","attribute":["name"]},{"resource":"module.vpc.aws_vpc.this[0]","attribute":["id"]},{"resource":"module.vpc.aws_route.database_nat_gateway","attribute":[]},{"resource":"module.vpc.aws_route.public_internet_gateway[0]","attribute":["id"]},{"resource":"module.vpc.aws_route_table_association.redshift","attribute":[]},{"resource":"aws_iam_instance_profile.beanstalk_ec2_profile","attribute":["name"]},{"resource":"module.vpc.aws_route.private_nat_gateway","attribute":[]},{"resource":"module.vpc.aws_iam_role.vpc_flow_log_cloudwatch[0]","attribute":["arn"]}],"timestamp":"2026-02-13T17:47:54Z","applyable":true,"complete":true,"errored":false}
